[0m[1mvar.kms_key_arn[0m
  KMS ARN from bootstrap

  [1mEnter a value:[0m [0m
[0m[1mmodule.common.data.tls_certificate.github: Reading...[0m[0m
[0m[1mdata.aws_caller_identity.current: Reading...[0m[0m
[0m[1mmodule.vpc.data.aws_ami.al2023: Reading...[0m[0m
[0m[1mmodule.common.data.aws_ssoadmin_instances.this: Reading...[0m[0m
[0m[1mdata.aws_kms_alias.infra_key: Reading...[0m[0m
[0m[1mmodule.common.data.aws_caller_identity.current: Reading...[0m[0m
[0m[1mmodule.s3.data.aws_caller_identity.current: Reading...[0m[0m
[0m[1mmodule.common.data.aws_kms_alias.infra_key: Reading...[0m[0m
[0m[1mdata.aws_caller_identity.current: Read complete after 0s [id=632941626317][0m
[0m[1mmodule.ecs.data.aws_ecr_repository.service_ecr["order"]: Reading...[0m[0m
[0m[1mmodule.ecs.data.aws_ecr_repository.service_ecr["payment"]: Reading...[0m[0m
[0m[1mmodule.common.data.aws_caller_identity.current: Read complete after 0s [id=632941626317][0m
[0m[1mmodule.ecs.data.aws_ecr_repository.service_ecr["product"]: Reading...[0m[0m
[0m[1mmodule.s3.data.aws_caller_identity.current: Read complete after 0s [id=632941626317][0m
[0m[1mmodule.ecs.data.aws_ecr_repository.service_ecr["user"]: Reading...[0m[0m
[0m[1mdata.aws_kms_alias.infra_key: Read complete after 0s [id=arn:aws:kms:ap-northeast-2:632941626317:alias/unbox/dev/main-key][0m
[0m[1mmodule.common.data.aws_kms_alias.infra_key: Read complete after 0s [id=arn:aws:kms:ap-northeast-2:632941626317:alias/unbox/dev/main-key][0m
[0m[1mmodule.ecs.data.aws_ecr_repository.service_ecr["trade"]: Reading...[0m[0m
[0m[1mdata.aws_region.current: Reading...[0m[0m
[0m[1mdata.aws_region.current: Read complete after 0s [id=ap-northeast-2][0m
[0m[1mmodule.common.data.aws_ssoadmin_instances.this: Read complete after 0s [id=ap-northeast-2][0m
[0m[1mmodule.ecs.data.aws_ecr_repository.service_ecr["order"]: Read complete after 0s [id=unbox-prod-order-repo][0m
[0m[1mmodule.common.data.tls_certificate.github: Read complete after 1s [id=772ed8785f2c647baa040d3a1b4aa6cafacb6267][0m
[0m[1mmodule.ecs.data.aws_ecr_repository.service_ecr["payment"]: Read complete after 0s [id=unbox-prod-payment-repo][0m
[0m[1mmodule.ecs.data.aws_ecr_repository.service_ecr["product"]: Read complete after 0s [id=unbox-prod-product-repo][0m
[0m[1mmodule.ecs.data.aws_ecr_repository.service_ecr["user"]: Read complete after 0s [id=unbox-prod-user-repo][0m
[0m[1mmodule.ecs.data.aws_ecr_repository.service_ecr["trade"]: Read complete after 0s [id=unbox-prod-trade-repo][0m
[0m[1mmodule.vpc.data.aws_ami.al2023: Read complete after 0s [id=ami-03fd85ef2fae79c05][0m

Terraform used the selected providers to generate the following execution
plan. Resource actions are indicated with the following symbols:
  [32m+[0m create[0m
 [36m<=[0m read (data resources)[0m

Terraform will perform the following actions:

[1m  # data.aws_ssm_parameter.db_password[0m will be read during apply
  # (depends on a resource or a module with changes pending)
[0m [36m<=[0m[0m data "aws_ssm_parameter" "db_password" {
      [32m+[0m[0m arn            = (known after apply)
      [32m+[0m[0m id             = (known after apply)
      [32m+[0m[0m insecure_value = (known after apply)
      [32m+[0m[0m name           = "/unbox/prod/user/DB_PASSWORD"
      [32m+[0m[0m region         = (known after apply)
      [32m+[0m[0m type           = (known after apply)
      [32m+[0m[0m value          = (sensitive value)
      [32m+[0m[0m version        = (known after apply)
    }

[1m  # module.alb.aws_lb.this[0m will be created
[0m  [32m+[0m[0m resource "aws_lb" "this" {
      [32m+[0m[0m arn                                                          = (known after apply)
      [32m+[0m[0m arn_suffix                                                   = (known after apply)
      [32m+[0m[0m client_keep_alive                                            = 3600
      [32m+[0m[0m desync_mitigation_mode                                       = "defensive"
      [32m+[0m[0m dns_name                                                     = (known after apply)
      [32m+[0m[0m drop_invalid_header_fields                                   = false
      [32m+[0m[0m enable_deletion_protection                                   = false
      [32m+[0m[0m enable_http2                                                 = true
      [32m+[0m[0m enable_tls_version_and_cipher_suite_headers                  = false
      [32m+[0m[0m enable_waf_fail_open                                         = false
      [32m+[0m[0m enable_xff_client_port                                       = false
      [32m+[0m[0m enable_zonal_shift                                           = false
      [32m+[0m[0m enforce_security_group_inbound_rules_on_private_link_traffic = (known after apply)
      [32m+[0m[0m id                                                           = (known after apply)
      [32m+[0m[0m idle_timeout                                                 = 60
      [32m+[0m[0m internal                                                     = false
      [32m+[0m[0m ip_address_type                                              = (known after apply)
      [32m+[0m[0m load_balancer_type                                           = "application"
      [32m+[0m[0m name                                                         = "unbox-prod-alb"
      [32m+[0m[0m name_prefix                                                  = (known after apply)
      [32m+[0m[0m preserve_host_header                                         = false
      [32m+[0m[0m region                                                       = "ap-northeast-2"
      [32m+[0m[0m secondary_ips_auto_assigned_per_subnet                       = (known after apply)
      [32m+[0m[0m security_groups                                              = (known after apply)
      [32m+[0m[0m subnets                                                      = (known after apply)
      [32m+[0m[0m tags                                                         = {
          [32m+[0m[0m "Name" = "unbox-prod-alb"
        }
      [32m+[0m[0m tags_all                                                     = {
          [32m+[0m[0m "Name" = "unbox-prod-alb"
        }
      [32m+[0m[0m vpc_id                                                       = (known after apply)
      [32m+[0m[0m xff_header_processing_mode                                   = "append"
      [32m+[0m[0m zone_id                                                      = (known after apply)
    }

[1m  # module.alb.aws_lb_listener.http[0m will be created
[0m  [32m+[0m[0m resource "aws_lb_listener" "http" {
      [32m+[0m[0m arn                                                                   = (known after apply)
      [32m+[0m[0m id                                                                    = (known after apply)
      [32m+[0m[0m load_balancer_arn                                                     = (known after apply)
      [32m+[0m[0m port                                                                  = 80
      [32m+[0m[0m protocol                                                              = "HTTP"
      [32m+[0m[0m region                                                                = "ap-northeast-2"
      [32m+[0m[0m routing_http_request_x_amzn_mtls_clientcert_header_name               = (known after apply)
      [32m+[0m[0m routing_http_request_x_amzn_mtls_clientcert_issuer_header_name        = (known after apply)
      [32m+[0m[0m routing_http_request_x_amzn_mtls_clientcert_leaf_header_name          = (known after apply)
      [32m+[0m[0m routing_http_request_x_amzn_mtls_clientcert_serial_number_header_name = (known after apply)
      [32m+[0m[0m routing_http_request_x_amzn_mtls_clientcert_subject_header_name       = (known after apply)
      [32m+[0m[0m routing_http_request_x_amzn_mtls_clientcert_validity_header_name      = (known after apply)
      [32m+[0m[0m routing_http_request_x_amzn_tls_cipher_suite_header_name              = (known after apply)
      [32m+[0m[0m routing_http_request_x_amzn_tls_version_header_name                   = (known after apply)
      [32m+[0m[0m routing_http_response_access_control_allow_credentials_header_value   = (known after apply)
      [32m+[0m[0m routing_http_response_access_control_allow_headers_header_value       = (known after apply)
      [32m+[0m[0m routing_http_response_access_control_allow_methods_header_value       = (known after apply)
      [32m+[0m[0m routing_http_response_access_control_allow_origin_header_value        = (known after apply)
      [32m+[0m[0m routing_http_response_access_control_expose_headers_header_value      = (known after apply)
      [32m+[0m[0m routing_http_response_access_control_max_age_header_value             = (known after apply)
      [32m+[0m[0m routing_http_response_content_security_policy_header_value            = (known after apply)
      [32m+[0m[0m routing_http_response_server_enabled                                  = (known after apply)
      [32m+[0m[0m routing_http_response_strict_transport_security_header_value          = (known after apply)
      [32m+[0m[0m routing_http_response_x_content_type_options_header_value             = (known after apply)
      [32m+[0m[0m routing_http_response_x_frame_options_header_value                    = (known after apply)
      [32m+[0m[0m ssl_policy                                                            = (known after apply)
      [32m+[0m[0m tags_all                                                              = (known after apply)
      [32m+[0m[0m tcp_idle_timeout_seconds                                              = (known after apply)

      [32m+[0m[0m default_action {
          [32m+[0m[0m order = (known after apply)
          [32m+[0m[0m type  = "fixed-response"

          [32m+[0m[0m fixed_response {
              [32m+[0m[0m content_type = "text/plain"
              [32m+[0m[0m message_body = "404: Not Found"
              [32m+[0m[0m status_code  = "404"
            }
        }
    }

[1m  # module.alb.aws_lb_listener_rule.services["order"][0m will be created
[0m  [32m+[0m[0m resource "aws_lb_listener_rule" "services" {
      [32m+[0m[0m arn          = (known after apply)
      [32m+[0m[0m id           = (known after apply)
      [32m+[0m[0m listener_arn = (known after apply)
      [32m+[0m[0m priority     = 10
      [32m+[0m[0m region       = "ap-northeast-2"
      [32m+[0m[0m tags_all     = (known after apply)

      [32m+[0m[0m action {
          [32m+[0m[0m order            = (known after apply)
          [32m+[0m[0m target_group_arn = (known after apply)
          [32m+[0m[0m type             = "forward"
        }

      [32m+[0m[0m condition {
          [32m+[0m[0m path_pattern {
              [32m+[0m[0m regex_values = []
              [32m+[0m[0m values       = [
                  [32m+[0m[0m "/order/*",
                ]
            }
        }
    }

[1m  # module.alb.aws_lb_listener_rule.services["payment"][0m will be created
[0m  [32m+[0m[0m resource "aws_lb_listener_rule" "services" {
      [32m+[0m[0m arn          = (known after apply)
      [32m+[0m[0m id           = (known after apply)
      [32m+[0m[0m listener_arn = (known after apply)
      [32m+[0m[0m priority     = 11
      [32m+[0m[0m region       = "ap-northeast-2"
      [32m+[0m[0m tags_all     = (known after apply)

      [32m+[0m[0m action {
          [32m+[0m[0m order            = (known after apply)
          [32m+[0m[0m target_group_arn = (known after apply)
          [32m+[0m[0m type             = "forward"
        }

      [32m+[0m[0m condition {
          [32m+[0m[0m path_pattern {
              [32m+[0m[0m regex_values = []
              [32m+[0m[0m values       = [
                  [32m+[0m[0m "/payment/*",
                ]
            }
        }
    }

[1m  # module.alb.aws_lb_listener_rule.services["product"][0m will be created
[0m  [32m+[0m[0m resource "aws_lb_listener_rule" "services" {
      [32m+[0m[0m arn          = (known after apply)
      [32m+[0m[0m id           = (known after apply)
      [32m+[0m[0m listener_arn = (known after apply)
      [32m+[0m[0m priority     = 12
      [32m+[0m[0m region       = "ap-northeast-2"
      [32m+[0m[0m tags_all     = (known after apply)

      [32m+[0m[0m action {
          [32m+[0m[0m order            = (known after apply)
          [32m+[0m[0m target_group_arn = (known after apply)
          [32m+[0m[0m type             = "forward"
        }

      [32m+[0m[0m condition {
          [32m+[0m[0m path_pattern {
              [32m+[0m[0m regex_values = []
              [32m+[0m[0m values       = [
                  [32m+[0m[0m "/product/*",
                ]
            }
        }
    }

[1m  # module.alb.aws_lb_listener_rule.services["trade"][0m will be created
[0m  [32m+[0m[0m resource "aws_lb_listener_rule" "services" {
      [32m+[0m[0m arn          = (known after apply)
      [32m+[0m[0m id           = (known after apply)
      [32m+[0m[0m listener_arn = (known after apply)
      [32m+[0m[0m priority     = 13
      [32m+[0m[0m region       = "ap-northeast-2"
      [32m+[0m[0m tags_all     = (known after apply)

      [32m+[0m[0m action {
          [32m+[0m[0m order            = (known after apply)
          [32m+[0m[0m target_group_arn = (known after apply)
          [32m+[0m[0m type             = "forward"
        }

      [32m+[0m[0m condition {
          [32m+[0m[0m path_pattern {
              [32m+[0m[0m regex_values = []
              [32m+[0m[0m values       = [
                  [32m+[0m[0m "/trade/*",
                ]
            }
        }
    }

[1m  # module.alb.aws_lb_listener_rule.services["user"][0m will be created
[0m  [32m+[0m[0m resource "aws_lb_listener_rule" "services" {
      [32m+[0m[0m arn          = (known after apply)
      [32m+[0m[0m id           = (known after apply)
      [32m+[0m[0m listener_arn = (known after apply)
      [32m+[0m[0m priority     = 14
      [32m+[0m[0m region       = "ap-northeast-2"
      [32m+[0m[0m tags_all     = (known after apply)

      [32m+[0m[0m action {
          [32m+[0m[0m order            = (known after apply)
          [32m+[0m[0m target_group_arn = (known after apply)
          [32m+[0m[0m type             = "forward"
        }

      [32m+[0m[0m condition {
          [32m+[0m[0m path_pattern {
              [32m+[0m[0m regex_values = []
              [32m+[0m[0m values       = [
                  [32m+[0m[0m "/user/*",
                ]
            }
        }
    }

[1m  # module.alb.aws_lb_target_group.services["order"][0m will be created
[0m  [32m+[0m[0m resource "aws_lb_target_group" "services" {
      [32m+[0m[0m arn                                = (known after apply)
      [32m+[0m[0m arn_suffix                         = (known after apply)
      [32m+[0m[0m connection_termination             = (known after apply)
      [32m+[0m[0m deregistration_delay               = "300"
      [32m+[0m[0m id                                 = (known after apply)
      [32m+[0m[0m ip_address_type                    = (known after apply)
      [32m+[0m[0m lambda_multi_value_headers_enabled = false
      [32m+[0m[0m load_balancer_arns                 = (known after apply)
      [32m+[0m[0m load_balancing_algorithm_type      = (known after apply)
      [32m+[0m[0m load_balancing_anomaly_mitigation  = (known after apply)
      [32m+[0m[0m load_balancing_cross_zone_enabled  = (known after apply)
      [32m+[0m[0m name                               = "unbox-prod-order-tg"
      [32m+[0m[0m name_prefix                        = (known after apply)
      [32m+[0m[0m port                               = 80
      [32m+[0m[0m preserve_client_ip                 = (known after apply)
      [32m+[0m[0m protocol                           = "HTTP"
      [32m+[0m[0m protocol_version                   = (known after apply)
      [32m+[0m[0m proxy_protocol_v2                  = false
      [32m+[0m[0m region                             = "ap-northeast-2"
      [32m+[0m[0m slow_start                         = 0
      [32m+[0m[0m tags_all                           = (known after apply)
      [32m+[0m[0m target_type                        = "ip"
      [32m+[0m[0m vpc_id                             = (known after apply)

      [32m+[0m[0m health_check {
          [32m+[0m[0m enabled             = true
          [32m+[0m[0m healthy_threshold   = 3
          [32m+[0m[0m interval            = 30
          [32m+[0m[0m matcher             = "200"
          [32m+[0m[0m path                = "/actuator/health"
          [32m+[0m[0m port                = "traffic-port"
          [32m+[0m[0m protocol            = "HTTP"
          [32m+[0m[0m timeout             = 5
          [32m+[0m[0m unhealthy_threshold = 2
        }
    }

[1m  # module.alb.aws_lb_target_group.services["payment"][0m will be created
[0m  [32m+[0m[0m resource "aws_lb_target_group" "services" {
      [32m+[0m[0m arn                                = (known after apply)
      [32m+[0m[0m arn_suffix                         = (known after apply)
      [32m+[0m[0m connection_termination             = (known after apply)
      [32m+[0m[0m deregistration_delay               = "300"
      [32m+[0m[0m id                                 = (known after apply)
      [32m+[0m[0m ip_address_type                    = (known after apply)
      [32m+[0m[0m lambda_multi_value_headers_enabled = false
      [32m+[0m[0m load_balancer_arns                 = (known after apply)
      [32m+[0m[0m load_balancing_algorithm_type      = (known after apply)
      [32m+[0m[0m load_balancing_anomaly_mitigation  = (known after apply)
      [32m+[0m[0m load_balancing_cross_zone_enabled  = (known after apply)
      [32m+[0m[0m name                               = "unbox-prod-payment-tg"
      [32m+[0m[0m name_prefix                        = (known after apply)
      [32m+[0m[0m port                               = 80
      [32m+[0m[0m preserve_client_ip                 = (known after apply)
      [32m+[0m[0m protocol                           = "HTTP"
      [32m+[0m[0m protocol_version                   = (known after apply)
      [32m+[0m[0m proxy_protocol_v2                  = false
      [32m+[0m[0m region                             = "ap-northeast-2"
      [32m+[0m[0m slow_start                         = 0
      [32m+[0m[0m tags_all                           = (known after apply)
      [32m+[0m[0m target_type                        = "ip"
      [32m+[0m[0m vpc_id                             = (known after apply)

      [32m+[0m[0m health_check {
          [32m+[0m[0m enabled             = true
          [32m+[0m[0m healthy_threshold   = 3
          [32m+[0m[0m interval            = 30
          [32m+[0m[0m matcher             = "200"
          [32m+[0m[0m path                = "/actuator/health"
          [32m+[0m[0m port                = "traffic-port"
          [32m+[0m[0m protocol            = "HTTP"
          [32m+[0m[0m timeout             = 5
          [32m+[0m[0m unhealthy_threshold = 2
        }
    }

[1m  # module.alb.aws_lb_target_group.services["product"][0m will be created
[0m  [32m+[0m[0m resource "aws_lb_target_group" "services" {
      [32m+[0m[0m arn                                = (known after apply)
      [32m+[0m[0m arn_suffix                         = (known after apply)
      [32m+[0m[0m connection_termination             = (known after apply)
      [32m+[0m[0m deregistration_delay               = "300"
      [32m+[0m[0m id                                 = (known after apply)
      [32m+[0m[0m ip_address_type                    = (known after apply)
      [32m+[0m[0m lambda_multi_value_headers_enabled = false
      [32m+[0m[0m load_balancer_arns                 = (known after apply)
      [32m+[0m[0m load_balancing_algorithm_type      = (known after apply)
      [32m+[0m[0m load_balancing_anomaly_mitigation  = (known after apply)
      [32m+[0m[0m load_balancing_cross_zone_enabled  = (known after apply)
      [32m+[0m[0m name                               = "unbox-prod-product-tg"
      [32m+[0m[0m name_prefix                        = (known after apply)
      [32m+[0m[0m port                               = 80
      [32m+[0m[0m preserve_client_ip                 = (known after apply)
      [32m+[0m[0m protocol                           = "HTTP"
      [32m+[0m[0m protocol_version                   = (known after apply)
      [32m+[0m[0m proxy_protocol_v2                  = false
      [32m+[0m[0m region                             = "ap-northeast-2"
      [32m+[0m[0m slow_start                         = 0
      [32m+[0m[0m tags_all                           = (known after apply)
      [32m+[0m[0m target_type                        = "ip"
      [32m+[0m[0m vpc_id                             = (known after apply)

      [32m+[0m[0m health_check {
          [32m+[0m[0m enabled             = true
          [32m+[0m[0m healthy_threshold   = 3
          [32m+[0m[0m interval            = 30
          [32m+[0m[0m matcher             = "200"
          [32m+[0m[0m path                = "/actuator/health"
          [32m+[0m[0m port                = "traffic-port"
          [32m+[0m[0m protocol            = "HTTP"
          [32m+[0m[0m timeout             = 5
          [32m+[0m[0m unhealthy_threshold = 2
        }
    }

[1m  # module.alb.aws_lb_target_group.services["trade"][0m will be created
[0m  [32m+[0m[0m resource "aws_lb_target_group" "services" {
      [32m+[0m[0m arn                                = (known after apply)
      [32m+[0m[0m arn_suffix                         = (known after apply)
      [32m+[0m[0m connection_termination             = (known after apply)
      [32m+[0m[0m deregistration_delay               = "300"
      [32m+[0m[0m id                                 = (known after apply)
      [32m+[0m[0m ip_address_type                    = (known after apply)
      [32m+[0m[0m lambda_multi_value_headers_enabled = false
      [32m+[0m[0m load_balancer_arns                 = (known after apply)
      [32m+[0m[0m load_balancing_algorithm_type      = (known after apply)
      [32m+[0m[0m load_balancing_anomaly_mitigation  = (known after apply)
      [32m+[0m[0m load_balancing_cross_zone_enabled  = (known after apply)
      [32m+[0m[0m name                               = "unbox-prod-trade-tg"
      [32m+[0m[0m name_prefix                        = (known after apply)
      [32m+[0m[0m port                               = 80
      [32m+[0m[0m preserve_client_ip                 = (known after apply)
      [32m+[0m[0m protocol                           = "HTTP"
      [32m+[0m[0m protocol_version                   = (known after apply)
      [32m+[0m[0m proxy_protocol_v2                  = false
      [32m+[0m[0m region                             = "ap-northeast-2"
      [32m+[0m[0m slow_start                         = 0
      [32m+[0m[0m tags_all                           = (known after apply)
      [32m+[0m[0m target_type                        = "ip"
      [32m+[0m[0m vpc_id                             = (known after apply)

      [32m+[0m[0m health_check {
          [32m+[0m[0m enabled             = true
          [32m+[0m[0m healthy_threshold   = 3
          [32m+[0m[0m interval            = 30
          [32m+[0m[0m matcher             = "200"
          [32m+[0m[0m path                = "/actuator/health"
          [32m+[0m[0m port                = "traffic-port"
          [32m+[0m[0m protocol            = "HTTP"
          [32m+[0m[0m timeout             = 5
          [32m+[0m[0m unhealthy_threshold = 2
        }
    }

[1m  # module.alb.aws_lb_target_group.services["user"][0m will be created
[0m  [32m+[0m[0m resource "aws_lb_target_group" "services" {
      [32m+[0m[0m arn                                = (known after apply)
      [32m+[0m[0m arn_suffix                         = (known after apply)
      [32m+[0m[0m connection_termination             = (known after apply)
      [32m+[0m[0m deregistration_delay               = "300"
      [32m+[0m[0m id                                 = (known after apply)
      [32m+[0m[0m ip_address_type                    = (known after apply)
      [32m+[0m[0m lambda_multi_value_headers_enabled = false
      [32m+[0m[0m load_balancer_arns                 = (known after apply)
      [32m+[0m[0m load_balancing_algorithm_type      = (known after apply)
      [32m+[0m[0m load_balancing_anomaly_mitigation  = (known after apply)
      [32m+[0m[0m load_balancing_cross_zone_enabled  = (known after apply)
      [32m+[0m[0m name                               = "unbox-prod-user-tg"
      [32m+[0m[0m name_prefix                        = (known after apply)
      [32m+[0m[0m port                               = 80
      [32m+[0m[0m preserve_client_ip                 = (known after apply)
      [32m+[0m[0m protocol                           = "HTTP"
      [32m+[0m[0m protocol_version                   = (known after apply)
      [32m+[0m[0m proxy_protocol_v2                  = false
      [32m+[0m[0m region                             = "ap-northeast-2"
      [32m+[0m[0m slow_start                         = 0
      [32m+[0m[0m tags_all                           = (known after apply)
      [32m+[0m[0m target_type                        = "ip"
      [32m+[0m[0m vpc_id                             = (known after apply)

      [32m+[0m[0m health_check {
          [32m+[0m[0m enabled             = true
          [32m+[0m[0m healthy_threshold   = 3
          [32m+[0m[0m interval            = 30
          [32m+[0m[0m matcher             = "200"
          [32m+[0m[0m path                = "/actuator/health"
          [32m+[0m[0m port                = "traffic-port"
          [32m+[0m[0m protocol            = "HTTP"
          [32m+[0m[0m timeout             = 5
          [32m+[0m[0m unhealthy_threshold = 2
        }
    }

[1m  # module.common.aws_cloudtrail.main[0m will be created
[0m  [32m+[0m[0m resource "aws_cloudtrail" "main" {
      [32m+[0m[0m arn                           = (known after apply)
      [32m+[0m[0m cloud_watch_logs_group_arn    = (known after apply)
      [32m+[0m[0m cloud_watch_logs_role_arn     = (known after apply)
      [32m+[0m[0m enable_log_file_validation    = true
      [32m+[0m[0m enable_logging                = true
      [32m+[0m[0m home_region                   = (known after apply)
      [32m+[0m[0m id                            = (known after apply)
      [32m+[0m[0m include_global_service_events = true
      [32m+[0m[0m is_multi_region_trail         = true
      [32m+[0m[0m is_organization_trail         = false
      [32m+[0m[0m name                          = "unbox-prod-trail"
      [32m+[0m[0m region                        = "ap-northeast-2"
      [32m+[0m[0m s3_bucket_name                = (known after apply)
      [32m+[0m[0m sns_topic_arn                 = (known after apply)
      [32m+[0m[0m tags                          = {
          [32m+[0m[0m "Name" = "unbox-trail"
        }
      [32m+[0m[0m tags_all                      = {
          [32m+[0m[0m "Name" = "unbox-trail"
        }
    }

[1m  # module.common.aws_cloudwatch_log_group.cloudtrail[0m will be created
[0m  [32m+[0m[0m resource "aws_cloudwatch_log_group" "cloudtrail" {
      [32m+[0m[0m arn                         = (known after apply)
      [32m+[0m[0m deletion_protection_enabled = (known after apply)
      [32m+[0m[0m id                          = (known after apply)
      [32m+[0m[0m log_group_class             = (known after apply)
      [32m+[0m[0m name                        = "/aws/cloudtrail/unbox-prod-trail-logs"
      [32m+[0m[0m name_prefix                 = (known after apply)
      [32m+[0m[0m region                      = "ap-northeast-2"
      [32m+[0m[0m retention_in_days           = 30
      [32m+[0m[0m skip_destroy                = false
      [32m+[0m[0m tags_all                    = (known after apply)
    }

[1m  # module.common.aws_cloudwatch_log_group.services["order"][0m will be created
[0m  [32m+[0m[0m resource "aws_cloudwatch_log_group" "services" {
      [32m+[0m[0m arn                         = (known after apply)
      [32m+[0m[0m deletion_protection_enabled = (known after apply)
      [32m+[0m[0m id                          = (known after apply)
      [32m+[0m[0m log_group_class             = (known after apply)
      [32m+[0m[0m name                        = "/ecs/unbox-prod-order"
      [32m+[0m[0m name_prefix                 = (known after apply)
      [32m+[0m[0m region                      = "ap-northeast-2"
      [32m+[0m[0m retention_in_days           = 30
      [32m+[0m[0m skip_destroy                = false
      [32m+[0m[0m tags                        = {
          [32m+[0m[0m "Name" = "unbox-prod-order-log"
        }
      [32m+[0m[0m tags_all                    = {
          [32m+[0m[0m "Name" = "unbox-prod-order-log"
        }
    }

[1m  # module.common.aws_cloudwatch_log_group.services["payment"][0m will be created
[0m  [32m+[0m[0m resource "aws_cloudwatch_log_group" "services" {
      [32m+[0m[0m arn                         = (known after apply)
      [32m+[0m[0m deletion_protection_enabled = (known after apply)
      [32m+[0m[0m id                          = (known after apply)
      [32m+[0m[0m log_group_class             = (known after apply)
      [32m+[0m[0m name                        = "/ecs/unbox-prod-payment"
      [32m+[0m[0m name_prefix                 = (known after apply)
      [32m+[0m[0m region                      = "ap-northeast-2"
      [32m+[0m[0m retention_in_days           = 30
      [32m+[0m[0m skip_destroy                = false
      [32m+[0m[0m tags                        = {
          [32m+[0m[0m "Name" = "unbox-prod-payment-log"
        }
      [32m+[0m[0m tags_all                    = {
          [32m+[0m[0m "Name" = "unbox-prod-payment-log"
        }
    }

[1m  # module.common.aws_cloudwatch_log_group.services["product"][0m will be created
[0m  [32m+[0m[0m resource "aws_cloudwatch_log_group" "services" {
      [32m+[0m[0m arn                         = (known after apply)
      [32m+[0m[0m deletion_protection_enabled = (known after apply)
      [32m+[0m[0m id                          = (known after apply)
      [32m+[0m[0m log_group_class             = (known after apply)
      [32m+[0m[0m name                        = "/ecs/unbox-prod-product"
      [32m+[0m[0m name_prefix                 = (known after apply)
      [32m+[0m[0m region                      = "ap-northeast-2"
      [32m+[0m[0m retention_in_days           = 30
      [32m+[0m[0m skip_destroy                = false
      [32m+[0m[0m tags                        = {
          [32m+[0m[0m "Name" = "unbox-prod-product-log"
        }
      [32m+[0m[0m tags_all                    = {
          [32m+[0m[0m "Name" = "unbox-prod-product-log"
        }
    }

[1m  # module.common.aws_cloudwatch_log_group.services["trade"][0m will be created
[0m  [32m+[0m[0m resource "aws_cloudwatch_log_group" "services" {
      [32m+[0m[0m arn                         = (known after apply)
      [32m+[0m[0m deletion_protection_enabled = (known after apply)
      [32m+[0m[0m id                          = (known after apply)
      [32m+[0m[0m log_group_class             = (known after apply)
      [32m+[0m[0m name                        = "/ecs/unbox-prod-trade"
      [32m+[0m[0m name_prefix                 = (known after apply)
      [32m+[0m[0m region                      = "ap-northeast-2"
      [32m+[0m[0m retention_in_days           = 30
      [32m+[0m[0m skip_destroy                = false
      [32m+[0m[0m tags                        = {
          [32m+[0m[0m "Name" = "unbox-prod-trade-log"
        }
      [32m+[0m[0m tags_all                    = {
          [32m+[0m[0m "Name" = "unbox-prod-trade-log"
        }
    }

[1m  # module.common.aws_cloudwatch_log_group.services["user"][0m will be created
[0m  [32m+[0m[0m resource "aws_cloudwatch_log_group" "services" {
      [32m+[0m[0m arn                         = (known after apply)
      [32m+[0m[0m deletion_protection_enabled = (known after apply)
      [32m+[0m[0m id                          = (known after apply)
      [32m+[0m[0m log_group_class             = (known after apply)
      [32m+[0m[0m name                        = "/ecs/unbox-prod-user"
      [32m+[0m[0m name_prefix                 = (known after apply)
      [32m+[0m[0m region                      = "ap-northeast-2"
      [32m+[0m[0m retention_in_days           = 30
      [32m+[0m[0m skip_destroy                = false
      [32m+[0m[0m tags                        = {
          [32m+[0m[0m "Name" = "unbox-prod-user-log"
        }
      [32m+[0m[0m tags_all                    = {
          [32m+[0m[0m "Name" = "unbox-prod-user-log"
        }
    }

[1m  # module.common.aws_cloudwatch_log_group.waf_log_group[0m will be created
[0m  [32m+[0m[0m resource "aws_cloudwatch_log_group" "waf_log_group" {
      [32m+[0m[0m arn                         = (known after apply)
      [32m+[0m[0m deletion_protection_enabled = (known after apply)
      [32m+[0m[0m id                          = (known after apply)
      [32m+[0m[0m log_group_class             = (known after apply)
      [32m+[0m[0m name                        = "aws-waf-logs-unbox-dev"
      [32m+[0m[0m name_prefix                 = (known after apply)
      [32m+[0m[0m region                      = "ap-northeast-2"
      [32m+[0m[0m retention_in_days           = 7
      [32m+[0m[0m skip_destroy                = false
      [32m+[0m[0m tags_all                    = (known after apply)
    }

[1m  # module.common.aws_iam_openid_connect_provider.github[0m will be created
[0m  [32m+[0m[0m resource "aws_iam_openid_connect_provider" "github" {
      [32m+[0m[0m arn             = (known after apply)
      [32m+[0m[0m client_id_list  = [
          [32m+[0m[0m "sts.amazonaws.com",
        ]
      [32m+[0m[0m id              = (known after apply)
      [32m+[0m[0m tags_all        = (known after apply)
      [32m+[0m[0m thumbprint_list = [
          [32m+[0m[0m "2b18947a6a9fc7764fd8b5fb18a863b0c6dac24f",
        ]
      [32m+[0m[0m url             = "https://token.actions.githubusercontent.com"
    }

[1m  # module.common.aws_iam_role.cloudtrail_to_cloudwatch[0m will be created
[0m  [32m+[0m[0m resource "aws_iam_role" "cloudtrail_to_cloudwatch" {
      [32m+[0m[0m arn                   = (known after apply)
      [32m+[0m[0m assume_role_policy    = jsonencode(
            {
              [32m+[0m[0m Statement = [
                  [32m+[0m[0m {
                      [32m+[0m[0m Action    = "sts:AssumeRole"
                      [32m+[0m[0m Effect    = "Allow"
                      [32m+[0m[0m Principal = {
                          [32m+[0m[0m Service = "cloudtrail.amazonaws.com"
                        }
                    },
                ]
              [32m+[0m[0m Version   = "2012-10-17"
            }
        )
      [32m+[0m[0m create_date           = (known after apply)
      [32m+[0m[0m force_detach_policies = false
      [32m+[0m[0m id                    = (known after apply)
      [32m+[0m[0m managed_policy_arns   = (known after apply)
      [32m+[0m[0m max_session_duration  = 3600
      [32m+[0m[0m name                  = "unbox-prod-cloudtrail-to-cloudwatch-role"
      [32m+[0m[0m name_prefix           = (known after apply)
      [32m+[0m[0m path                  = "/"
      [32m+[0m[0m tags_all              = (known after apply)
      [32m+[0m[0m unique_id             = (known after apply)
    }

[1m  # module.common.aws_iam_role.ecs_task_execution_role[0m will be created
[0m  [32m+[0m[0m resource "aws_iam_role" "ecs_task_execution_role" {
      [32m+[0m[0m arn                   = (known after apply)
      [32m+[0m[0m assume_role_policy    = jsonencode(
            {
              [32m+[0m[0m Statement = [
                  [32m+[0m[0m {
                      [32m+[0m[0m Action    = "sts:AssumeRole"
                      [32m+[0m[0m Effect    = "Allow"
                      [32m+[0m[0m Principal = {
                          [32m+[0m[0m Service = "ecs-tasks.amazonaws.com"
                        }
                    },
                ]
              [32m+[0m[0m Version   = "2012-10-17"
            }
        )
      [32m+[0m[0m create_date           = (known after apply)
      [32m+[0m[0m force_detach_policies = false
      [32m+[0m[0m id                    = (known after apply)
      [32m+[0m[0m managed_policy_arns   = (known after apply)
      [32m+[0m[0m max_session_duration  = 3600
      [32m+[0m[0m name                  = "unbox-prod-ecs-task-execution-role"
      [32m+[0m[0m name_prefix           = (known after apply)
      [32m+[0m[0m path                  = "/"
      [32m+[0m[0m tags_all              = (known after apply)
      [32m+[0m[0m unique_id             = (known after apply)
    }

[1m  # module.common.aws_iam_role.ecs_task_role[0m will be created
[0m  [32m+[0m[0m resource "aws_iam_role" "ecs_task_role" {
      [32m+[0m[0m arn                   = (known after apply)
      [32m+[0m[0m assume_role_policy    = jsonencode(
            {
              [32m+[0m[0m Statement = [
                  [32m+[0m[0m {
                      [32m+[0m[0m Action    = "sts:AssumeRole"
                      [32m+[0m[0m Effect    = "Allow"
                      [32m+[0m[0m Principal = {
                          [32m+[0m[0m Service = "ecs-tasks.amazonaws.com"
                        }
                    },
                ]
              [32m+[0m[0m Version   = "2012-10-17"
            }
        )
      [32m+[0m[0m create_date           = (known after apply)
      [32m+[0m[0m force_detach_policies = false
      [32m+[0m[0m id                    = (known after apply)
      [32m+[0m[0m managed_policy_arns   = (known after apply)
      [32m+[0m[0m max_session_duration  = 3600
      [32m+[0m[0m name                  = "unbox-prod-ecs-task-role"
      [32m+[0m[0m name_prefix           = (known after apply)
      [32m+[0m[0m path                  = "/"
      [32m+[0m[0m tags_all              = (known after apply)
      [32m+[0m[0m unique_id             = (known after apply)
    }

[1m  # module.common.aws_iam_role.github_actions_ecr[0m will be created
[0m  [32m+[0m[0m resource "aws_iam_role" "github_actions_ecr" {
      [32m+[0m[0m arn                   = (known after apply)
      [32m+[0m[0m assume_role_policy    = (known after apply)
      [32m+[0m[0m create_date           = (known after apply)
      [32m+[0m[0m force_detach_policies = false
      [32m+[0m[0m id                    = (known after apply)
      [32m+[0m[0m managed_policy_arns   = (known after apply)
      [32m+[0m[0m max_session_duration  = 3600
      [32m+[0m[0m name                  = "github-actions-ecr-role"
      [32m+[0m[0m name_prefix           = (known after apply)
      [32m+[0m[0m path                  = "/"
      [32m+[0m[0m tags_all              = (known after apply)
      [32m+[0m[0m unique_id             = (known after apply)
    }

[1m  # module.common.aws_iam_role_policy.cloudtrail_cloudwatch_policy[0m will be created
[0m  [32m+[0m[0m resource "aws_iam_role_policy" "cloudtrail_cloudwatch_policy" {
      [32m+[0m[0m id          = (known after apply)
      [32m+[0m[0m name        = "unbox-prod-cloudtrail-policy"
      [32m+[0m[0m name_prefix = (known after apply)
      [32m+[0m[0m policy      = (known after apply)
      [32m+[0m[0m role        = (known after apply)
    }

[1m  # module.common.aws_iam_role_policy.ecs_execution_prod_secrets[0m will be created
[0m  [32m+[0m[0m resource "aws_iam_role_policy" "ecs_execution_prod_secrets" {
      [32m+[0m[0m id          = (known after apply)
      [32m+[0m[0m name        = "unbox-prod-execution-secrets-policy"
      [32m+[0m[0m name_prefix = (known after apply)
      [32m+[0m[0m policy      = jsonencode(
            {
              [32m+[0m[0m Statement = [
                  [32m+[0m[0m {
                      [32m+[0m[0m Action   = [
                          [32m+[0m[0m "kms:Decrypt",
                          [32m+[0m[0m "ssm:GetParameters",
                          [32m+[0m[0m "secretsmanager:GetSecretValue",
                        ]
                      [32m+[0m[0m Effect   = "Allow"
                      [32m+[0m[0m Resource = [
                          [32m+[0m[0m "arn:aws:kms:ap-northeast-2:632941626317:key/5c877775-e0f7-40cd-998f-d27ae7eb28a7",
                          [32m+[0m[0m "arn:aws:ssm:ap-northeast-2:*:parameter/unbox/*",
                          [32m+[0m[0m "arn:aws:secretsmanager:ap-northeast-2:*:secret:unbox/prod/*",
                        ]
                    },
                ]
              [32m+[0m[0m Version   = "2012-10-17"
            }
        )
      [32m+[0m[0m role        = (known after apply)
    }

[1m  # module.common.aws_iam_role_policy.ecs_task_custom[0m will be created
[0m  [32m+[0m[0m resource "aws_iam_role_policy" "ecs_task_custom" {
      [32m+[0m[0m id          = (known after apply)
      [32m+[0m[0m name        = "unbox-prod-task-custom-policy"
      [32m+[0m[0m name_prefix = (known after apply)
      [32m+[0m[0m policy      = jsonencode(
            {
              [32m+[0m[0m Statement = [
                  [32m+[0m[0m {
                      [32m+[0m[0m Action   = [
                          [32m+[0m[0m "ssmmessages:CreateControlChannel",
                          [32m+[0m[0m "ssmmessages:CreateDataChannel",
                          [32m+[0m[0m "ssmmessages:OpenControlChannel",
                          [32m+[0m[0m "ssmmessages:OpenDataChannel",
                        ]
                      [32m+[0m[0m Effect   = "Allow"
                      [32m+[0m[0m Resource = "*"
                    },
                  [32m+[0m[0m {
                      [32m+[0m[0m Action   = [
                          [32m+[0m[0m "cloudwatch:PutMetricData",
                        ]
                      [32m+[0m[0m Effect   = "Allow"
                      [32m+[0m[0m Resource = "*"
                    },
                ]
              [32m+[0m[0m Version   = "2012-10-17"
            }
        )
      [32m+[0m[0m role        = (known after apply)
    }

[1m  # module.common.aws_iam_role_policy_attachment.ecr_power_user[0m will be created
[0m  [32m+[0m[0m resource "aws_iam_role_policy_attachment" "ecr_power_user" {
      [32m+[0m[0m id         = (known after apply)
      [32m+[0m[0m policy_arn = "arn:aws:iam::aws:policy/AmazonEC2ContainerRegistryPowerUser"
      [32m+[0m[0m role       = "github-actions-ecr-role"
    }

[1m  # module.common.aws_iam_role_policy_attachment.ecs_task_execution_standard[0m will be created
[0m  [32m+[0m[0m resource "aws_iam_role_policy_attachment" "ecs_task_execution_standard" {
      [32m+[0m[0m id         = (known after apply)
      [32m+[0m[0m policy_arn = "arn:aws:iam::aws:policy/service-role/AmazonECSTaskExecutionRolePolicy"
      [32m+[0m[0m role       = "unbox-prod-ecs-task-execution-role"
    }

[1m  # module.common.aws_identitystore_group.admins[0m will be created
[0m  [32m+[0m[0m resource "aws_identitystore_group" "admins" {
      [32m+[0m[0m arn               = (known after apply)
      [32m+[0m[0m description       = "Group for users with full admin access"
      [32m+[0m[0m display_name      = "aws-admins-group"
      [32m+[0m[0m external_ids      = (known after apply)
      [32m+[0m[0m group_id          = (known after apply)
      [32m+[0m[0m id                = (known after apply)
      [32m+[0m[0m identity_store_id = "d-9b6753971d"
      [32m+[0m[0m region            = "ap-northeast-2"
    }

[1m  # module.common.aws_identitystore_group_membership.admin_members["gahyun"][0m will be created
[0m  [32m+[0m[0m resource "aws_identitystore_group_membership" "admin_members" {
      [32m+[0m[0m group_id          = (known after apply)
      [32m+[0m[0m id                = (known after apply)
      [32m+[0m[0m identity_store_id = "d-9b6753971d"
      [32m+[0m[0m member_id         = (known after apply)
      [32m+[0m[0m membership_id     = (known after apply)
      [32m+[0m[0m region            = "ap-northeast-2"
    }

[1m  # module.common.aws_identitystore_group_membership.admin_members["gyeongjun"][0m will be created
[0m  [32m+[0m[0m resource "aws_identitystore_group_membership" "admin_members" {
      [32m+[0m[0m group_id          = (known after apply)
      [32m+[0m[0m id                = (known after apply)
      [32m+[0m[0m identity_store_id = "d-9b6753971d"
      [32m+[0m[0m member_id         = (known after apply)
      [32m+[0m[0m membership_id     = (known after apply)
      [32m+[0m[0m region            = "ap-northeast-2"
    }

[1m  # module.common.aws_identitystore_group_membership.admin_members["hyeonjun"][0m will be created
[0m  [32m+[0m[0m resource "aws_identitystore_group_membership" "admin_members" {
      [32m+[0m[0m group_id          = (known after apply)
      [32m+[0m[0m id                = (known after apply)
      [32m+[0m[0m identity_store_id = "d-9b6753971d"
      [32m+[0m[0m member_id         = (known after apply)
      [32m+[0m[0m membership_id     = (known after apply)
      [32m+[0m[0m region            = "ap-northeast-2"
    }

[1m  # module.common.aws_identitystore_group_membership.admin_members["junseok"][0m will be created
[0m  [32m+[0m[0m resource "aws_identitystore_group_membership" "admin_members" {
      [32m+[0m[0m group_id          = (known after apply)
      [32m+[0m[0m id                = (known after apply)
      [32m+[0m[0m identity_store_id = "d-9b6753971d"
      [32m+[0m[0m member_id         = (known after apply)
      [32m+[0m[0m membership_id     = (known after apply)
      [32m+[0m[0m region            = "ap-northeast-2"
    }

[1m  # module.common.aws_identitystore_group_membership.admin_members["nacgyun"][0m will be created
[0m  [32m+[0m[0m resource "aws_identitystore_group_membership" "admin_members" {
      [32m+[0m[0m group_id          = (known after apply)
      [32m+[0m[0m id                = (known after apply)
      [32m+[0m[0m identity_store_id = "d-9b6753971d"
      [32m+[0m[0m member_id         = (known after apply)
      [32m+[0m[0m membership_id     = (known after apply)
      [32m+[0m[0m region            = "ap-northeast-2"
    }

[1m  # module.common.aws_identitystore_user.users["gahyun"][0m will be created
[0m  [32m+[0m[0m resource "aws_identitystore_user" "users" {
      [32m+[0m[0m display_name      = "gahyun"
      [32m+[0m[0m external_ids      = (known after apply)
      [32m+[0m[0m id                = (known after apply)
      [32m+[0m[0m identity_store_id = "d-9b6753971d"
      [32m+[0m[0m region            = "ap-northeast-2"
      [32m+[0m[0m user_id           = (known after apply)
      [32m+[0m[0m user_name         = "gahyun8876@gmail.com"

      [32m+[0m[0m emails {
          [32m+[0m[0m primary = true
          [32m+[0m[0m value   = "gahyun8876@gmail.com"
        }

      [32m+[0m[0m name {
          [32m+[0m[0m family_name = "song"
          [32m+[0m[0m given_name  = "gahyun"
        }
    }

[1m  # module.common.aws_identitystore_user.users["gyeongjun"][0m will be created
[0m  [32m+[0m[0m resource "aws_identitystore_user" "users" {
      [32m+[0m[0m display_name      = "gyeongjun"
      [32m+[0m[0m external_ids      = (known after apply)
      [32m+[0m[0m id                = (known after apply)
      [32m+[0m[0m identity_store_id = "d-9b6753971d"
      [32m+[0m[0m region            = "ap-northeast-2"
      [32m+[0m[0m user_id           = (known after apply)
      [32m+[0m[0m user_name         = "jjangjoon76@gmail.com"

      [32m+[0m[0m emails {
          [32m+[0m[0m primary = true
          [32m+[0m[0m value   = "jjangjoon76@gmail.com"
        }

      [32m+[0m[0m name {
          [32m+[0m[0m family_name = "jang"
          [32m+[0m[0m given_name  = "gyeongjun"
        }
    }

[1m  # module.common.aws_identitystore_user.users["hyeonjun"][0m will be created
[0m  [32m+[0m[0m resource "aws_identitystore_user" "users" {
      [32m+[0m[0m display_name      = "hyeonjun"
      [32m+[0m[0m external_ids      = (known after apply)
      [32m+[0m[0m id                = (known after apply)
      [32m+[0m[0m identity_store_id = "d-9b6753971d"
      [32m+[0m[0m region            = "ap-northeast-2"
      [32m+[0m[0m user_id           = (known after apply)
      [32m+[0m[0m user_name         = "hyeonjun0899@gmail.com"

      [32m+[0m[0m emails {
          [32m+[0m[0m primary = true
          [32m+[0m[0m value   = "hyeonjun0899@gmail.com"
        }

      [32m+[0m[0m name {
          [32m+[0m[0m family_name = "kim"
          [32m+[0m[0m given_name  = "hyeonjun"
        }
    }

[1m  # module.common.aws_identitystore_user.users["junseok"][0m will be created
[0m  [32m+[0m[0m resource "aws_identitystore_user" "users" {
      [32m+[0m[0m display_name      = "junseok"
      [32m+[0m[0m external_ids      = (known after apply)
      [32m+[0m[0m id                = (known after apply)
      [32m+[0m[0m identity_store_id = "d-9b6753971d"
      [32m+[0m[0m region            = "ap-northeast-2"
      [32m+[0m[0m user_id           = (known after apply)
      [32m+[0m[0m user_name         = "joshua052698@gmail.com"

      [32m+[0m[0m emails {
          [32m+[0m[0m primary = true
          [32m+[0m[0m value   = "joshua052698@gmail.com"
        }

      [32m+[0m[0m name {
          [32m+[0m[0m family_name = "roh"
          [32m+[0m[0m given_name  = "junseok"
        }
    }

[1m  # module.common.aws_identitystore_user.users["nacgyun"][0m will be created
[0m  [32m+[0m[0m resource "aws_identitystore_user" "users" {
      [32m+[0m[0m display_name      = "nacgyun"
      [32m+[0m[0m external_ids      = (known after apply)
      [32m+[0m[0m id                = (known after apply)
      [32m+[0m[0m identity_store_id = "d-9b6753971d"
      [32m+[0m[0m region            = "ap-northeast-2"
      [32m+[0m[0m user_id           = (known after apply)
      [32m+[0m[0m user_name         = "nacgyun001@gmail.com"

      [32m+[0m[0m emails {
          [32m+[0m[0m primary = true
          [32m+[0m[0m value   = "nacgyun001@gmail.com"
        }

      [32m+[0m[0m name {
          [32m+[0m[0m family_name = "kim"
          [32m+[0m[0m given_name  = "nacgyun"
        }
    }

[1m  # module.common.aws_secretsmanager_secret.db_password["order"][0m will be created
[0m  [32m+[0m[0m resource "aws_secretsmanager_secret" "db_password" {
      [32m+[0m[0m arn                            = (known after apply)
      [32m+[0m[0m description                    = "order service database password"
      [32m+[0m[0m force_overwrite_replica_secret = false
      [32m+[0m[0m id                             = (known after apply)
      [32m+[0m[0m kms_key_id                     = "arn:aws:kms:ap-northeast-2:632941626317:key/5c877775-e0f7-40cd-998f-d27ae7eb28a7"
      [32m+[0m[0m name                           = "unbox/prod/order/db-password"
      [32m+[0m[0m name_prefix                    = (known after apply)
      [32m+[0m[0m policy                         = (known after apply)
      [32m+[0m[0m recovery_window_in_days        = 30
      [32m+[0m[0m region                         = "ap-northeast-2"
      [32m+[0m[0m tags                           = {
          [32m+[0m[0m "Name" = "unbox-prod-order-db-password"
        }
      [32m+[0m[0m tags_all                       = {
          [32m+[0m[0m "Name" = "unbox-prod-order-db-password"
        }
    }

[1m  # module.common.aws_secretsmanager_secret.db_password["payment"][0m will be created
[0m  [32m+[0m[0m resource "aws_secretsmanager_secret" "db_password" {
      [32m+[0m[0m arn                            = (known after apply)
      [32m+[0m[0m description                    = "payment service database password"
      [32m+[0m[0m force_overwrite_replica_secret = false
      [32m+[0m[0m id                             = (known after apply)
      [32m+[0m[0m kms_key_id                     = "arn:aws:kms:ap-northeast-2:632941626317:key/5c877775-e0f7-40cd-998f-d27ae7eb28a7"
      [32m+[0m[0m name                           = "unbox/prod/payment/db-password"
      [32m+[0m[0m name_prefix                    = (known after apply)
      [32m+[0m[0m policy                         = (known after apply)
      [32m+[0m[0m recovery_window_in_days        = 30
      [32m+[0m[0m region                         = "ap-northeast-2"
      [32m+[0m[0m tags                           = {
          [32m+[0m[0m "Name" = "unbox-prod-payment-db-password"
        }
      [32m+[0m[0m tags_all                       = {
          [32m+[0m[0m "Name" = "unbox-prod-payment-db-password"
        }
    }

[1m  # module.common.aws_secretsmanager_secret.db_password["product"][0m will be created
[0m  [32m+[0m[0m resource "aws_secretsmanager_secret" "db_password" {
      [32m+[0m[0m arn                            = (known after apply)
      [32m+[0m[0m description                    = "product service database password"
      [32m+[0m[0m force_overwrite_replica_secret = false
      [32m+[0m[0m id                             = (known after apply)
      [32m+[0m[0m kms_key_id                     = "arn:aws:kms:ap-northeast-2:632941626317:key/5c877775-e0f7-40cd-998f-d27ae7eb28a7"
      [32m+[0m[0m name                           = "unbox/prod/product/db-password"
      [32m+[0m[0m name_prefix                    = (known after apply)
      [32m+[0m[0m policy                         = (known after apply)
      [32m+[0m[0m recovery_window_in_days        = 30
      [32m+[0m[0m region                         = "ap-northeast-2"
      [32m+[0m[0m tags                           = {
          [32m+[0m[0m "Name" = "unbox-prod-product-db-password"
        }
      [32m+[0m[0m tags_all                       = {
          [32m+[0m[0m "Name" = "unbox-prod-product-db-password"
        }
    }

[1m  # module.common.aws_secretsmanager_secret.db_password["trade"][0m will be created
[0m  [32m+[0m[0m resource "aws_secretsmanager_secret" "db_password" {
      [32m+[0m[0m arn                            = (known after apply)
      [32m+[0m[0m description                    = "trade service database password"
      [32m+[0m[0m force_overwrite_replica_secret = false
      [32m+[0m[0m id                             = (known after apply)
      [32m+[0m[0m kms_key_id                     = "arn:aws:kms:ap-northeast-2:632941626317:key/5c877775-e0f7-40cd-998f-d27ae7eb28a7"
      [32m+[0m[0m name                           = "unbox/prod/trade/db-password"
      [32m+[0m[0m name_prefix                    = (known after apply)
      [32m+[0m[0m policy                         = (known after apply)
      [32m+[0m[0m recovery_window_in_days        = 30
      [32m+[0m[0m region                         = "ap-northeast-2"
      [32m+[0m[0m tags                           = {
          [32m+[0m[0m "Name" = "unbox-prod-trade-db-password"
        }
      [32m+[0m[0m tags_all                       = {
          [32m+[0m[0m "Name" = "unbox-prod-trade-db-password"
        }
    }

[1m  # module.common.aws_secretsmanager_secret.db_password["user"][0m will be created
[0m  [32m+[0m[0m resource "aws_secretsmanager_secret" "db_password" {
      [32m+[0m[0m arn                            = (known after apply)
      [32m+[0m[0m description                    = "user service database password"
      [32m+[0m[0m force_overwrite_replica_secret = false
      [32m+[0m[0m id                             = (known after apply)
      [32m+[0m[0m kms_key_id                     = "arn:aws:kms:ap-northeast-2:632941626317:key/5c877775-e0f7-40cd-998f-d27ae7eb28a7"
      [32m+[0m[0m name                           = "unbox/prod/user/db-password"
      [32m+[0m[0m name_prefix                    = (known after apply)
      [32m+[0m[0m policy                         = (known after apply)
      [32m+[0m[0m recovery_window_in_days        = 30
      [32m+[0m[0m region                         = "ap-northeast-2"
      [32m+[0m[0m tags                           = {
          [32m+[0m[0m "Name" = "unbox-prod-user-db-password"
        }
      [32m+[0m[0m tags_all                       = {
          [32m+[0m[0m "Name" = "unbox-prod-user-db-password"
        }
    }

[1m  # module.common.aws_secretsmanager_secret.rds_password[0][0m will be created
[0m  [32m+[0m[0m resource "aws_secretsmanager_secret" "rds_password" {
      [32m+[0m[0m arn                            = (known after apply)
      [32m+[0m[0m force_overwrite_replica_secret = false
      [32m+[0m[0m id                             = (known after apply)
      [32m+[0m[0m name                           = "unbox/prod/rds/admin-password"
      [32m+[0m[0m name_prefix                    = (known after apply)
      [32m+[0m[0m policy                         = (known after apply)
      [32m+[0m[0m recovery_window_in_days        = 30
      [32m+[0m[0m region                         = "ap-northeast-2"
      [32m+[0m[0m tags_all                       = (known after apply)
    }

[1m  # module.common.aws_secretsmanager_secret_version.db_password["order"][0m will be created
[0m  [32m+[0m[0m resource "aws_secretsmanager_secret_version" "db_password" {
      [32m+[0m[0m arn                  = (known after apply)
      [32m+[0m[0m has_secret_string_wo = (known after apply)
      [32m+[0m[0m id                   = (known after apply)
      [32m+[0m[0m region               = "ap-northeast-2"
      [32m+[0m[0m secret_id            = (known after apply)
      [32m+[0m[0m secret_string        = (sensitive value)
      [32m+[0m[0m version_id           = (known after apply)
      [32m+[0m[0m version_stages       = (known after apply)
    }

[1m  # module.common.aws_secretsmanager_secret_version.db_password["payment"][0m will be created
[0m  [32m+[0m[0m resource "aws_secretsmanager_secret_version" "db_password" {
      [32m+[0m[0m arn                  = (known after apply)
      [32m+[0m[0m has_secret_string_wo = (known after apply)
      [32m+[0m[0m id                   = (known after apply)
      [32m+[0m[0m region               = "ap-northeast-2"
      [32m+[0m[0m secret_id            = (known after apply)
      [32m+[0m[0m secret_string        = (sensitive value)
      [32m+[0m[0m version_id           = (known after apply)
      [32m+[0m[0m version_stages       = (known after apply)
    }

[1m  # module.common.aws_secretsmanager_secret_version.db_password["product"][0m will be created
[0m  [32m+[0m[0m resource "aws_secretsmanager_secret_version" "db_password" {
      [32m+[0m[0m arn                  = (known after apply)
      [32m+[0m[0m has_secret_string_wo = (known after apply)
      [32m+[0m[0m id                   = (known after apply)
      [32m+[0m[0m region               = "ap-northeast-2"
      [32m+[0m[0m secret_id            = (known after apply)
      [32m+[0m[0m secret_string        = (sensitive value)
      [32m+[0m[0m version_id           = (known after apply)
      [32m+[0m[0m version_stages       = (known after apply)
    }

[1m  # module.common.aws_secretsmanager_secret_version.db_password["trade"][0m will be created
[0m  [32m+[0m[0m resource "aws_secretsmanager_secret_version" "db_password" {
      [32m+[0m[0m arn                  = (known after apply)
      [32m+[0m[0m has_secret_string_wo = (known after apply)
      [32m+[0m[0m id                   = (known after apply)
      [32m+[0m[0m region               = "ap-northeast-2"
      [32m+[0m[0m secret_id            = (known after apply)
      [32m+[0m[0m secret_string        = (sensitive value)
      [32m+[0m[0m version_id           = (known after apply)
      [32m+[0m[0m version_stages       = (known after apply)
    }

[1m  # module.common.aws_secretsmanager_secret_version.db_password["user"][0m will be created
[0m  [32m+[0m[0m resource "aws_secretsmanager_secret_version" "db_password" {
      [32m+[0m[0m arn                  = (known after apply)
      [32m+[0m[0m has_secret_string_wo = (known after apply)
      [32m+[0m[0m id                   = (known after apply)
      [32m+[0m[0m region               = "ap-northeast-2"
      [32m+[0m[0m secret_id            = (known after apply)
      [32m+[0m[0m secret_string        = (sensitive value)
      [32m+[0m[0m version_id           = (known after apply)
      [32m+[0m[0m version_stages       = (known after apply)
    }

[1m  # module.common.aws_secretsmanager_secret_version.rds_password_val[0][0m will be created
[0m  [32m+[0m[0m resource "aws_secretsmanager_secret_version" "rds_password_val" {
      [32m+[0m[0m arn                  = (known after apply)
      [32m+[0m[0m has_secret_string_wo = (known after apply)
      [32m+[0m[0m id                   = (known after apply)
      [32m+[0m[0m region               = "ap-northeast-2"
      [32m+[0m[0m secret_id            = (known after apply)
      [32m+[0m[0m secret_string        = (sensitive value)
      [32m+[0m[0m version_id           = (known after apply)
      [32m+[0m[0m version_stages       = (known after apply)
    }

[1m  # module.common.aws_service_discovery_private_dns_namespace.this[0m will be created
[0m  [32m+[0m[0m resource "aws_service_discovery_private_dns_namespace" "this" {
      [32m+[0m[0m arn         = (known after apply)
      [32m+[0m[0m description = "unbox prod 마이크로서비스 탐색용"
      [32m+[0m[0m hosted_zone = (known after apply)
      [32m+[0m[0m id          = (known after apply)
      [32m+[0m[0m name        = "unbox.local"
      [32m+[0m[0m region      = "ap-northeast-2"
      [32m+[0m[0m tags_all    = (known after apply)
      [32m+[0m[0m vpc         = (known after apply)
    }

[1m  # module.common.aws_ssm_parameter.common_secrets["API_ENCRYPTION_KEY"][0m will be created
[0m  [32m+[0m[0m resource "aws_ssm_parameter" "common_secrets" {
      [32m+[0m[0m arn            = (known after apply)
      [32m+[0m[0m data_type      = (known after apply)
      [32m+[0m[0m has_value_wo   = (known after apply)
      [32m+[0m[0m id             = (known after apply)
      [32m+[0m[0m insecure_value = (known after apply)
      [32m+[0m[0m key_id         = "arn:aws:kms:ap-northeast-2:632941626317:key/5c877775-e0f7-40cd-998f-d27ae7eb28a7"
      [32m+[0m[0m name           = "/unbox/prod/common/API_ENCRYPTION_KEY"
      [32m+[0m[0m region         = "ap-northeast-2"
      [32m+[0m[0m tags_all       = (known after apply)
      [32m+[0m[0m tier           = (known after apply)
      [32m+[0m[0m type           = "SecureString"
      [32m+[0m[0m value          = (sensitive value)
      [32m+[0m[0m version        = (known after apply)
    }

[1m  # module.common.aws_ssm_parameter.common_secrets["JWT_SECRET"][0m will be created
[0m  [32m+[0m[0m resource "aws_ssm_parameter" "common_secrets" {
      [32m+[0m[0m arn            = (known after apply)
      [32m+[0m[0m data_type      = (known after apply)
      [32m+[0m[0m has_value_wo   = (known after apply)
      [32m+[0m[0m id             = (known after apply)
      [32m+[0m[0m insecure_value = (known after apply)
      [32m+[0m[0m key_id         = "arn:aws:kms:ap-northeast-2:632941626317:key/5c877775-e0f7-40cd-998f-d27ae7eb28a7"
      [32m+[0m[0m name           = "/unbox/prod/common/JWT_SECRET"
      [32m+[0m[0m region         = "ap-northeast-2"
      [32m+[0m[0m tags_all       = (known after apply)
      [32m+[0m[0m tier           = (known after apply)
      [32m+[0m[0m type           = "SecureString"
      [32m+[0m[0m value          = (sensitive value)
      [32m+[0m[0m version        = (known after apply)
    }

[1m  # module.common.aws_ssoadmin_account_assignment.admin_assign[0m will be created
[0m  [32m+[0m[0m resource "aws_ssoadmin_account_assignment" "admin_assign" {
      [32m+[0m[0m id                 = (known after apply)
      [32m+[0m[0m instance_arn       = "arn:aws:sso:::instance/ssoins-7230a8c084779002"
      [32m+[0m[0m permission_set_arn = (known after apply)
      [32m+[0m[0m principal_id       = (known after apply)
      [32m+[0m[0m principal_type     = "GROUP"
      [32m+[0m[0m region             = "ap-northeast-2"
      [32m+[0m[0m target_id          = "632941626317"
      [32m+[0m[0m target_type        = "AWS_ACCOUNT"
    }

[1m  # module.common.aws_ssoadmin_managed_policy_attachment.admin_attach[0m will be created
[0m  [32m+[0m[0m resource "aws_ssoadmin_managed_policy_attachment" "admin_attach" {
      [32m+[0m[0m id                  = (known after apply)
      [32m+[0m[0m instance_arn        = "arn:aws:sso:::instance/ssoins-7230a8c084779002"
      [32m+[0m[0m managed_policy_arn  = "arn:aws:iam::aws:policy/AdministratorAccess"
      [32m+[0m[0m managed_policy_name = (known after apply)
      [32m+[0m[0m permission_set_arn  = (known after apply)
      [32m+[0m[0m region              = "ap-northeast-2"
    }

[1m  # module.common.aws_ssoadmin_permission_set.admin[0m will be created
[0m  [32m+[0m[0m resource "aws_ssoadmin_permission_set" "admin" {
      [32m+[0m[0m arn              = (known after apply)
      [32m+[0m[0m created_date     = (known after apply)
      [32m+[0m[0m description      = "Administrator Access for dev environment"
      [32m+[0m[0m id               = (known after apply)
      [32m+[0m[0m instance_arn     = "arn:aws:sso:::instance/ssoins-7230a8c084779002"
      [32m+[0m[0m name             = "ps-admin-access"
      [32m+[0m[0m region           = "ap-northeast-2"
      [32m+[0m[0m session_duration = "PT8H"
      [32m+[0m[0m tags_all         = (known after apply)
    }

[1m  # module.common.aws_wafv2_web_acl.main[0m will be created
[0m  [32m+[0m[0m resource "aws_wafv2_web_acl" "main" {
      [32m+[0m[0m application_integration_url = (known after apply)
      [32m+[0m[0m arn                         = (known after apply)
      [32m+[0m[0m capacity                    = (known after apply)
      [32m+[0m[0m description                 = "OWASP Top 10 Managed Rule Set"
      [32m+[0m[0m id                          = (known after apply)
      [32m+[0m[0m lock_token                  = (known after apply)
      [32m+[0m[0m name                        = "unbox-prod-waf"
      [32m+[0m[0m name_prefix                 = (known after apply)
      [32m+[0m[0m region                      = "ap-northeast-2"
      [32m+[0m[0m scope                       = "REGIONAL"
      [32m+[0m[0m tags_all                    = (known after apply)

      [32m+[0m[0m default_action {
          [32m+[0m[0m allow {
            }
        }

      [32m+[0m[0m rule {
          [32m+[0m[0m name     = "AWS-AWSManagedRulesCommonRuleSet"
          [32m+[0m[0m priority = 1

          [32m+[0m[0m override_action {
              [32m+[0m[0m count {}
            }

          [32m+[0m[0m statement {
              [32m+[0m[0m managed_rule_group_statement {
                  [32m+[0m[0m name        = "AWSManagedRulesCommonRuleSet"
                  [32m+[0m[0m vendor_name = "AWS"
                }
            }

          [32m+[0m[0m visibility_config {
              [32m+[0m[0m cloudwatch_metrics_enabled = true
              [32m+[0m[0m metric_name                = "CommonRuleSetMetric"
              [32m+[0m[0m sampled_requests_enabled   = true
            }
        }

      [32m+[0m[0m visibility_config {
          [32m+[0m[0m cloudwatch_metrics_enabled = true
          [32m+[0m[0m metric_name                = "unbox-waf-metric"
          [32m+[0m[0m sampled_requests_enabled   = true
        }
    }

[1m  # module.common.aws_wafv2_web_acl_association.main[0m will be created
[0m  [32m+[0m[0m resource "aws_wafv2_web_acl_association" "main" {
      [32m+[0m[0m id           = (known after apply)
      [32m+[0m[0m region       = "ap-northeast-2"
      [32m+[0m[0m resource_arn = (known after apply)
      [32m+[0m[0m web_acl_arn  = (known after apply)
    }

[1m  # module.common.aws_wafv2_web_acl_logging_configuration.main[0m will be created
[0m  [32m+[0m[0m resource "aws_wafv2_web_acl_logging_configuration" "main" {
      [32m+[0m[0m id                      = (known after apply)
      [32m+[0m[0m log_destination_configs = (known after apply)
      [32m+[0m[0m region                  = "ap-northeast-2"
      [32m+[0m[0m resource_arn            = (known after apply)
    }

[1m  # module.common.random_password.db_password["order"][0m will be created
[0m  [32m+[0m[0m resource "random_password" "db_password" {
      [32m+[0m[0m bcrypt_hash      = (sensitive value)
      [32m+[0m[0m id               = (known after apply)
      [32m+[0m[0m length           = 16
      [32m+[0m[0m lower            = true
      [32m+[0m[0m min_lower        = 0
      [32m+[0m[0m min_numeric      = 0
      [32m+[0m[0m min_special      = 0
      [32m+[0m[0m min_upper        = 0
      [32m+[0m[0m number           = true
      [32m+[0m[0m numeric          = true
      [32m+[0m[0m override_special = "!#$%&*()-_=+[]{}<>:?"
      [32m+[0m[0m result           = (sensitive value)
      [32m+[0m[0m special          = true
      [32m+[0m[0m upper            = true
    }

[1m  # module.common.random_password.db_password["payment"][0m will be created
[0m  [32m+[0m[0m resource "random_password" "db_password" {
      [32m+[0m[0m bcrypt_hash      = (sensitive value)
      [32m+[0m[0m id               = (known after apply)
      [32m+[0m[0m length           = 16
      [32m+[0m[0m lower            = true
      [32m+[0m[0m min_lower        = 0
      [32m+[0m[0m min_numeric      = 0
      [32m+[0m[0m min_special      = 0
      [32m+[0m[0m min_upper        = 0
      [32m+[0m[0m number           = true
      [32m+[0m[0m numeric          = true
      [32m+[0m[0m override_special = "!#$%&*()-_=+[]{}<>:?"
      [32m+[0m[0m result           = (sensitive value)
      [32m+[0m[0m special          = true
      [32m+[0m[0m upper            = true
    }

[1m  # module.common.random_password.db_password["product"][0m will be created
[0m  [32m+[0m[0m resource "random_password" "db_password" {
      [32m+[0m[0m bcrypt_hash      = (sensitive value)
      [32m+[0m[0m id               = (known after apply)
      [32m+[0m[0m length           = 16
      [32m+[0m[0m lower            = true
      [32m+[0m[0m min_lower        = 0
      [32m+[0m[0m min_numeric      = 0
      [32m+[0m[0m min_special      = 0
      [32m+[0m[0m min_upper        = 0
      [32m+[0m[0m number           = true
      [32m+[0m[0m numeric          = true
      [32m+[0m[0m override_special = "!#$%&*()-_=+[]{}<>:?"
      [32m+[0m[0m result           = (sensitive value)
      [32m+[0m[0m special          = true
      [32m+[0m[0m upper            = true
    }

[1m  # module.common.random_password.db_password["trade"][0m will be created
[0m  [32m+[0m[0m resource "random_password" "db_password" {
      [32m+[0m[0m bcrypt_hash      = (sensitive value)
      [32m+[0m[0m id               = (known after apply)
      [32m+[0m[0m length           = 16
      [32m+[0m[0m lower            = true
      [32m+[0m[0m min_lower        = 0
      [32m+[0m[0m min_numeric      = 0
      [32m+[0m[0m min_special      = 0
      [32m+[0m[0m min_upper        = 0
      [32m+[0m[0m number           = true
      [32m+[0m[0m numeric          = true
      [32m+[0m[0m override_special = "!#$%&*()-_=+[]{}<>:?"
      [32m+[0m[0m result           = (sensitive value)
      [32m+[0m[0m special          = true
      [32m+[0m[0m upper            = true
    }

[1m  # module.common.random_password.db_password["user"][0m will be created
[0m  [32m+[0m[0m resource "random_password" "db_password" {
      [32m+[0m[0m bcrypt_hash      = (sensitive value)
      [32m+[0m[0m id               = (known after apply)
      [32m+[0m[0m length           = 16
      [32m+[0m[0m lower            = true
      [32m+[0m[0m min_lower        = 0
      [32m+[0m[0m min_numeric      = 0
      [32m+[0m[0m min_special      = 0
      [32m+[0m[0m min_upper        = 0
      [32m+[0m[0m number           = true
      [32m+[0m[0m numeric          = true
      [32m+[0m[0m override_special = "!#$%&*()-_=+[]{}<>:?"
      [32m+[0m[0m result           = (sensitive value)
      [32m+[0m[0m special          = true
      [32m+[0m[0m upper            = true
    }

[1m  # module.common.random_password.rds_password[0m will be created
[0m  [32m+[0m[0m resource "random_password" "rds_password" {
      [32m+[0m[0m bcrypt_hash      = (sensitive value)
      [32m+[0m[0m id               = (known after apply)
      [32m+[0m[0m length           = 16
      [32m+[0m[0m lower            = true
      [32m+[0m[0m min_lower        = 0
      [32m+[0m[0m min_numeric      = 0
      [32m+[0m[0m min_special      = 0
      [32m+[0m[0m min_upper        = 0
      [32m+[0m[0m number           = true
      [32m+[0m[0m numeric          = true
      [32m+[0m[0m override_special = "!#$%&*()-_=+[]{}<>:?"
      [32m+[0m[0m result           = (sensitive value)
      [32m+[0m[0m special          = true
      [32m+[0m[0m upper            = true
    }

[1m  # module.common.random_password.service_db_passwords["order"][0m will be created
[0m  [32m+[0m[0m resource "random_password" "service_db_passwords" {
      [32m+[0m[0m bcrypt_hash      = (sensitive value)
      [32m+[0m[0m id               = (known after apply)
      [32m+[0m[0m length           = 16
      [32m+[0m[0m lower            = true
      [32m+[0m[0m min_lower        = 0
      [32m+[0m[0m min_numeric      = 0
      [32m+[0m[0m min_special      = 0
      [32m+[0m[0m min_upper        = 0
      [32m+[0m[0m number           = true
      [32m+[0m[0m numeric          = true
      [32m+[0m[0m override_special = "!#$%&*()-_=+[]{}<>:?"
      [32m+[0m[0m result           = (sensitive value)
      [32m+[0m[0m special          = true
      [32m+[0m[0m upper            = true
    }

[1m  # module.common.random_password.service_db_passwords["payment"][0m will be created
[0m  [32m+[0m[0m resource "random_password" "service_db_passwords" {
      [32m+[0m[0m bcrypt_hash      = (sensitive value)
      [32m+[0m[0m id               = (known after apply)
      [32m+[0m[0m length           = 16
      [32m+[0m[0m lower            = true
      [32m+[0m[0m min_lower        = 0
      [32m+[0m[0m min_numeric      = 0
      [32m+[0m[0m min_special      = 0
      [32m+[0m[0m min_upper        = 0
      [32m+[0m[0m number           = true
      [32m+[0m[0m numeric          = true
      [32m+[0m[0m override_special = "!#$%&*()-_=+[]{}<>:?"
      [32m+[0m[0m result           = (sensitive value)
      [32m+[0m[0m special          = true
      [32m+[0m[0m upper            = true
    }

[1m  # module.common.random_password.service_db_passwords["product"][0m will be created
[0m  [32m+[0m[0m resource "random_password" "service_db_passwords" {
      [32m+[0m[0m bcrypt_hash      = (sensitive value)
      [32m+[0m[0m id               = (known after apply)
      [32m+[0m[0m length           = 16
      [32m+[0m[0m lower            = true
      [32m+[0m[0m min_lower        = 0
      [32m+[0m[0m min_numeric      = 0
      [32m+[0m[0m min_special      = 0
      [32m+[0m[0m min_upper        = 0
      [32m+[0m[0m number           = true
      [32m+[0m[0m numeric          = true
      [32m+[0m[0m override_special = "!#$%&*()-_=+[]{}<>:?"
      [32m+[0m[0m result           = (sensitive value)
      [32m+[0m[0m special          = true
      [32m+[0m[0m upper            = true
    }

[1m  # module.common.random_password.service_db_passwords["trade"][0m will be created
[0m  [32m+[0m[0m resource "random_password" "service_db_passwords" {
      [32m+[0m[0m bcrypt_hash      = (sensitive value)
      [32m+[0m[0m id               = (known after apply)
      [32m+[0m[0m length           = 16
      [32m+[0m[0m lower            = true
      [32m+[0m[0m min_lower        = 0
      [32m+[0m[0m min_numeric      = 0
      [32m+[0m[0m min_special      = 0
      [32m+[0m[0m min_upper        = 0
      [32m+[0m[0m number           = true
      [32m+[0m[0m numeric          = true
      [32m+[0m[0m override_special = "!#$%&*()-_=+[]{}<>:?"
      [32m+[0m[0m result           = (sensitive value)
      [32m+[0m[0m special          = true
      [32m+[0m[0m upper            = true
    }

[1m  # module.common.random_password.service_db_passwords["user"][0m will be created
[0m  [32m+[0m[0m resource "random_password" "service_db_passwords" {
      [32m+[0m[0m bcrypt_hash      = (sensitive value)
      [32m+[0m[0m id               = (known after apply)
      [32m+[0m[0m length           = 16
      [32m+[0m[0m lower            = true
      [32m+[0m[0m min_lower        = 0
      [32m+[0m[0m min_numeric      = 0
      [32m+[0m[0m min_special      = 0
      [32m+[0m[0m min_upper        = 0
      [32m+[0m[0m number           = true
      [32m+[0m[0m numeric          = true
      [32m+[0m[0m override_special = "!#$%&*()-_=+[]{}<>:?"
      [32m+[0m[0m result           = (sensitive value)
      [32m+[0m[0m special          = true
      [32m+[0m[0m upper            = true
    }

[1m  # module.ecs.aws_cloudwatch_log_group.services["order"][0m will be created
[0m  [32m+[0m[0m resource "aws_cloudwatch_log_group" "services" {
      [32m+[0m[0m arn                         = (known after apply)
      [32m+[0m[0m deletion_protection_enabled = (known after apply)
      [32m+[0m[0m id                          = (known after apply)
      [32m+[0m[0m kms_key_id                  = "arn:aws:kms:ap-northeast-2:632941626317:key/5c877775-e0f7-40cd-998f-d27ae7eb28a7"
      [32m+[0m[0m log_group_class             = (known after apply)
      [32m+[0m[0m name                        = "/ecs/unbox-prod/order"
      [32m+[0m[0m name_prefix                 = (known after apply)
      [32m+[0m[0m region                      = "ap-northeast-2"
      [32m+[0m[0m retention_in_days           = 7
      [32m+[0m[0m skip_destroy                = false
      [32m+[0m[0m tags_all                    = (known after apply)
    }

[1m  # module.ecs.aws_cloudwatch_log_group.services["payment"][0m will be created
[0m  [32m+[0m[0m resource "aws_cloudwatch_log_group" "services" {
      [32m+[0m[0m arn                         = (known after apply)
      [32m+[0m[0m deletion_protection_enabled = (known after apply)
      [32m+[0m[0m id                          = (known after apply)
      [32m+[0m[0m kms_key_id                  = "arn:aws:kms:ap-northeast-2:632941626317:key/5c877775-e0f7-40cd-998f-d27ae7eb28a7"
      [32m+[0m[0m log_group_class             = (known after apply)
      [32m+[0m[0m name                        = "/ecs/unbox-prod/payment"
      [32m+[0m[0m name_prefix                 = (known after apply)
      [32m+[0m[0m region                      = "ap-northeast-2"
      [32m+[0m[0m retention_in_days           = 7
      [32m+[0m[0m skip_destroy                = false
      [32m+[0m[0m tags_all                    = (known after apply)
    }

[1m  # module.ecs.aws_cloudwatch_log_group.services["product"][0m will be created
[0m  [32m+[0m[0m resource "aws_cloudwatch_log_group" "services" {
      [32m+[0m[0m arn                         = (known after apply)
      [32m+[0m[0m deletion_protection_enabled = (known after apply)
      [32m+[0m[0m id                          = (known after apply)
      [32m+[0m[0m kms_key_id                  = "arn:aws:kms:ap-northeast-2:632941626317:key/5c877775-e0f7-40cd-998f-d27ae7eb28a7"
      [32m+[0m[0m log_group_class             = (known after apply)
      [32m+[0m[0m name                        = "/ecs/unbox-prod/product"
      [32m+[0m[0m name_prefix                 = (known after apply)
      [32m+[0m[0m region                      = "ap-northeast-2"
      [32m+[0m[0m retention_in_days           = 7
      [32m+[0m[0m skip_destroy                = false
      [32m+[0m[0m tags_all                    = (known after apply)
    }

[1m  # module.ecs.aws_cloudwatch_log_group.services["trade"][0m will be created
[0m  [32m+[0m[0m resource "aws_cloudwatch_log_group" "services" {
      [32m+[0m[0m arn                         = (known after apply)
      [32m+[0m[0m deletion_protection_enabled = (known after apply)
      [32m+[0m[0m id                          = (known after apply)
      [32m+[0m[0m kms_key_id                  = "arn:aws:kms:ap-northeast-2:632941626317:key/5c877775-e0f7-40cd-998f-d27ae7eb28a7"
      [32m+[0m[0m log_group_class             = (known after apply)
      [32m+[0m[0m name                        = "/ecs/unbox-prod/trade"
      [32m+[0m[0m name_prefix                 = (known after apply)
      [32m+[0m[0m region                      = "ap-northeast-2"
      [32m+[0m[0m retention_in_days           = 7
      [32m+[0m[0m skip_destroy                = false
      [32m+[0m[0m tags_all                    = (known after apply)
    }

[1m  # module.ecs.aws_cloudwatch_log_group.services["user"][0m will be created
[0m  [32m+[0m[0m resource "aws_cloudwatch_log_group" "services" {
      [32m+[0m[0m arn                         = (known after apply)
      [32m+[0m[0m deletion_protection_enabled = (known after apply)
      [32m+[0m[0m id                          = (known after apply)
      [32m+[0m[0m kms_key_id                  = "arn:aws:kms:ap-northeast-2:632941626317:key/5c877775-e0f7-40cd-998f-d27ae7eb28a7"
      [32m+[0m[0m log_group_class             = (known after apply)
      [32m+[0m[0m name                        = "/ecs/unbox-prod/user"
      [32m+[0m[0m name_prefix                 = (known after apply)
      [32m+[0m[0m region                      = "ap-northeast-2"
      [32m+[0m[0m retention_in_days           = 7
      [32m+[0m[0m skip_destroy                = false
      [32m+[0m[0m tags_all                    = (known after apply)
    }

[1m  # module.ecs.aws_ecs_cluster.this[0m will be created
[0m  [32m+[0m[0m resource "aws_ecs_cluster" "this" {
      [32m+[0m[0m arn      = (known after apply)
      [32m+[0m[0m id       = (known after apply)
      [32m+[0m[0m name     = "unbox-prod-cluster"
      [32m+[0m[0m region   = "ap-northeast-2"
      [32m+[0m[0m tags_all = (known after apply)

      [32m+[0m[0m setting {
          [32m+[0m[0m name  = "containerInsights"
          [32m+[0m[0m value = "enabled"
        }
    }

[1m  # module.ecs.aws_ecs_service.services["order"][0m will be created
[0m  [32m+[0m[0m resource "aws_ecs_service" "services" {
      [32m+[0m[0m arn                                = (known after apply)
      [32m+[0m[0m availability_zone_rebalancing      = (known after apply)
      [32m+[0m[0m cluster                            = (known after apply)
      [32m+[0m[0m deployment_maximum_percent         = 200
      [32m+[0m[0m deployment_minimum_healthy_percent = 100
      [32m+[0m[0m desired_count                      = 1
      [32m+[0m[0m enable_ecs_managed_tags            = false
      [32m+[0m[0m enable_execute_command             = true
      [32m+[0m[0m force_new_deployment               = true
      [32m+[0m[0m iam_role                           = (known after apply)
      [32m+[0m[0m id                                 = (known after apply)
      [32m+[0m[0m launch_type                        = "FARGATE"
      [32m+[0m[0m name                               = "unbox-prod-order"
      [32m+[0m[0m platform_version                   = (known after apply)
      [32m+[0m[0m region                             = "ap-northeast-2"
      [32m+[0m[0m scheduling_strategy                = "REPLICA"
      [32m+[0m[0m tags_all                           = (known after apply)
      [32m+[0m[0m task_definition                    = (known after apply)
      [32m+[0m[0m triggers                           = (known after apply)
      [32m+[0m[0m wait_for_steady_state              = false

      [32m+[0m[0m load_balancer {
          [32m+[0m[0m container_name   = "order"
          [32m+[0m[0m container_port   = 8084
          [32m+[0m[0m target_group_arn = (known after apply)
        }

      [32m+[0m[0m network_configuration {
          [32m+[0m[0m assign_public_ip = false
          [32m+[0m[0m security_groups  = (known after apply)
          [32m+[0m[0m subnets          = (known after apply)
        }

      [32m+[0m[0m service_connect_configuration {
          [32m+[0m[0m enabled   = true
          [32m+[0m[0m namespace = (known after apply)

          [32m+[0m[0m service {
              [32m+[0m[0m discovery_name = "order"
              [32m+[0m[0m port_name      = "http"

              [32m+[0m[0m client_alias {
                  [32m+[0m[0m dns_name = "order.unbox.local"
                  [32m+[0m[0m port     = 80
                }
            }
        }
    }

[1m  # module.ecs.aws_ecs_service.services["payment"][0m will be created
[0m  [32m+[0m[0m resource "aws_ecs_service" "services" {
      [32m+[0m[0m arn                                = (known after apply)
      [32m+[0m[0m availability_zone_rebalancing      = (known after apply)
      [32m+[0m[0m cluster                            = (known after apply)
      [32m+[0m[0m deployment_maximum_percent         = 200
      [32m+[0m[0m deployment_minimum_healthy_percent = 100
      [32m+[0m[0m desired_count                      = 1
      [32m+[0m[0m enable_ecs_managed_tags            = false
      [32m+[0m[0m enable_execute_command             = true
      [32m+[0m[0m force_new_deployment               = true
      [32m+[0m[0m iam_role                           = (known after apply)
      [32m+[0m[0m id                                 = (known after apply)
      [32m+[0m[0m launch_type                        = "FARGATE"
      [32m+[0m[0m name                               = "unbox-prod-payment"
      [32m+[0m[0m platform_version                   = (known after apply)
      [32m+[0m[0m region                             = "ap-northeast-2"
      [32m+[0m[0m scheduling_strategy                = "REPLICA"
      [32m+[0m[0m tags_all                           = (known after apply)
      [32m+[0m[0m task_definition                    = (known after apply)
      [32m+[0m[0m triggers                           = (known after apply)
      [32m+[0m[0m wait_for_steady_state              = false

      [32m+[0m[0m load_balancer {
          [32m+[0m[0m container_name   = "payment"
          [32m+[0m[0m container_port   = 8085
          [32m+[0m[0m target_group_arn = (known after apply)
        }

      [32m+[0m[0m network_configuration {
          [32m+[0m[0m assign_public_ip = false
          [32m+[0m[0m security_groups  = (known after apply)
          [32m+[0m[0m subnets          = (known after apply)
        }

      [32m+[0m[0m service_connect_configuration {
          [32m+[0m[0m enabled   = true
          [32m+[0m[0m namespace = (known after apply)

          [32m+[0m[0m service {
              [32m+[0m[0m discovery_name = "payment"
              [32m+[0m[0m port_name      = "http"

              [32m+[0m[0m client_alias {
                  [32m+[0m[0m dns_name = "payment.unbox.local"
                  [32m+[0m[0m port     = 80
                }
            }
        }
    }

[1m  # module.ecs.aws_ecs_service.services["product"][0m will be created
[0m  [32m+[0m[0m resource "aws_ecs_service" "services" {
      [32m+[0m[0m arn                                = (known after apply)
      [32m+[0m[0m availability_zone_rebalancing      = (known after apply)
      [32m+[0m[0m cluster                            = (known after apply)
      [32m+[0m[0m deployment_maximum_percent         = 200
      [32m+[0m[0m deployment_minimum_healthy_percent = 100
      [32m+[0m[0m desired_count                      = 1
      [32m+[0m[0m enable_ecs_managed_tags            = false
      [32m+[0m[0m enable_execute_command             = true
      [32m+[0m[0m force_new_deployment               = true
      [32m+[0m[0m iam_role                           = (known after apply)
      [32m+[0m[0m id                                 = (known after apply)
      [32m+[0m[0m launch_type                        = "FARGATE"
      [32m+[0m[0m name                               = "unbox-prod-product"
      [32m+[0m[0m platform_version                   = (known after apply)
      [32m+[0m[0m region                             = "ap-northeast-2"
      [32m+[0m[0m scheduling_strategy                = "REPLICA"
      [32m+[0m[0m tags_all                           = (known after apply)
      [32m+[0m[0m task_definition                    = (known after apply)
      [32m+[0m[0m triggers                           = (known after apply)
      [32m+[0m[0m wait_for_steady_state              = false

      [32m+[0m[0m load_balancer {
          [32m+[0m[0m container_name   = "product"
          [32m+[0m[0m container_port   = 8082
          [32m+[0m[0m target_group_arn = (known after apply)
        }

      [32m+[0m[0m network_configuration {
          [32m+[0m[0m assign_public_ip = false
          [32m+[0m[0m security_groups  = (known after apply)
          [32m+[0m[0m subnets          = (known after apply)
        }

      [32m+[0m[0m service_connect_configuration {
          [32m+[0m[0m enabled   = true
          [32m+[0m[0m namespace = (known after apply)

          [32m+[0m[0m service {
              [32m+[0m[0m discovery_name = "product"
              [32m+[0m[0m port_name      = "http"

              [32m+[0m[0m client_alias {
                  [32m+[0m[0m dns_name = "product.unbox.local"
                  [32m+[0m[0m port     = 80
                }
            }
        }
    }

[1m  # module.ecs.aws_ecs_service.services["trade"][0m will be created
[0m  [32m+[0m[0m resource "aws_ecs_service" "services" {
      [32m+[0m[0m arn                                = (known after apply)
      [32m+[0m[0m availability_zone_rebalancing      = (known after apply)
      [32m+[0m[0m cluster                            = (known after apply)
      [32m+[0m[0m deployment_maximum_percent         = 200
      [32m+[0m[0m deployment_minimum_healthy_percent = 100
      [32m+[0m[0m desired_count                      = 1
      [32m+[0m[0m enable_ecs_managed_tags            = false
      [32m+[0m[0m enable_execute_command             = true
      [32m+[0m[0m force_new_deployment               = true
      [32m+[0m[0m iam_role                           = (known after apply)
      [32m+[0m[0m id                                 = (known after apply)
      [32m+[0m[0m launch_type                        = "FARGATE"
      [32m+[0m[0m name                               = "unbox-prod-trade"
      [32m+[0m[0m platform_version                   = (known after apply)
      [32m+[0m[0m region                             = "ap-northeast-2"
      [32m+[0m[0m scheduling_strategy                = "REPLICA"
      [32m+[0m[0m tags_all                           = (known after apply)
      [32m+[0m[0m task_definition                    = (known after apply)
      [32m+[0m[0m triggers                           = (known after apply)
      [32m+[0m[0m wait_for_steady_state              = false

      [32m+[0m[0m load_balancer {
          [32m+[0m[0m container_name   = "trade"
          [32m+[0m[0m container_port   = 8083
          [32m+[0m[0m target_group_arn = (known after apply)
        }

      [32m+[0m[0m network_configuration {
          [32m+[0m[0m assign_public_ip = false
          [32m+[0m[0m security_groups  = (known after apply)
          [32m+[0m[0m subnets          = (known after apply)
        }

      [32m+[0m[0m service_connect_configuration {
          [32m+[0m[0m enabled   = true
          [32m+[0m[0m namespace = (known after apply)

          [32m+[0m[0m service {
              [32m+[0m[0m discovery_name = "trade"
              [32m+[0m[0m port_name      = "http"

              [32m+[0m[0m client_alias {
                  [32m+[0m[0m dns_name = "trade.unbox.local"
                  [32m+[0m[0m port     = 80
                }
            }
        }
    }

[1m  # module.ecs.aws_ecs_service.services["user"][0m will be created
[0m  [32m+[0m[0m resource "aws_ecs_service" "services" {
      [32m+[0m[0m arn                                = (known after apply)
      [32m+[0m[0m availability_zone_rebalancing      = (known after apply)
      [32m+[0m[0m cluster                            = (known after apply)
      [32m+[0m[0m deployment_maximum_percent         = 200
      [32m+[0m[0m deployment_minimum_healthy_percent = 100
      [32m+[0m[0m desired_count                      = 1
      [32m+[0m[0m enable_ecs_managed_tags            = false
      [32m+[0m[0m enable_execute_command             = true
      [32m+[0m[0m force_new_deployment               = true
      [32m+[0m[0m iam_role                           = (known after apply)
      [32m+[0m[0m id                                 = (known after apply)
      [32m+[0m[0m launch_type                        = "FARGATE"
      [32m+[0m[0m name                               = "unbox-prod-user"
      [32m+[0m[0m platform_version                   = (known after apply)
      [32m+[0m[0m region                             = "ap-northeast-2"
      [32m+[0m[0m scheduling_strategy                = "REPLICA"
      [32m+[0m[0m tags_all                           = (known after apply)
      [32m+[0m[0m task_definition                    = (known after apply)
      [32m+[0m[0m triggers                           = (known after apply)
      [32m+[0m[0m wait_for_steady_state              = false

      [32m+[0m[0m load_balancer {
          [32m+[0m[0m container_name   = "user"
          [32m+[0m[0m container_port   = 8081
          [32m+[0m[0m target_group_arn = (known after apply)
        }

      [32m+[0m[0m network_configuration {
          [32m+[0m[0m assign_public_ip = false
          [32m+[0m[0m security_groups  = (known after apply)
          [32m+[0m[0m subnets          = (known after apply)
        }

      [32m+[0m[0m service_connect_configuration {
          [32m+[0m[0m enabled   = true
          [32m+[0m[0m namespace = (known after apply)

          [32m+[0m[0m service {
              [32m+[0m[0m discovery_name = "user"
              [32m+[0m[0m port_name      = "http"

              [32m+[0m[0m client_alias {
                  [32m+[0m[0m dns_name = "user.unbox.local"
                  [32m+[0m[0m port     = 80
                }
            }
        }
    }

[1m  # module.ecs.aws_ecs_task_definition.services["order"][0m will be created
[0m  [32m+[0m[0m resource "aws_ecs_task_definition" "services" {
      [32m+[0m[0m arn                      = (known after apply)
      [32m+[0m[0m arn_without_revision     = (known after apply)
      [32m+[0m[0m container_definitions    = (known after apply)
      [32m+[0m[0m cpu                      = "512"
      [32m+[0m[0m enable_fault_injection   = (known after apply)
      [32m+[0m[0m execution_role_arn       = (known after apply)
      [32m+[0m[0m family                   = "unbox-prod-order"
      [32m+[0m[0m id                       = (known after apply)
      [32m+[0m[0m memory                   = "2048"
      [32m+[0m[0m network_mode             = "awsvpc"
      [32m+[0m[0m region                   = "ap-northeast-2"
      [32m+[0m[0m requires_compatibilities = [
          [32m+[0m[0m "FARGATE",
        ]
      [32m+[0m[0m revision                 = (known after apply)
      [32m+[0m[0m skip_destroy             = false
      [32m+[0m[0m tags_all                 = (known after apply)
      [32m+[0m[0m task_role_arn            = (known after apply)
      [32m+[0m[0m track_latest             = false
    }

[1m  # module.ecs.aws_ecs_task_definition.services["payment"][0m will be created
[0m  [32m+[0m[0m resource "aws_ecs_task_definition" "services" {
      [32m+[0m[0m arn                      = (known after apply)
      [32m+[0m[0m arn_without_revision     = (known after apply)
      [32m+[0m[0m container_definitions    = (known after apply)
      [32m+[0m[0m cpu                      = "512"
      [32m+[0m[0m enable_fault_injection   = (known after apply)
      [32m+[0m[0m execution_role_arn       = (known after apply)
      [32m+[0m[0m family                   = "unbox-prod-payment"
      [32m+[0m[0m id                       = (known after apply)
      [32m+[0m[0m memory                   = "2048"
      [32m+[0m[0m network_mode             = "awsvpc"
      [32m+[0m[0m region                   = "ap-northeast-2"
      [32m+[0m[0m requires_compatibilities = [
          [32m+[0m[0m "FARGATE",
        ]
      [32m+[0m[0m revision                 = (known after apply)
      [32m+[0m[0m skip_destroy             = false
      [32m+[0m[0m tags_all                 = (known after apply)
      [32m+[0m[0m task_role_arn            = (known after apply)
      [32m+[0m[0m track_latest             = false
    }

[1m  # module.ecs.aws_ecs_task_definition.services["product"][0m will be created
[0m  [32m+[0m[0m resource "aws_ecs_task_definition" "services" {
      [32m+[0m[0m arn                      = (known after apply)
      [32m+[0m[0m arn_without_revision     = (known after apply)
      [32m+[0m[0m container_definitions    = (known after apply)
      [32m+[0m[0m cpu                      = "512"
      [32m+[0m[0m enable_fault_injection   = (known after apply)
      [32m+[0m[0m execution_role_arn       = (known after apply)
      [32m+[0m[0m family                   = "unbox-prod-product"
      [32m+[0m[0m id                       = (known after apply)
      [32m+[0m[0m memory                   = "2048"
      [32m+[0m[0m network_mode             = "awsvpc"
      [32m+[0m[0m region                   = "ap-northeast-2"
      [32m+[0m[0m requires_compatibilities = [
          [32m+[0m[0m "FARGATE",
        ]
      [32m+[0m[0m revision                 = (known after apply)
      [32m+[0m[0m skip_destroy             = false
      [32m+[0m[0m tags_all                 = (known after apply)
      [32m+[0m[0m task_role_arn            = (known after apply)
      [32m+[0m[0m track_latest             = false
    }

[1m  # module.ecs.aws_ecs_task_definition.services["trade"][0m will be created
[0m  [32m+[0m[0m resource "aws_ecs_task_definition" "services" {
      [32m+[0m[0m arn                      = (known after apply)
      [32m+[0m[0m arn_without_revision     = (known after apply)
      [32m+[0m[0m container_definitions    = (known after apply)
      [32m+[0m[0m cpu                      = "512"
      [32m+[0m[0m enable_fault_injection   = (known after apply)
      [32m+[0m[0m execution_role_arn       = (known after apply)
      [32m+[0m[0m family                   = "unbox-prod-trade"
      [32m+[0m[0m id                       = (known after apply)
      [32m+[0m[0m memory                   = "2048"
      [32m+[0m[0m network_mode             = "awsvpc"
      [32m+[0m[0m region                   = "ap-northeast-2"
      [32m+[0m[0m requires_compatibilities = [
          [32m+[0m[0m "FARGATE",
        ]
      [32m+[0m[0m revision                 = (known after apply)
      [32m+[0m[0m skip_destroy             = false
      [32m+[0m[0m tags_all                 = (known after apply)
      [32m+[0m[0m task_role_arn            = (known after apply)
      [32m+[0m[0m track_latest             = false
    }

[1m  # module.ecs.aws_ecs_task_definition.services["user"][0m will be created
[0m  [32m+[0m[0m resource "aws_ecs_task_definition" "services" {
      [32m+[0m[0m arn                      = (known after apply)
      [32m+[0m[0m arn_without_revision     = (known after apply)
      [32m+[0m[0m container_definitions    = (known after apply)
      [32m+[0m[0m cpu                      = "512"
      [32m+[0m[0m enable_fault_injection   = (known after apply)
      [32m+[0m[0m execution_role_arn       = (known after apply)
      [32m+[0m[0m family                   = "unbox-prod-user"
      [32m+[0m[0m id                       = (known after apply)
      [32m+[0m[0m memory                   = "2048"
      [32m+[0m[0m network_mode             = "awsvpc"
      [32m+[0m[0m region                   = "ap-northeast-2"
      [32m+[0m[0m requires_compatibilities = [
          [32m+[0m[0m "FARGATE",
        ]
      [32m+[0m[0m revision                 = (known after apply)
      [32m+[0m[0m skip_destroy             = false
      [32m+[0m[0m tags_all                 = (known after apply)
      [32m+[0m[0m task_role_arn            = (known after apply)
      [32m+[0m[0m track_latest             = false
    }

[1m  # module.msk.aws_msk_cluster.provisioned[0][0m will be created
[0m  [32m+[0m[0m resource "aws_msk_cluster" "provisioned" {
      [32m+[0m[0m arn                                           = (known after apply)
      [32m+[0m[0m bootstrap_brokers                             = (known after apply)
      [32m+[0m[0m bootstrap_brokers_public_sasl_iam             = (known after apply)
      [32m+[0m[0m bootstrap_brokers_public_sasl_scram           = (known after apply)
      [32m+[0m[0m bootstrap_brokers_public_tls                  = (known after apply)
      [32m+[0m[0m bootstrap_brokers_sasl_iam                    = (known after apply)
      [32m+[0m[0m bootstrap_brokers_sasl_scram                  = (known after apply)
      [32m+[0m[0m bootstrap_brokers_tls                         = (known after apply)
      [32m+[0m[0m bootstrap_brokers_vpc_connectivity_sasl_iam   = (known after apply)
      [32m+[0m[0m bootstrap_brokers_vpc_connectivity_sasl_scram = (known after apply)
      [32m+[0m[0m bootstrap_brokers_vpc_connectivity_tls        = (known after apply)
      [32m+[0m[0m cluster_name                                  = "unbox-prod-msk"
      [32m+[0m[0m cluster_uuid                                  = (known after apply)
      [32m+[0m[0m current_version                               = (known after apply)
      [32m+[0m[0m enhanced_monitoring                           = "DEFAULT"
      [32m+[0m[0m id                                            = (known after apply)
      [32m+[0m[0m kafka_version                                 = "3.8.1"
      [32m+[0m[0m number_of_broker_nodes                        = 3
      [32m+[0m[0m region                                        = "ap-northeast-2"
      [32m+[0m[0m storage_mode                                  = (known after apply)
      [32m+[0m[0m tags_all                                      = (known after apply)
      [32m+[0m[0m zookeeper_connect_string                      = (known after apply)
      [32m+[0m[0m zookeeper_connect_string_tls                  = (known after apply)

      [32m+[0m[0m broker_node_group_info {
          [32m+[0m[0m az_distribution = "DEFAULT"
          [32m+[0m[0m client_subnets  = (known after apply)
          [32m+[0m[0m instance_type   = "kafka.t3.small"
          [32m+[0m[0m security_groups = (known after apply)

          [32m+[0m[0m storage_info {
              [32m+[0m[0m ebs_storage_info {
                  [32m+[0m[0m volume_size = 10
                }
            }
        }

      [32m+[0m[0m encryption_info {
          [32m+[0m[0m encryption_at_rest_kms_key_arn = "arn:aws:kms:ap-northeast-2:632941626317:key/5c877775-e0f7-40cd-998f-d27ae7eb28a7"

          [32m+[0m[0m encryption_in_transit {
              [32m+[0m[0m client_broker = "TLS"
              [32m+[0m[0m in_cluster    = true
            }
        }
    }

[1m  # module.rds.aws_db_instance.postgresql["order"][0m will be created
[0m  [32m+[0m[0m resource "aws_db_instance" "postgresql" {
      [32m+[0m[0m address                               = (known after apply)
      [32m+[0m[0m allocated_storage                     = 20
      [32m+[0m[0m apply_immediately                     = false
      [32m+[0m[0m arn                                   = (known after apply)
      [32m+[0m[0m auto_minor_version_upgrade            = true
      [32m+[0m[0m availability_zone                     = (known after apply)
      [32m+[0m[0m backup_retention_period               = 7
      [32m+[0m[0m backup_target                         = (known after apply)
      [32m+[0m[0m backup_window                         = (known after apply)
      [32m+[0m[0m ca_cert_identifier                    = (known after apply)
      [32m+[0m[0m character_set_name                    = (known after apply)
      [32m+[0m[0m copy_tags_to_snapshot                 = false
      [32m+[0m[0m database_insights_mode                = (known after apply)
      [32m+[0m[0m db_name                               = "order_db"
      [32m+[0m[0m db_subnet_group_name                  = "unbox-prod-rds-sng"
      [32m+[0m[0m dedicated_log_volume                  = false
      [32m+[0m[0m delete_automated_backups              = true
      [32m+[0m[0m domain_fqdn                           = (known after apply)
      [32m+[0m[0m endpoint                              = (known after apply)
      [32m+[0m[0m engine                                = "postgres"
      [32m+[0m[0m engine_lifecycle_support              = (known after apply)
      [32m+[0m[0m engine_version                        = "16"
      [32m+[0m[0m engine_version_actual                 = (known after apply)
      [32m+[0m[0m hosted_zone_id                        = (known after apply)
      [32m+[0m[0m id                                    = (known after apply)
      [32m+[0m[0m identifier                            = "unbox-prod-order-db"
      [32m+[0m[0m identifier_prefix                     = (known after apply)
      [32m+[0m[0m instance_class                        = "db.t4g.micro"
      [32m+[0m[0m iops                                  = (known after apply)
      [32m+[0m[0m kms_key_id                            = "arn:aws:kms:ap-northeast-2:632941626317:key/5c877775-e0f7-40cd-998f-d27ae7eb28a7"
      [32m+[0m[0m latest_restorable_time                = (known after apply)
      [32m+[0m[0m license_model                         = (known after apply)
      [32m+[0m[0m listener_endpoint                     = (known after apply)
      [32m+[0m[0m maintenance_window                    = (known after apply)
      [32m+[0m[0m master_user_secret                    = (known after apply)
      [32m+[0m[0m master_user_secret_kms_key_id         = (known after apply)
      [32m+[0m[0m monitoring_interval                   = 0
      [32m+[0m[0m monitoring_role_arn                   = (known after apply)
      [32m+[0m[0m multi_az                              = true
      [32m+[0m[0m nchar_character_set_name              = (known after apply)
      [32m+[0m[0m network_type                          = (known after apply)
      [32m+[0m[0m option_group_name                     = (known after apply)
      [32m+[0m[0m parameter_group_name                  = (known after apply)
      [32m+[0m[0m password                              = (sensitive value)
      [32m+[0m[0m performance_insights_enabled          = false
      [32m+[0m[0m performance_insights_kms_key_id       = (known after apply)
      [32m+[0m[0m performance_insights_retention_period = (known after apply)
      [32m+[0m[0m port                                  = (known after apply)
      [32m+[0m[0m publicly_accessible                   = false
      [32m+[0m[0m region                                = "ap-northeast-2"
      [32m+[0m[0m replica_mode                          = (known after apply)
      [32m+[0m[0m replicas                              = (known after apply)
      [32m+[0m[0m resource_id                           = (known after apply)
      [32m+[0m[0m skip_final_snapshot                   = false
      [32m+[0m[0m snapshot_identifier                   = (known after apply)
      [32m+[0m[0m status                                = (known after apply)
      [32m+[0m[0m storage_encrypted                     = true
      [32m+[0m[0m storage_throughput                    = (known after apply)
      [32m+[0m[0m storage_type                          = (known after apply)
      [32m+[0m[0m tags                                  = {
          [32m+[0m[0m "Name" = "unbox-prod-order-db"
        }
      [32m+[0m[0m tags_all                              = {
          [32m+[0m[0m "Name" = "unbox-prod-order-db"
        }
      [32m+[0m[0m timezone                              = (known after apply)
      [32m+[0m[0m upgrade_rollout_order                 = (known after apply)
      [32m+[0m[0m username                              = "unbox_admin"
      [32m+[0m[0m vpc_security_group_ids                = (known after apply)
    }

[1m  # module.rds.aws_db_instance.postgresql["payment"][0m will be created
[0m  [32m+[0m[0m resource "aws_db_instance" "postgresql" {
      [32m+[0m[0m address                               = (known after apply)
      [32m+[0m[0m allocated_storage                     = 20
      [32m+[0m[0m apply_immediately                     = false
      [32m+[0m[0m arn                                   = (known after apply)
      [32m+[0m[0m auto_minor_version_upgrade            = true
      [32m+[0m[0m availability_zone                     = (known after apply)
      [32m+[0m[0m backup_retention_period               = 7
      [32m+[0m[0m backup_target                         = (known after apply)
      [32m+[0m[0m backup_window                         = (known after apply)
      [32m+[0m[0m ca_cert_identifier                    = (known after apply)
      [32m+[0m[0m character_set_name                    = (known after apply)
      [32m+[0m[0m copy_tags_to_snapshot                 = false
      [32m+[0m[0m database_insights_mode                = (known after apply)
      [32m+[0m[0m db_name                               = "payment_db"
      [32m+[0m[0m db_subnet_group_name                  = "unbox-prod-rds-sng"
      [32m+[0m[0m dedicated_log_volume                  = false
      [32m+[0m[0m delete_automated_backups              = true
      [32m+[0m[0m domain_fqdn                           = (known after apply)
      [32m+[0m[0m endpoint                              = (known after apply)
      [32m+[0m[0m engine                                = "postgres"
      [32m+[0m[0m engine_lifecycle_support              = (known after apply)
      [32m+[0m[0m engine_version                        = "16"
      [32m+[0m[0m engine_version_actual                 = (known after apply)
      [32m+[0m[0m hosted_zone_id                        = (known after apply)
      [32m+[0m[0m id                                    = (known after apply)
      [32m+[0m[0m identifier                            = "unbox-prod-payment-db"
      [32m+[0m[0m identifier_prefix                     = (known after apply)
      [32m+[0m[0m instance_class                        = "db.t4g.micro"
      [32m+[0m[0m iops                                  = (known after apply)
      [32m+[0m[0m kms_key_id                            = "arn:aws:kms:ap-northeast-2:632941626317:key/5c877775-e0f7-40cd-998f-d27ae7eb28a7"
      [32m+[0m[0m latest_restorable_time                = (known after apply)
      [32m+[0m[0m license_model                         = (known after apply)
      [32m+[0m[0m listener_endpoint                     = (known after apply)
      [32m+[0m[0m maintenance_window                    = (known after apply)
      [32m+[0m[0m master_user_secret                    = (known after apply)
      [32m+[0m[0m master_user_secret_kms_key_id         = (known after apply)
      [32m+[0m[0m monitoring_interval                   = 0
      [32m+[0m[0m monitoring_role_arn                   = (known after apply)
      [32m+[0m[0m multi_az                              = true
      [32m+[0m[0m nchar_character_set_name              = (known after apply)
      [32m+[0m[0m network_type                          = (known after apply)
      [32m+[0m[0m option_group_name                     = (known after apply)
      [32m+[0m[0m parameter_group_name                  = (known after apply)
      [32m+[0m[0m password                              = (sensitive value)
      [32m+[0m[0m performance_insights_enabled          = false
      [32m+[0m[0m performance_insights_kms_key_id       = (known after apply)
      [32m+[0m[0m performance_insights_retention_period = (known after apply)
      [32m+[0m[0m port                                  = (known after apply)
      [32m+[0m[0m publicly_accessible                   = false
      [32m+[0m[0m region                                = "ap-northeast-2"
      [32m+[0m[0m replica_mode                          = (known after apply)
      [32m+[0m[0m replicas                              = (known after apply)
      [32m+[0m[0m resource_id                           = (known after apply)
      [32m+[0m[0m skip_final_snapshot                   = false
      [32m+[0m[0m snapshot_identifier                   = (known after apply)
      [32m+[0m[0m status                                = (known after apply)
      [32m+[0m[0m storage_encrypted                     = true
      [32m+[0m[0m storage_throughput                    = (known after apply)
      [32m+[0m[0m storage_type                          = (known after apply)
      [32m+[0m[0m tags                                  = {
          [32m+[0m[0m "Name" = "unbox-prod-payment-db"
        }
      [32m+[0m[0m tags_all                              = {
          [32m+[0m[0m "Name" = "unbox-prod-payment-db"
        }
      [32m+[0m[0m timezone                              = (known after apply)
      [32m+[0m[0m upgrade_rollout_order                 = (known after apply)
      [32m+[0m[0m username                              = "unbox_admin"
      [32m+[0m[0m vpc_security_group_ids                = (known after apply)
    }

[1m  # module.rds.aws_db_instance.postgresql["product"][0m will be created
[0m  [32m+[0m[0m resource "aws_db_instance" "postgresql" {
      [32m+[0m[0m address                               = (known after apply)
      [32m+[0m[0m allocated_storage                     = 20
      [32m+[0m[0m apply_immediately                     = false
      [32m+[0m[0m arn                                   = (known after apply)
      [32m+[0m[0m auto_minor_version_upgrade            = true
      [32m+[0m[0m availability_zone                     = (known after apply)
      [32m+[0m[0m backup_retention_period               = 7
      [32m+[0m[0m backup_target                         = (known after apply)
      [32m+[0m[0m backup_window                         = (known after apply)
      [32m+[0m[0m ca_cert_identifier                    = (known after apply)
      [32m+[0m[0m character_set_name                    = (known after apply)
      [32m+[0m[0m copy_tags_to_snapshot                 = false
      [32m+[0m[0m database_insights_mode                = (known after apply)
      [32m+[0m[0m db_name                               = "product_db"
      [32m+[0m[0m db_subnet_group_name                  = "unbox-prod-rds-sng"
      [32m+[0m[0m dedicated_log_volume                  = false
      [32m+[0m[0m delete_automated_backups              = true
      [32m+[0m[0m domain_fqdn                           = (known after apply)
      [32m+[0m[0m endpoint                              = (known after apply)
      [32m+[0m[0m engine                                = "postgres"
      [32m+[0m[0m engine_lifecycle_support              = (known after apply)
      [32m+[0m[0m engine_version                        = "16"
      [32m+[0m[0m engine_version_actual                 = (known after apply)
      [32m+[0m[0m hosted_zone_id                        = (known after apply)
      [32m+[0m[0m id                                    = (known after apply)
      [32m+[0m[0m identifier                            = "unbox-prod-product-db"
      [32m+[0m[0m identifier_prefix                     = (known after apply)
      [32m+[0m[0m instance_class                        = "db.t4g.micro"
      [32m+[0m[0m iops                                  = (known after apply)
      [32m+[0m[0m kms_key_id                            = "arn:aws:kms:ap-northeast-2:632941626317:key/5c877775-e0f7-40cd-998f-d27ae7eb28a7"
      [32m+[0m[0m latest_restorable_time                = (known after apply)
      [32m+[0m[0m license_model                         = (known after apply)
      [32m+[0m[0m listener_endpoint                     = (known after apply)
      [32m+[0m[0m maintenance_window                    = (known after apply)
      [32m+[0m[0m master_user_secret                    = (known after apply)
      [32m+[0m[0m master_user_secret_kms_key_id         = (known after apply)
      [32m+[0m[0m monitoring_interval                   = 0
      [32m+[0m[0m monitoring_role_arn                   = (known after apply)
      [32m+[0m[0m multi_az                              = true
      [32m+[0m[0m nchar_character_set_name              = (known after apply)
      [32m+[0m[0m network_type                          = (known after apply)
      [32m+[0m[0m option_group_name                     = (known after apply)
      [32m+[0m[0m parameter_group_name                  = (known after apply)
      [32m+[0m[0m password                              = (sensitive value)
      [32m+[0m[0m performance_insights_enabled          = false
      [32m+[0m[0m performance_insights_kms_key_id       = (known after apply)
      [32m+[0m[0m performance_insights_retention_period = (known after apply)
      [32m+[0m[0m port                                  = (known after apply)
      [32m+[0m[0m publicly_accessible                   = false
      [32m+[0m[0m region                                = "ap-northeast-2"
      [32m+[0m[0m replica_mode                          = (known after apply)
      [32m+[0m[0m replicas                              = (known after apply)
      [32m+[0m[0m resource_id                           = (known after apply)
      [32m+[0m[0m skip_final_snapshot                   = false
      [32m+[0m[0m snapshot_identifier                   = (known after apply)
      [32m+[0m[0m status                                = (known after apply)
      [32m+[0m[0m storage_encrypted                     = true
      [32m+[0m[0m storage_throughput                    = (known after apply)
      [32m+[0m[0m storage_type                          = (known after apply)
      [32m+[0m[0m tags                                  = {
          [32m+[0m[0m "Name" = "unbox-prod-product-db"
        }
      [32m+[0m[0m tags_all                              = {
          [32m+[0m[0m "Name" = "unbox-prod-product-db"
        }
      [32m+[0m[0m timezone                              = (known after apply)
      [32m+[0m[0m upgrade_rollout_order                 = (known after apply)
      [32m+[0m[0m username                              = "unbox_admin"
      [32m+[0m[0m vpc_security_group_ids                = (known after apply)
    }

[1m  # module.rds.aws_db_instance.postgresql["trade"][0m will be created
[0m  [32m+[0m[0m resource "aws_db_instance" "postgresql" {
      [32m+[0m[0m address                               = (known after apply)
      [32m+[0m[0m allocated_storage                     = 20
      [32m+[0m[0m apply_immediately                     = false
      [32m+[0m[0m arn                                   = (known after apply)
      [32m+[0m[0m auto_minor_version_upgrade            = true
      [32m+[0m[0m availability_zone                     = (known after apply)
      [32m+[0m[0m backup_retention_period               = 7
      [32m+[0m[0m backup_target                         = (known after apply)
      [32m+[0m[0m backup_window                         = (known after apply)
      [32m+[0m[0m ca_cert_identifier                    = (known after apply)
      [32m+[0m[0m character_set_name                    = (known after apply)
      [32m+[0m[0m copy_tags_to_snapshot                 = false
      [32m+[0m[0m database_insights_mode                = (known after apply)
      [32m+[0m[0m db_name                               = "trade_db"
      [32m+[0m[0m db_subnet_group_name                  = "unbox-prod-rds-sng"
      [32m+[0m[0m dedicated_log_volume                  = false
      [32m+[0m[0m delete_automated_backups              = true
      [32m+[0m[0m domain_fqdn                           = (known after apply)
      [32m+[0m[0m endpoint                              = (known after apply)
      [32m+[0m[0m engine                                = "postgres"
      [32m+[0m[0m engine_lifecycle_support              = (known after apply)
      [32m+[0m[0m engine_version                        = "16"
      [32m+[0m[0m engine_version_actual                 = (known after apply)
      [32m+[0m[0m hosted_zone_id                        = (known after apply)
      [32m+[0m[0m id                                    = (known after apply)
      [32m+[0m[0m identifier                            = "unbox-prod-trade-db"
      [32m+[0m[0m identifier_prefix                     = (known after apply)
      [32m+[0m[0m instance_class                        = "db.t4g.micro"
      [32m+[0m[0m iops                                  = (known after apply)
      [32m+[0m[0m kms_key_id                            = "arn:aws:kms:ap-northeast-2:632941626317:key/5c877775-e0f7-40cd-998f-d27ae7eb28a7"
      [32m+[0m[0m latest_restorable_time                = (known after apply)
      [32m+[0m[0m license_model                         = (known after apply)
      [32m+[0m[0m listener_endpoint                     = (known after apply)
      [32m+[0m[0m maintenance_window                    = (known after apply)
      [32m+[0m[0m master_user_secret                    = (known after apply)
      [32m+[0m[0m master_user_secret_kms_key_id         = (known after apply)
      [32m+[0m[0m monitoring_interval                   = 0
      [32m+[0m[0m monitoring_role_arn                   = (known after apply)
      [32m+[0m[0m multi_az                              = true
      [32m+[0m[0m nchar_character_set_name              = (known after apply)
      [32m+[0m[0m network_type                          = (known after apply)
      [32m+[0m[0m option_group_name                     = (known after apply)
      [32m+[0m[0m parameter_group_name                  = (known after apply)
      [32m+[0m[0m password                              = (sensitive value)
      [32m+[0m[0m performance_insights_enabled          = false
      [32m+[0m[0m performance_insights_kms_key_id       = (known after apply)
      [32m+[0m[0m performance_insights_retention_period = (known after apply)
      [32m+[0m[0m port                                  = (known after apply)
      [32m+[0m[0m publicly_accessible                   = false
      [32m+[0m[0m region                                = "ap-northeast-2"
      [32m+[0m[0m replica_mode                          = (known after apply)
      [32m+[0m[0m replicas                              = (known after apply)
      [32m+[0m[0m resource_id                           = (known after apply)
      [32m+[0m[0m skip_final_snapshot                   = false
      [32m+[0m[0m snapshot_identifier                   = (known after apply)
      [32m+[0m[0m status                                = (known after apply)
      [32m+[0m[0m storage_encrypted                     = true
      [32m+[0m[0m storage_throughput                    = (known after apply)
      [32m+[0m[0m storage_type                          = (known after apply)
      [32m+[0m[0m tags                                  = {
          [32m+[0m[0m "Name" = "unbox-prod-trade-db"
        }
      [32m+[0m[0m tags_all                              = {
          [32m+[0m[0m "Name" = "unbox-prod-trade-db"
        }
      [32m+[0m[0m timezone                              = (known after apply)
      [32m+[0m[0m upgrade_rollout_order                 = (known after apply)
      [32m+[0m[0m username                              = "unbox_admin"
      [32m+[0m[0m vpc_security_group_ids                = (known after apply)
    }

[1m  # module.rds.aws_db_instance.postgresql["user"][0m will be created
[0m  [32m+[0m[0m resource "aws_db_instance" "postgresql" {
      [32m+[0m[0m address                               = (known after apply)
      [32m+[0m[0m allocated_storage                     = 20
      [32m+[0m[0m apply_immediately                     = false
      [32m+[0m[0m arn                                   = (known after apply)
      [32m+[0m[0m auto_minor_version_upgrade            = true
      [32m+[0m[0m availability_zone                     = (known after apply)
      [32m+[0m[0m backup_retention_period               = 7
      [32m+[0m[0m backup_target                         = (known after apply)
      [32m+[0m[0m backup_window                         = (known after apply)
      [32m+[0m[0m ca_cert_identifier                    = (known after apply)
      [32m+[0m[0m character_set_name                    = (known after apply)
      [32m+[0m[0m copy_tags_to_snapshot                 = false
      [32m+[0m[0m database_insights_mode                = (known after apply)
      [32m+[0m[0m db_name                               = "user_db"
      [32m+[0m[0m db_subnet_group_name                  = "unbox-prod-rds-sng"
      [32m+[0m[0m dedicated_log_volume                  = false
      [32m+[0m[0m delete_automated_backups              = true
      [32m+[0m[0m domain_fqdn                           = (known after apply)
      [32m+[0m[0m endpoint                              = (known after apply)
      [32m+[0m[0m engine                                = "postgres"
      [32m+[0m[0m engine_lifecycle_support              = (known after apply)
      [32m+[0m[0m engine_version                        = "16"
      [32m+[0m[0m engine_version_actual                 = (known after apply)
      [32m+[0m[0m hosted_zone_id                        = (known after apply)
      [32m+[0m[0m id                                    = (known after apply)
      [32m+[0m[0m identifier                            = "unbox-prod-user-db"
      [32m+[0m[0m identifier_prefix                     = (known after apply)
      [32m+[0m[0m instance_class                        = "db.t4g.micro"
      [32m+[0m[0m iops                                  = (known after apply)
      [32m+[0m[0m kms_key_id                            = "arn:aws:kms:ap-northeast-2:632941626317:key/5c877775-e0f7-40cd-998f-d27ae7eb28a7"
      [32m+[0m[0m latest_restorable_time                = (known after apply)
      [32m+[0m[0m license_model                         = (known after apply)
      [32m+[0m[0m listener_endpoint                     = (known after apply)
      [32m+[0m[0m maintenance_window                    = (known after apply)
      [32m+[0m[0m master_user_secret                    = (known after apply)
      [32m+[0m[0m master_user_secret_kms_key_id         = (known after apply)
      [32m+[0m[0m monitoring_interval                   = 0
      [32m+[0m[0m monitoring_role_arn                   = (known after apply)
      [32m+[0m[0m multi_az                              = true
      [32m+[0m[0m nchar_character_set_name              = (known after apply)
      [32m+[0m[0m network_type                          = (known after apply)
      [32m+[0m[0m option_group_name                     = (known after apply)
      [32m+[0m[0m parameter_group_name                  = (known after apply)
      [32m+[0m[0m password                              = (sensitive value)
      [32m+[0m[0m performance_insights_enabled          = false
      [32m+[0m[0m performance_insights_kms_key_id       = (known after apply)
      [32m+[0m[0m performance_insights_retention_period = (known after apply)
      [32m+[0m[0m port                                  = (known after apply)
      [32m+[0m[0m publicly_accessible                   = false
      [32m+[0m[0m region                                = "ap-northeast-2"
      [32m+[0m[0m replica_mode                          = (known after apply)
      [32m+[0m[0m replicas                              = (known after apply)
      [32m+[0m[0m resource_id                           = (known after apply)
      [32m+[0m[0m skip_final_snapshot                   = false
      [32m+[0m[0m snapshot_identifier                   = (known after apply)
      [32m+[0m[0m status                                = (known after apply)
      [32m+[0m[0m storage_encrypted                     = true
      [32m+[0m[0m storage_throughput                    = (known after apply)
      [32m+[0m[0m storage_type                          = (known after apply)
      [32m+[0m[0m tags                                  = {
          [32m+[0m[0m "Name" = "unbox-prod-user-db"
        }
      [32m+[0m[0m tags_all                              = {
          [32m+[0m[0m "Name" = "unbox-prod-user-db"
        }
      [32m+[0m[0m timezone                              = (known after apply)
      [32m+[0m[0m upgrade_rollout_order                 = (known after apply)
      [32m+[0m[0m username                              = "unbox_admin"
      [32m+[0m[0m vpc_security_group_ids                = (known after apply)
    }

[1m  # module.rds.aws_db_subnet_group.this[0m will be created
[0m  [32m+[0m[0m resource "aws_db_subnet_group" "this" {
      [32m+[0m[0m arn                     = (known after apply)
      [32m+[0m[0m description             = "Managed by Terraform"
      [32m+[0m[0m id                      = (known after apply)
      [32m+[0m[0m name                    = "unbox-prod-rds-sng"
      [32m+[0m[0m name_prefix             = (known after apply)
      [32m+[0m[0m region                  = "ap-northeast-2"
      [32m+[0m[0m subnet_ids              = (known after apply)
      [32m+[0m[0m supported_network_types = (known after apply)
      [32m+[0m[0m tags                    = {
          [32m+[0m[0m "Name" = "unbox-prod-rds-sng"
        }
      [32m+[0m[0m tags_all                = {
          [32m+[0m[0m "Name" = "unbox-prod-rds-sng"
        }
      [32m+[0m[0m vpc_id                  = (known after apply)
    }

[1m  # module.redis.aws_elasticache_replication_group.this[0m will be created
[0m  [32m+[0m[0m resource "aws_elasticache_replication_group" "this" {
      [32m+[0m[0m apply_immediately              = (known after apply)
      [32m+[0m[0m arn                            = (known after apply)
      [32m+[0m[0m at_rest_encryption_enabled     = "true"
      [32m+[0m[0m auto_minor_version_upgrade     = (known after apply)
      [32m+[0m[0m automatic_failover_enabled     = true
      [32m+[0m[0m cluster_enabled                = (known after apply)
      [32m+[0m[0m cluster_mode                   = (known after apply)
      [32m+[0m[0m configuration_endpoint_address = (known after apply)
      [32m+[0m[0m data_tiering_enabled           = (known after apply)
      [32m+[0m[0m description                    = "Redis cluster for unbox"
      [32m+[0m[0m engine                         = "redis"
      [32m+[0m[0m engine_version                 = "7.0"
      [32m+[0m[0m engine_version_actual          = (known after apply)
      [32m+[0m[0m global_replication_group_id    = (known after apply)
      [32m+[0m[0m id                             = (known after apply)
      [32m+[0m[0m ip_discovery                   = (known after apply)
      [32m+[0m[0m kms_key_id                     = "arn:aws:kms:ap-northeast-2:632941626317:key/5c877775-e0f7-40cd-998f-d27ae7eb28a7"
      [32m+[0m[0m maintenance_window             = (known after apply)
      [32m+[0m[0m member_clusters                = (known after apply)
      [32m+[0m[0m multi_az_enabled               = true
      [32m+[0m[0m network_type                   = (known after apply)
      [32m+[0m[0m node_type                      = "cache.t4g.small"
      [32m+[0m[0m num_cache_clusters             = 2
      [32m+[0m[0m num_node_groups                = (known after apply)
      [32m+[0m[0m parameter_group_name           = "default.redis7"
      [32m+[0m[0m port                           = 6379
      [32m+[0m[0m primary_endpoint_address       = (known after apply)
      [32m+[0m[0m reader_endpoint_address        = (known after apply)
      [32m+[0m[0m region                         = "ap-northeast-2"
      [32m+[0m[0m replicas_per_node_group        = (known after apply)
      [32m+[0m[0m replication_group_id           = "unbox-prod-redis"
      [32m+[0m[0m security_group_ids             = (known after apply)
      [32m+[0m[0m security_group_names           = (known after apply)
      [32m+[0m[0m snapshot_window                = (known after apply)
      [32m+[0m[0m subnet_group_name              = "unbox-prod-redis-sng"
      [32m+[0m[0m tags                           = {
          [32m+[0m[0m "Name" = "unbox-prod-redis"
        }
      [32m+[0m[0m tags_all                       = {
          [32m+[0m[0m "Name" = "unbox-prod-redis"
        }
      [32m+[0m[0m transit_encryption_enabled     = true
      [32m+[0m[0m transit_encryption_mode        = (known after apply)
    }

[1m  # module.redis.aws_elasticache_subnet_group.this[0m will be created
[0m  [32m+[0m[0m resource "aws_elasticache_subnet_group" "this" {
      [32m+[0m[0m arn         = (known after apply)
      [32m+[0m[0m description = "Managed by Terraform"
      [32m+[0m[0m id          = (known after apply)
      [32m+[0m[0m name        = "unbox-prod-redis-sng"
      [32m+[0m[0m region      = "ap-northeast-2"
      [32m+[0m[0m subnet_ids  = (known after apply)
      [32m+[0m[0m tags_all    = (known after apply)
      [32m+[0m[0m vpc_id      = (known after apply)
    }

[1m  # module.s3.aws_s3_bucket.this["artifacts"][0m will be created
[0m  [32m+[0m[0m resource "aws_s3_bucket" "this" {
      [32m+[0m[0m acceleration_status         = (known after apply)
      [32m+[0m[0m acl                         = (known after apply)
      [32m+[0m[0m arn                         = (known after apply)
      [32m+[0m[0m bucket                      = "unbox-prod-artifacts-ap-northeast-2"
      [32m+[0m[0m bucket_domain_name          = (known after apply)
      [32m+[0m[0m bucket_prefix               = (known after apply)
      [32m+[0m[0m bucket_region               = (known after apply)
      [32m+[0m[0m bucket_regional_domain_name = (known after apply)
      [32m+[0m[0m force_destroy               = false
      [32m+[0m[0m hosted_zone_id              = (known after apply)
      [32m+[0m[0m id                          = (known after apply)
      [32m+[0m[0m object_lock_enabled         = (known after apply)
      [32m+[0m[0m policy                      = (known after apply)
      [32m+[0m[0m region                      = "ap-northeast-2"
      [32m+[0m[0m request_payer               = (known after apply)
      [32m+[0m[0m tags                        = {
          [32m+[0m[0m "Name" = "unbox-prod-artifacts-s3"
        }
      [32m+[0m[0m tags_all                    = {
          [32m+[0m[0m "Name" = "unbox-prod-artifacts-s3"
        }
      [32m+[0m[0m website_domain              = (known after apply)
      [32m+[0m[0m website_endpoint            = (known after apply)
    }

[1m  # module.s3.aws_s3_bucket.this["cloudtrail"][0m will be created
[0m  [32m+[0m[0m resource "aws_s3_bucket" "this" {
      [32m+[0m[0m acceleration_status         = (known after apply)
      [32m+[0m[0m acl                         = (known after apply)
      [32m+[0m[0m arn                         = (known after apply)
      [32m+[0m[0m bucket                      = "unbox-prod-cloudtrail-ap-northeast-2"
      [32m+[0m[0m bucket_domain_name          = (known after apply)
      [32m+[0m[0m bucket_prefix               = (known after apply)
      [32m+[0m[0m bucket_region               = (known after apply)
      [32m+[0m[0m bucket_regional_domain_name = (known after apply)
      [32m+[0m[0m force_destroy               = false
      [32m+[0m[0m hosted_zone_id              = (known after apply)
      [32m+[0m[0m id                          = (known after apply)
      [32m+[0m[0m object_lock_enabled         = (known after apply)
      [32m+[0m[0m policy                      = (known after apply)
      [32m+[0m[0m region                      = "ap-northeast-2"
      [32m+[0m[0m request_payer               = (known after apply)
      [32m+[0m[0m tags                        = {
          [32m+[0m[0m "Name" = "unbox-prod-cloudtrail-s3"
        }
      [32m+[0m[0m tags_all                    = {
          [32m+[0m[0m "Name" = "unbox-prod-cloudtrail-s3"
        }
      [32m+[0m[0m website_domain              = (known after apply)
      [32m+[0m[0m website_endpoint            = (known after apply)
    }

[1m  # module.s3.aws_s3_bucket.this["data"][0m will be created
[0m  [32m+[0m[0m resource "aws_s3_bucket" "this" {
      [32m+[0m[0m acceleration_status         = (known after apply)
      [32m+[0m[0m acl                         = (known after apply)
      [32m+[0m[0m arn                         = (known after apply)
      [32m+[0m[0m bucket                      = "unbox-prod-data-ap-northeast-2"
      [32m+[0m[0m bucket_domain_name          = (known after apply)
      [32m+[0m[0m bucket_prefix               = (known after apply)
      [32m+[0m[0m bucket_region               = (known after apply)
      [32m+[0m[0m bucket_regional_domain_name = (known after apply)
      [32m+[0m[0m force_destroy               = false
      [32m+[0m[0m hosted_zone_id              = (known after apply)
      [32m+[0m[0m id                          = (known after apply)
      [32m+[0m[0m object_lock_enabled         = (known after apply)
      [32m+[0m[0m policy                      = (known after apply)
      [32m+[0m[0m region                      = "ap-northeast-2"
      [32m+[0m[0m request_payer               = (known after apply)
      [32m+[0m[0m tags                        = {
          [32m+[0m[0m "Name" = "unbox-prod-data-s3"
        }
      [32m+[0m[0m tags_all                    = {
          [32m+[0m[0m "Name" = "unbox-prod-data-s3"
        }
      [32m+[0m[0m website_domain              = (known after apply)
      [32m+[0m[0m website_endpoint            = (known after apply)
    }

[1m  # module.s3.aws_s3_bucket.this["logs"][0m will be created
[0m  [32m+[0m[0m resource "aws_s3_bucket" "this" {
      [32m+[0m[0m acceleration_status         = (known after apply)
      [32m+[0m[0m acl                         = (known after apply)
      [32m+[0m[0m arn                         = (known after apply)
      [32m+[0m[0m bucket                      = "unbox-prod-logs-ap-northeast-2"
      [32m+[0m[0m bucket_domain_name          = (known after apply)
      [32m+[0m[0m bucket_prefix               = (known after apply)
      [32m+[0m[0m bucket_region               = (known after apply)
      [32m+[0m[0m bucket_regional_domain_name = (known after apply)
      [32m+[0m[0m force_destroy               = false
      [32m+[0m[0m hosted_zone_id              = (known after apply)
      [32m+[0m[0m id                          = (known after apply)
      [32m+[0m[0m object_lock_enabled         = (known after apply)
      [32m+[0m[0m policy                      = (known after apply)
      [32m+[0m[0m region                      = "ap-northeast-2"
      [32m+[0m[0m request_payer               = (known after apply)
      [32m+[0m[0m tags                        = {
          [32m+[0m[0m "Name" = "unbox-prod-logs-s3"
        }
      [32m+[0m[0m tags_all                    = {
          [32m+[0m[0m "Name" = "unbox-prod-logs-s3"
        }
      [32m+[0m[0m website_domain              = (known after apply)
      [32m+[0m[0m website_endpoint            = (known after apply)
    }

[1m  # module.s3.aws_s3_bucket_policy.cloudtrail_policy[0m will be created
[0m  [32m+[0m[0m resource "aws_s3_bucket_policy" "cloudtrail_policy" {
      [32m+[0m[0m bucket = (known after apply)
      [32m+[0m[0m id     = (known after apply)
      [32m+[0m[0m policy = (known after apply)
      [32m+[0m[0m region = "ap-northeast-2"
    }

[1m  # module.s3.aws_s3_bucket_public_access_block.this["artifacts"][0m will be created
[0m  [32m+[0m[0m resource "aws_s3_bucket_public_access_block" "this" {
      [32m+[0m[0m block_public_acls       = true
      [32m+[0m[0m block_public_policy     = true
      [32m+[0m[0m bucket                  = (known after apply)
      [32m+[0m[0m id                      = (known after apply)
      [32m+[0m[0m ignore_public_acls      = true
      [32m+[0m[0m region                  = "ap-northeast-2"
      [32m+[0m[0m restrict_public_buckets = true
    }

[1m  # module.s3.aws_s3_bucket_public_access_block.this["cloudtrail"][0m will be created
[0m  [32m+[0m[0m resource "aws_s3_bucket_public_access_block" "this" {
      [32m+[0m[0m block_public_acls       = true
      [32m+[0m[0m block_public_policy     = true
      [32m+[0m[0m bucket                  = (known after apply)
      [32m+[0m[0m id                      = (known after apply)
      [32m+[0m[0m ignore_public_acls      = true
      [32m+[0m[0m region                  = "ap-northeast-2"
      [32m+[0m[0m restrict_public_buckets = true
    }

[1m  # module.s3.aws_s3_bucket_public_access_block.this["data"][0m will be created
[0m  [32m+[0m[0m resource "aws_s3_bucket_public_access_block" "this" {
      [32m+[0m[0m block_public_acls       = true
      [32m+[0m[0m block_public_policy     = true
      [32m+[0m[0m bucket                  = (known after apply)
      [32m+[0m[0m id                      = (known after apply)
      [32m+[0m[0m ignore_public_acls      = true
      [32m+[0m[0m region                  = "ap-northeast-2"
      [32m+[0m[0m restrict_public_buckets = true
    }

[1m  # module.s3.aws_s3_bucket_public_access_block.this["logs"][0m will be created
[0m  [32m+[0m[0m resource "aws_s3_bucket_public_access_block" "this" {
      [32m+[0m[0m block_public_acls       = true
      [32m+[0m[0m block_public_policy     = true
      [32m+[0m[0m bucket                  = (known after apply)
      [32m+[0m[0m id                      = (known after apply)
      [32m+[0m[0m ignore_public_acls      = true
      [32m+[0m[0m region                  = "ap-northeast-2"
      [32m+[0m[0m restrict_public_buckets = true
    }

[1m  # module.s3.aws_s3_bucket_versioning.this["artifacts"][0m will be created
[0m  [32m+[0m[0m resource "aws_s3_bucket_versioning" "this" {
      [32m+[0m[0m bucket = (known after apply)
      [32m+[0m[0m id     = (known after apply)
      [32m+[0m[0m region = "ap-northeast-2"

      [32m+[0m[0m versioning_configuration {
          [32m+[0m[0m mfa_delete = (known after apply)
          [32m+[0m[0m status     = "Enabled"
        }
    }

[1m  # module.s3.aws_s3_bucket_versioning.this["cloudtrail"][0m will be created
[0m  [32m+[0m[0m resource "aws_s3_bucket_versioning" "this" {
      [32m+[0m[0m bucket = (known after apply)
      [32m+[0m[0m id     = (known after apply)
      [32m+[0m[0m region = "ap-northeast-2"

      [32m+[0m[0m versioning_configuration {
          [32m+[0m[0m mfa_delete = (known after apply)
          [32m+[0m[0m status     = "Enabled"
        }
    }

[1m  # module.s3.aws_s3_bucket_versioning.this["data"][0m will be created
[0m  [32m+[0m[0m resource "aws_s3_bucket_versioning" "this" {
      [32m+[0m[0m bucket = (known after apply)
      [32m+[0m[0m id     = (known after apply)
      [32m+[0m[0m region = "ap-northeast-2"

      [32m+[0m[0m versioning_configuration {
          [32m+[0m[0m mfa_delete = (known after apply)
          [32m+[0m[0m status     = "Enabled"
        }
    }

[1m  # module.s3.aws_s3_bucket_versioning.this["logs"][0m will be created
[0m  [32m+[0m[0m resource "aws_s3_bucket_versioning" "this" {
      [32m+[0m[0m bucket = (known after apply)
      [32m+[0m[0m id     = (known after apply)
      [32m+[0m[0m region = "ap-northeast-2"

      [32m+[0m[0m versioning_configuration {
          [32m+[0m[0m mfa_delete = (known after apply)
          [32m+[0m[0m status     = "Enabled"
        }
    }

[1m  # module.security_group.aws_security_group.alb[0m will be created
[0m  [32m+[0m[0m resource "aws_security_group" "alb" {
      [32m+[0m[0m arn                    = (known after apply)
      [32m+[0m[0m description            = "Managed by Terraform"
      [32m+[0m[0m egress                 = (known after apply)
      [32m+[0m[0m id                     = (known after apply)
      [32m+[0m[0m ingress                = (known after apply)
      [32m+[0m[0m name                   = "unbox-prod-alb-sg"
      [32m+[0m[0m name_prefix            = (known after apply)
      [32m+[0m[0m owner_id               = (known after apply)
      [32m+[0m[0m region                 = "ap-northeast-2"
      [32m+[0m[0m revoke_rules_on_delete = false
      [32m+[0m[0m tags                   = {
          [32m+[0m[0m "Name" = "unbox-prod-alb-sg"
        }
      [32m+[0m[0m tags_all               = {
          [32m+[0m[0m "Name" = "unbox-prod-alb-sg"
        }
      [32m+[0m[0m vpc_id                 = (known after apply)
    }

[1m  # module.security_group.aws_security_group.msk[0m will be created
[0m  [32m+[0m[0m resource "aws_security_group" "msk" {
      [32m+[0m[0m arn                    = (known after apply)
      [32m+[0m[0m description            = "Managed by Terraform"
      [32m+[0m[0m egress                 = (known after apply)
      [32m+[0m[0m id                     = (known after apply)
      [32m+[0m[0m ingress                = (known after apply)
      [32m+[0m[0m name                   = "unbox-prod-msk-sg"
      [32m+[0m[0m name_prefix            = (known after apply)
      [32m+[0m[0m owner_id               = (known after apply)
      [32m+[0m[0m region                 = "ap-northeast-2"
      [32m+[0m[0m revoke_rules_on_delete = false
      [32m+[0m[0m tags_all               = (known after apply)
      [32m+[0m[0m vpc_id                 = (known after apply)
    }

[1m  # module.security_group.aws_security_group.redis[0m will be created
[0m  [32m+[0m[0m resource "aws_security_group" "redis" {
      [32m+[0m[0m arn                    = (known after apply)
      [32m+[0m[0m description            = "Managed by Terraform"
      [32m+[0m[0m egress                 = (known after apply)
      [32m+[0m[0m id                     = (known after apply)
      [32m+[0m[0m ingress                = (known after apply)
      [32m+[0m[0m name                   = "unbox-prod-redis-sg"
      [32m+[0m[0m name_prefix            = (known after apply)
      [32m+[0m[0m owner_id               = (known after apply)
      [32m+[0m[0m region                 = "ap-northeast-2"
      [32m+[0m[0m revoke_rules_on_delete = false
      [32m+[0m[0m tags_all               = (known after apply)
      [32m+[0m[0m vpc_id                 = (known after apply)
    }

[1m  # module.security_group.aws_security_group.service_app["order"][0m will be created
[0m  [32m+[0m[0m resource "aws_security_group" "service_app" {
      [32m+[0m[0m arn                    = (known after apply)
      [32m+[0m[0m description            = "Managed by Terraform"
      [32m+[0m[0m egress                 = (known after apply)
      [32m+[0m[0m id                     = (known after apply)
      [32m+[0m[0m ingress                = (known after apply)
      [32m+[0m[0m name                   = "unbox-prod-order-app-sg"
      [32m+[0m[0m name_prefix            = (known after apply)
      [32m+[0m[0m owner_id               = (known after apply)
      [32m+[0m[0m region                 = "ap-northeast-2"
      [32m+[0m[0m revoke_rules_on_delete = false
      [32m+[0m[0m tags                   = {
          [32m+[0m[0m "Name" = "unbox-prod-order-app-sg"
        }
      [32m+[0m[0m tags_all               = {
          [32m+[0m[0m "Name" = "unbox-prod-order-app-sg"
        }
      [32m+[0m[0m vpc_id                 = (known after apply)
    }

[1m  # module.security_group.aws_security_group.service_app["payment"][0m will be created
[0m  [32m+[0m[0m resource "aws_security_group" "service_app" {
      [32m+[0m[0m arn                    = (known after apply)
      [32m+[0m[0m description            = "Managed by Terraform"
      [32m+[0m[0m egress                 = (known after apply)
      [32m+[0m[0m id                     = (known after apply)
      [32m+[0m[0m ingress                = (known after apply)
      [32m+[0m[0m name                   = "unbox-prod-payment-app-sg"
      [32m+[0m[0m name_prefix            = (known after apply)
      [32m+[0m[0m owner_id               = (known after apply)
      [32m+[0m[0m region                 = "ap-northeast-2"
      [32m+[0m[0m revoke_rules_on_delete = false
      [32m+[0m[0m tags                   = {
          [32m+[0m[0m "Name" = "unbox-prod-payment-app-sg"
        }
      [32m+[0m[0m tags_all               = {
          [32m+[0m[0m "Name" = "unbox-prod-payment-app-sg"
        }
      [32m+[0m[0m vpc_id                 = (known after apply)
    }

[1m  # module.security_group.aws_security_group.service_app["product"][0m will be created
[0m  [32m+[0m[0m resource "aws_security_group" "service_app" {
      [32m+[0m[0m arn                    = (known after apply)
      [32m+[0m[0m description            = "Managed by Terraform"
      [32m+[0m[0m egress                 = (known after apply)
      [32m+[0m[0m id                     = (known after apply)
      [32m+[0m[0m ingress                = (known after apply)
      [32m+[0m[0m name                   = "unbox-prod-product-app-sg"
      [32m+[0m[0m name_prefix            = (known after apply)
      [32m+[0m[0m owner_id               = (known after apply)
      [32m+[0m[0m region                 = "ap-northeast-2"
      [32m+[0m[0m revoke_rules_on_delete = false
      [32m+[0m[0m tags                   = {
          [32m+[0m[0m "Name" = "unbox-prod-product-app-sg"
        }
      [32m+[0m[0m tags_all               = {
          [32m+[0m[0m "Name" = "unbox-prod-product-app-sg"
        }
      [32m+[0m[0m vpc_id                 = (known after apply)
    }

[1m  # module.security_group.aws_security_group.service_app["trade"][0m will be created
[0m  [32m+[0m[0m resource "aws_security_group" "service_app" {
      [32m+[0m[0m arn                    = (known after apply)
      [32m+[0m[0m description            = "Managed by Terraform"
      [32m+[0m[0m egress                 = (known after apply)
      [32m+[0m[0m id                     = (known after apply)
      [32m+[0m[0m ingress                = (known after apply)
      [32m+[0m[0m name                   = "unbox-prod-trade-app-sg"
      [32m+[0m[0m name_prefix            = (known after apply)
      [32m+[0m[0m owner_id               = (known after apply)
      [32m+[0m[0m region                 = "ap-northeast-2"
      [32m+[0m[0m revoke_rules_on_delete = false
      [32m+[0m[0m tags                   = {
          [32m+[0m[0m "Name" = "unbox-prod-trade-app-sg"
        }
      [32m+[0m[0m tags_all               = {
          [32m+[0m[0m "Name" = "unbox-prod-trade-app-sg"
        }
      [32m+[0m[0m vpc_id                 = (known after apply)
    }

[1m  # module.security_group.aws_security_group.service_app["user"][0m will be created
[0m  [32m+[0m[0m resource "aws_security_group" "service_app" {
      [32m+[0m[0m arn                    = (known after apply)
      [32m+[0m[0m description            = "Managed by Terraform"
      [32m+[0m[0m egress                 = (known after apply)
      [32m+[0m[0m id                     = (known after apply)
      [32m+[0m[0m ingress                = (known after apply)
      [32m+[0m[0m name                   = "unbox-prod-user-app-sg"
      [32m+[0m[0m name_prefix            = (known after apply)
      [32m+[0m[0m owner_id               = (known after apply)
      [32m+[0m[0m region                 = "ap-northeast-2"
      [32m+[0m[0m revoke_rules_on_delete = false
      [32m+[0m[0m tags                   = {
          [32m+[0m[0m "Name" = "unbox-prod-user-app-sg"
        }
      [32m+[0m[0m tags_all               = {
          [32m+[0m[0m "Name" = "unbox-prod-user-app-sg"
        }
      [32m+[0m[0m vpc_id                 = (known after apply)
    }

[1m  # module.security_group.aws_security_group.service_rds["order"][0m will be created
[0m  [32m+[0m[0m resource "aws_security_group" "service_rds" {
      [32m+[0m[0m arn                    = (known after apply)
      [32m+[0m[0m description            = "Managed by Terraform"
      [32m+[0m[0m egress                 = (known after apply)
      [32m+[0m[0m id                     = (known after apply)
      [32m+[0m[0m ingress                = (known after apply)
      [32m+[0m[0m name                   = "unbox-prod-order-rds-sg"
      [32m+[0m[0m name_prefix            = (known after apply)
      [32m+[0m[0m owner_id               = (known after apply)
      [32m+[0m[0m region                 = "ap-northeast-2"
      [32m+[0m[0m revoke_rules_on_delete = false
      [32m+[0m[0m tags                   = {
          [32m+[0m[0m "Name" = "unbox-prod-order-rds-sg"
        }
      [32m+[0m[0m tags_all               = {
          [32m+[0m[0m "Name" = "unbox-prod-order-rds-sg"
        }
      [32m+[0m[0m vpc_id                 = (known after apply)
    }

[1m  # module.security_group.aws_security_group.service_rds["payment"][0m will be created
[0m  [32m+[0m[0m resource "aws_security_group" "service_rds" {
      [32m+[0m[0m arn                    = (known after apply)
      [32m+[0m[0m description            = "Managed by Terraform"
      [32m+[0m[0m egress                 = (known after apply)
      [32m+[0m[0m id                     = (known after apply)
      [32m+[0m[0m ingress                = (known after apply)
      [32m+[0m[0m name                   = "unbox-prod-payment-rds-sg"
      [32m+[0m[0m name_prefix            = (known after apply)
      [32m+[0m[0m owner_id               = (known after apply)
      [32m+[0m[0m region                 = "ap-northeast-2"
      [32m+[0m[0m revoke_rules_on_delete = false
      [32m+[0m[0m tags                   = {
          [32m+[0m[0m "Name" = "unbox-prod-payment-rds-sg"
        }
      [32m+[0m[0m tags_all               = {
          [32m+[0m[0m "Name" = "unbox-prod-payment-rds-sg"
        }
      [32m+[0m[0m vpc_id                 = (known after apply)
    }

[1m  # module.security_group.aws_security_group.service_rds["product"][0m will be created
[0m  [32m+[0m[0m resource "aws_security_group" "service_rds" {
      [32m+[0m[0m arn                    = (known after apply)
      [32m+[0m[0m description            = "Managed by Terraform"
      [32m+[0m[0m egress                 = (known after apply)
      [32m+[0m[0m id                     = (known after apply)
      [32m+[0m[0m ingress                = (known after apply)
      [32m+[0m[0m name                   = "unbox-prod-product-rds-sg"
      [32m+[0m[0m name_prefix            = (known after apply)
      [32m+[0m[0m owner_id               = (known after apply)
      [32m+[0m[0m region                 = "ap-northeast-2"
      [32m+[0m[0m revoke_rules_on_delete = false
      [32m+[0m[0m tags                   = {
          [32m+[0m[0m "Name" = "unbox-prod-product-rds-sg"
        }
      [32m+[0m[0m tags_all               = {
          [32m+[0m[0m "Name" = "unbox-prod-product-rds-sg"
        }
      [32m+[0m[0m vpc_id                 = (known after apply)
    }

[1m  # module.security_group.aws_security_group.service_rds["trade"][0m will be created
[0m  [32m+[0m[0m resource "aws_security_group" "service_rds" {
      [32m+[0m[0m arn                    = (known after apply)
      [32m+[0m[0m description            = "Managed by Terraform"
      [32m+[0m[0m egress                 = (known after apply)
      [32m+[0m[0m id                     = (known after apply)
      [32m+[0m[0m ingress                = (known after apply)
      [32m+[0m[0m name                   = "unbox-prod-trade-rds-sg"
      [32m+[0m[0m name_prefix            = (known after apply)
      [32m+[0m[0m owner_id               = (known after apply)
      [32m+[0m[0m region                 = "ap-northeast-2"
      [32m+[0m[0m revoke_rules_on_delete = false
      [32m+[0m[0m tags                   = {
          [32m+[0m[0m "Name" = "unbox-prod-trade-rds-sg"
        }
      [32m+[0m[0m tags_all               = {
          [32m+[0m[0m "Name" = "unbox-prod-trade-rds-sg"
        }
      [32m+[0m[0m vpc_id                 = (known after apply)
    }

[1m  # module.security_group.aws_security_group.service_rds["user"][0m will be created
[0m  [32m+[0m[0m resource "aws_security_group" "service_rds" {
      [32m+[0m[0m arn                    = (known after apply)
      [32m+[0m[0m description            = "Managed by Terraform"
      [32m+[0m[0m egress                 = (known after apply)
      [32m+[0m[0m id                     = (known after apply)
      [32m+[0m[0m ingress                = (known after apply)
      [32m+[0m[0m name                   = "unbox-prod-user-rds-sg"
      [32m+[0m[0m name_prefix            = (known after apply)
      [32m+[0m[0m owner_id               = (known after apply)
      [32m+[0m[0m region                 = "ap-northeast-2"
      [32m+[0m[0m revoke_rules_on_delete = false
      [32m+[0m[0m tags                   = {
          [32m+[0m[0m "Name" = "unbox-prod-user-rds-sg"
        }
      [32m+[0m[0m tags_all               = {
          [32m+[0m[0m "Name" = "unbox-prod-user-rds-sg"
        }
      [32m+[0m[0m vpc_id                 = (known after apply)
    }

[1m  # module.security_group.aws_security_group_rule.alb_egress_to_app["order"][0m will be created
[0m  [32m+[0m[0m resource "aws_security_group_rule" "alb_egress_to_app" {
      [32m+[0m[0m from_port                = 8084
      [32m+[0m[0m id                       = (known after apply)
      [32m+[0m[0m protocol                 = "tcp"
      [32m+[0m[0m region                   = "ap-northeast-2"
      [32m+[0m[0m security_group_id        = (known after apply)
      [32m+[0m[0m security_group_rule_id   = (known after apply)
      [32m+[0m[0m self                     = false
      [32m+[0m[0m source_security_group_id = (known after apply)
      [32m+[0m[0m to_port                  = 8084
      [32m+[0m[0m type                     = "egress"
    }

[1m  # module.security_group.aws_security_group_rule.alb_egress_to_app["payment"][0m will be created
[0m  [32m+[0m[0m resource "aws_security_group_rule" "alb_egress_to_app" {
      [32m+[0m[0m from_port                = 8085
      [32m+[0m[0m id                       = (known after apply)
      [32m+[0m[0m protocol                 = "tcp"
      [32m+[0m[0m region                   = "ap-northeast-2"
      [32m+[0m[0m security_group_id        = (known after apply)
      [32m+[0m[0m security_group_rule_id   = (known after apply)
      [32m+[0m[0m self                     = false
      [32m+[0m[0m source_security_group_id = (known after apply)
      [32m+[0m[0m to_port                  = 8085
      [32m+[0m[0m type                     = "egress"
    }

[1m  # module.security_group.aws_security_group_rule.alb_egress_to_app["product"][0m will be created
[0m  [32m+[0m[0m resource "aws_security_group_rule" "alb_egress_to_app" {
      [32m+[0m[0m from_port                = 8082
      [32m+[0m[0m id                       = (known after apply)
      [32m+[0m[0m protocol                 = "tcp"
      [32m+[0m[0m region                   = "ap-northeast-2"
      [32m+[0m[0m security_group_id        = (known after apply)
      [32m+[0m[0m security_group_rule_id   = (known after apply)
      [32m+[0m[0m self                     = false
      [32m+[0m[0m source_security_group_id = (known after apply)
      [32m+[0m[0m to_port                  = 8082
      [32m+[0m[0m type                     = "egress"
    }

[1m  # module.security_group.aws_security_group_rule.alb_egress_to_app["trade"][0m will be created
[0m  [32m+[0m[0m resource "aws_security_group_rule" "alb_egress_to_app" {
      [32m+[0m[0m from_port                = 8083
      [32m+[0m[0m id                       = (known after apply)
      [32m+[0m[0m protocol                 = "tcp"
      [32m+[0m[0m region                   = "ap-northeast-2"
      [32m+[0m[0m security_group_id        = (known after apply)
      [32m+[0m[0m security_group_rule_id   = (known after apply)
      [32m+[0m[0m self                     = false
      [32m+[0m[0m source_security_group_id = (known after apply)
      [32m+[0m[0m to_port                  = 8083
      [32m+[0m[0m type                     = "egress"
    }

[1m  # module.security_group.aws_security_group_rule.alb_egress_to_app["user"][0m will be created
[0m  [32m+[0m[0m resource "aws_security_group_rule" "alb_egress_to_app" {
      [32m+[0m[0m from_port                = 8081
      [32m+[0m[0m id                       = (known after apply)
      [32m+[0m[0m protocol                 = "tcp"
      [32m+[0m[0m region                   = "ap-northeast-2"
      [32m+[0m[0m security_group_id        = (known after apply)
      [32m+[0m[0m security_group_rule_id   = (known after apply)
      [32m+[0m[0m self                     = false
      [32m+[0m[0m source_security_group_id = (known after apply)
      [32m+[0m[0m to_port                  = 8081
      [32m+[0m[0m type                     = "egress"
    }

[1m  # module.security_group.aws_security_group_rule.alb_ingress_443[0m will be created
[0m  [32m+[0m[0m resource "aws_security_group_rule" "alb_ingress_443" {
      [32m+[0m[0m cidr_blocks              = [
          [32m+[0m[0m "0.0.0.0/0",
        ]
      [32m+[0m[0m from_port                = 443
      [32m+[0m[0m id                       = (known after apply)
      [32m+[0m[0m protocol                 = "tcp"
      [32m+[0m[0m region                   = "ap-northeast-2"
      [32m+[0m[0m security_group_id        = (known after apply)
      [32m+[0m[0m security_group_rule_id   = (known after apply)
      [32m+[0m[0m self                     = false
      [32m+[0m[0m source_security_group_id = (known after apply)
      [32m+[0m[0m to_port                  = 443
      [32m+[0m[0m type                     = "ingress"
    }

[1m  # module.security_group.aws_security_group_rule.alb_ingress_80[0m will be created
[0m  [32m+[0m[0m resource "aws_security_group_rule" "alb_ingress_80" {
      [32m+[0m[0m cidr_blocks              = [
          [32m+[0m[0m "0.0.0.0/0",
        ]
      [32m+[0m[0m from_port                = 80
      [32m+[0m[0m id                       = (known after apply)
      [32m+[0m[0m protocol                 = "tcp"
      [32m+[0m[0m region                   = "ap-northeast-2"
      [32m+[0m[0m security_group_id        = (known after apply)
      [32m+[0m[0m security_group_rule_id   = (known after apply)
      [32m+[0m[0m self                     = false
      [32m+[0m[0m source_security_group_id = (known after apply)
      [32m+[0m[0m to_port                  = 80
      [32m+[0m[0m type                     = "ingress"
    }

[1m  # module.security_group.aws_security_group_rule.app_egress_all["order"][0m will be created
[0m  [32m+[0m[0m resource "aws_security_group_rule" "app_egress_all" {
      [32m+[0m[0m cidr_blocks              = [
          [32m+[0m[0m "0.0.0.0/0",
        ]
      [32m+[0m[0m from_port                = 0
      [32m+[0m[0m id                       = (known after apply)
      [32m+[0m[0m protocol                 = "-1"
      [32m+[0m[0m region                   = "ap-northeast-2"
      [32m+[0m[0m security_group_id        = (known after apply)
      [32m+[0m[0m security_group_rule_id   = (known after apply)
      [32m+[0m[0m self                     = false
      [32m+[0m[0m source_security_group_id = (known after apply)
      [32m+[0m[0m to_port                  = 0
      [32m+[0m[0m type                     = "egress"
    }

[1m  # module.security_group.aws_security_group_rule.app_egress_all["payment"][0m will be created
[0m  [32m+[0m[0m resource "aws_security_group_rule" "app_egress_all" {
      [32m+[0m[0m cidr_blocks              = [
          [32m+[0m[0m "0.0.0.0/0",
        ]
      [32m+[0m[0m from_port                = 0
      [32m+[0m[0m id                       = (known after apply)
      [32m+[0m[0m protocol                 = "-1"
      [32m+[0m[0m region                   = "ap-northeast-2"
      [32m+[0m[0m security_group_id        = (known after apply)
      [32m+[0m[0m security_group_rule_id   = (known after apply)
      [32m+[0m[0m self                     = false
      [32m+[0m[0m source_security_group_id = (known after apply)
      [32m+[0m[0m to_port                  = 0
      [32m+[0m[0m type                     = "egress"
    }

[1m  # module.security_group.aws_security_group_rule.app_egress_all["product"][0m will be created
[0m  [32m+[0m[0m resource "aws_security_group_rule" "app_egress_all" {
      [32m+[0m[0m cidr_blocks              = [
          [32m+[0m[0m "0.0.0.0/0",
        ]
      [32m+[0m[0m from_port                = 0
      [32m+[0m[0m id                       = (known after apply)
      [32m+[0m[0m protocol                 = "-1"
      [32m+[0m[0m region                   = "ap-northeast-2"
      [32m+[0m[0m security_group_id        = (known after apply)
      [32m+[0m[0m security_group_rule_id   = (known after apply)
      [32m+[0m[0m self                     = false
      [32m+[0m[0m source_security_group_id = (known after apply)
      [32m+[0m[0m to_port                  = 0
      [32m+[0m[0m type                     = "egress"
    }

[1m  # module.security_group.aws_security_group_rule.app_egress_all["trade"][0m will be created
[0m  [32m+[0m[0m resource "aws_security_group_rule" "app_egress_all" {
      [32m+[0m[0m cidr_blocks              = [
          [32m+[0m[0m "0.0.0.0/0",
        ]
      [32m+[0m[0m from_port                = 0
      [32m+[0m[0m id                       = (known after apply)
      [32m+[0m[0m protocol                 = "-1"
      [32m+[0m[0m region                   = "ap-northeast-2"
      [32m+[0m[0m security_group_id        = (known after apply)
      [32m+[0m[0m security_group_rule_id   = (known after apply)
      [32m+[0m[0m self                     = false
      [32m+[0m[0m source_security_group_id = (known after apply)
      [32m+[0m[0m to_port                  = 0
      [32m+[0m[0m type                     = "egress"
    }

[1m  # module.security_group.aws_security_group_rule.app_egress_all["user"][0m will be created
[0m  [32m+[0m[0m resource "aws_security_group_rule" "app_egress_all" {
      [32m+[0m[0m cidr_blocks              = [
          [32m+[0m[0m "0.0.0.0/0",
        ]
      [32m+[0m[0m from_port                = 0
      [32m+[0m[0m id                       = (known after apply)
      [32m+[0m[0m protocol                 = "-1"
      [32m+[0m[0m region                   = "ap-northeast-2"
      [32m+[0m[0m security_group_id        = (known after apply)
      [32m+[0m[0m security_group_rule_id   = (known after apply)
      [32m+[0m[0m self                     = false
      [32m+[0m[0m source_security_group_id = (known after apply)
      [32m+[0m[0m to_port                  = 0
      [32m+[0m[0m type                     = "egress"
    }

[1m  # module.security_group.aws_security_group_rule.app_egress_https["order"][0m will be created
[0m  [32m+[0m[0m resource "aws_security_group_rule" "app_egress_https" {
      [32m+[0m[0m cidr_blocks              = [
          [32m+[0m[0m "0.0.0.0/0",
        ]
      [32m+[0m[0m from_port                = 443
      [32m+[0m[0m id                       = (known after apply)
      [32m+[0m[0m protocol                 = "tcp"
      [32m+[0m[0m region                   = "ap-northeast-2"
      [32m+[0m[0m security_group_id        = (known after apply)
      [32m+[0m[0m security_group_rule_id   = (known after apply)
      [32m+[0m[0m self                     = false
      [32m+[0m[0m source_security_group_id = (known after apply)
      [32m+[0m[0m to_port                  = 443
      [32m+[0m[0m type                     = "egress"
    }

[1m  # module.security_group.aws_security_group_rule.app_egress_https["payment"][0m will be created
[0m  [32m+[0m[0m resource "aws_security_group_rule" "app_egress_https" {
      [32m+[0m[0m cidr_blocks              = [
          [32m+[0m[0m "0.0.0.0/0",
        ]
      [32m+[0m[0m from_port                = 443
      [32m+[0m[0m id                       = (known after apply)
      [32m+[0m[0m protocol                 = "tcp"
      [32m+[0m[0m region                   = "ap-northeast-2"
      [32m+[0m[0m security_group_id        = (known after apply)
      [32m+[0m[0m security_group_rule_id   = (known after apply)
      [32m+[0m[0m self                     = false
      [32m+[0m[0m source_security_group_id = (known after apply)
      [32m+[0m[0m to_port                  = 443
      [32m+[0m[0m type                     = "egress"
    }

[1m  # module.security_group.aws_security_group_rule.app_egress_https["product"][0m will be created
[0m  [32m+[0m[0m resource "aws_security_group_rule" "app_egress_https" {
      [32m+[0m[0m cidr_blocks              = [
          [32m+[0m[0m "0.0.0.0/0",
        ]
      [32m+[0m[0m from_port                = 443
      [32m+[0m[0m id                       = (known after apply)
      [32m+[0m[0m protocol                 = "tcp"
      [32m+[0m[0m region                   = "ap-northeast-2"
      [32m+[0m[0m security_group_id        = (known after apply)
      [32m+[0m[0m security_group_rule_id   = (known after apply)
      [32m+[0m[0m self                     = false
      [32m+[0m[0m source_security_group_id = (known after apply)
      [32m+[0m[0m to_port                  = 443
      [32m+[0m[0m type                     = "egress"
    }

[1m  # module.security_group.aws_security_group_rule.app_egress_https["trade"][0m will be created
[0m  [32m+[0m[0m resource "aws_security_group_rule" "app_egress_https" {
      [32m+[0m[0m cidr_blocks              = [
          [32m+[0m[0m "0.0.0.0/0",
        ]
      [32m+[0m[0m from_port                = 443
      [32m+[0m[0m id                       = (known after apply)
      [32m+[0m[0m protocol                 = "tcp"
      [32m+[0m[0m region                   = "ap-northeast-2"
      [32m+[0m[0m security_group_id        = (known after apply)
      [32m+[0m[0m security_group_rule_id   = (known after apply)
      [32m+[0m[0m self                     = false
      [32m+[0m[0m source_security_group_id = (known after apply)
      [32m+[0m[0m to_port                  = 443
      [32m+[0m[0m type                     = "egress"
    }

[1m  # module.security_group.aws_security_group_rule.app_egress_https["user"][0m will be created
[0m  [32m+[0m[0m resource "aws_security_group_rule" "app_egress_https" {
      [32m+[0m[0m cidr_blocks              = [
          [32m+[0m[0m "0.0.0.0/0",
        ]
      [32m+[0m[0m from_port                = 443
      [32m+[0m[0m id                       = (known after apply)
      [32m+[0m[0m protocol                 = "tcp"
      [32m+[0m[0m region                   = "ap-northeast-2"
      [32m+[0m[0m security_group_id        = (known after apply)
      [32m+[0m[0m security_group_rule_id   = (known after apply)
      [32m+[0m[0m self                     = false
      [32m+[0m[0m source_security_group_id = (known after apply)
      [32m+[0m[0m to_port                  = 443
      [32m+[0m[0m type                     = "egress"
    }

[1m  # module.security_group.aws_security_group_rule.app_egress_to_msk["order"][0m will be created
[0m  [32m+[0m[0m resource "aws_security_group_rule" "app_egress_to_msk" {
      [32m+[0m[0m from_port                = 9094
      [32m+[0m[0m id                       = (known after apply)
      [32m+[0m[0m protocol                 = "tcp"
      [32m+[0m[0m region                   = "ap-northeast-2"
      [32m+[0m[0m security_group_id        = (known after apply)
      [32m+[0m[0m security_group_rule_id   = (known after apply)
      [32m+[0m[0m self                     = false
      [32m+[0m[0m source_security_group_id = (known after apply)
      [32m+[0m[0m to_port                  = 9094
      [32m+[0m[0m type                     = "egress"
    }

[1m  # module.security_group.aws_security_group_rule.app_egress_to_msk["payment"][0m will be created
[0m  [32m+[0m[0m resource "aws_security_group_rule" "app_egress_to_msk" {
      [32m+[0m[0m from_port                = 9094
      [32m+[0m[0m id                       = (known after apply)
      [32m+[0m[0m protocol                 = "tcp"
      [32m+[0m[0m region                   = "ap-northeast-2"
      [32m+[0m[0m security_group_id        = (known after apply)
      [32m+[0m[0m security_group_rule_id   = (known after apply)
      [32m+[0m[0m self                     = false
      [32m+[0m[0m source_security_group_id = (known after apply)
      [32m+[0m[0m to_port                  = 9094
      [32m+[0m[0m type                     = "egress"
    }

[1m  # module.security_group.aws_security_group_rule.app_egress_to_msk["product"][0m will be created
[0m  [32m+[0m[0m resource "aws_security_group_rule" "app_egress_to_msk" {
      [32m+[0m[0m from_port                = 9094
      [32m+[0m[0m id                       = (known after apply)
      [32m+[0m[0m protocol                 = "tcp"
      [32m+[0m[0m region                   = "ap-northeast-2"
      [32m+[0m[0m security_group_id        = (known after apply)
      [32m+[0m[0m security_group_rule_id   = (known after apply)
      [32m+[0m[0m self                     = false
      [32m+[0m[0m source_security_group_id = (known after apply)
      [32m+[0m[0m to_port                  = 9094
      [32m+[0m[0m type                     = "egress"
    }

[1m  # module.security_group.aws_security_group_rule.app_egress_to_msk["trade"][0m will be created
[0m  [32m+[0m[0m resource "aws_security_group_rule" "app_egress_to_msk" {
      [32m+[0m[0m from_port                = 9094
      [32m+[0m[0m id                       = (known after apply)
      [32m+[0m[0m protocol                 = "tcp"
      [32m+[0m[0m region                   = "ap-northeast-2"
      [32m+[0m[0m security_group_id        = (known after apply)
      [32m+[0m[0m security_group_rule_id   = (known after apply)
      [32m+[0m[0m self                     = false
      [32m+[0m[0m source_security_group_id = (known after apply)
      [32m+[0m[0m to_port                  = 9094
      [32m+[0m[0m type                     = "egress"
    }

[1m  # module.security_group.aws_security_group_rule.app_egress_to_msk["user"][0m will be created
[0m  [32m+[0m[0m resource "aws_security_group_rule" "app_egress_to_msk" {
      [32m+[0m[0m from_port                = 9094
      [32m+[0m[0m id                       = (known after apply)
      [32m+[0m[0m protocol                 = "tcp"
      [32m+[0m[0m region                   = "ap-northeast-2"
      [32m+[0m[0m security_group_id        = (known after apply)
      [32m+[0m[0m security_group_rule_id   = (known after apply)
      [32m+[0m[0m self                     = false
      [32m+[0m[0m source_security_group_id = (known after apply)
      [32m+[0m[0m to_port                  = 9094
      [32m+[0m[0m type                     = "egress"
    }

[1m  # module.security_group.aws_security_group_rule.app_egress_to_rds["order"][0m will be created
[0m  [32m+[0m[0m resource "aws_security_group_rule" "app_egress_to_rds" {
      [32m+[0m[0m from_port                = 5432
      [32m+[0m[0m id                       = (known after apply)
      [32m+[0m[0m protocol                 = "tcp"
      [32m+[0m[0m region                   = "ap-northeast-2"
      [32m+[0m[0m security_group_id        = (known after apply)
      [32m+[0m[0m security_group_rule_id   = (known after apply)
      [32m+[0m[0m self                     = false
      [32m+[0m[0m source_security_group_id = (known after apply)
      [32m+[0m[0m to_port                  = 5432
      [32m+[0m[0m type                     = "egress"
    }

[1m  # module.security_group.aws_security_group_rule.app_egress_to_rds["payment"][0m will be created
[0m  [32m+[0m[0m resource "aws_security_group_rule" "app_egress_to_rds" {
      [32m+[0m[0m from_port                = 5432
      [32m+[0m[0m id                       = (known after apply)
      [32m+[0m[0m protocol                 = "tcp"
      [32m+[0m[0m region                   = "ap-northeast-2"
      [32m+[0m[0m security_group_id        = (known after apply)
      [32m+[0m[0m security_group_rule_id   = (known after apply)
      [32m+[0m[0m self                     = false
      [32m+[0m[0m source_security_group_id = (known after apply)
      [32m+[0m[0m to_port                  = 5432
      [32m+[0m[0m type                     = "egress"
    }

[1m  # module.security_group.aws_security_group_rule.app_egress_to_rds["product"][0m will be created
[0m  [32m+[0m[0m resource "aws_security_group_rule" "app_egress_to_rds" {
      [32m+[0m[0m from_port                = 5432
      [32m+[0m[0m id                       = (known after apply)
      [32m+[0m[0m protocol                 = "tcp"
      [32m+[0m[0m region                   = "ap-northeast-2"
      [32m+[0m[0m security_group_id        = (known after apply)
      [32m+[0m[0m security_group_rule_id   = (known after apply)
      [32m+[0m[0m self                     = false
      [32m+[0m[0m source_security_group_id = (known after apply)
      [32m+[0m[0m to_port                  = 5432
      [32m+[0m[0m type                     = "egress"
    }

[1m  # module.security_group.aws_security_group_rule.app_egress_to_rds["trade"][0m will be created
[0m  [32m+[0m[0m resource "aws_security_group_rule" "app_egress_to_rds" {
      [32m+[0m[0m from_port                = 5432
      [32m+[0m[0m id                       = (known after apply)
      [32m+[0m[0m protocol                 = "tcp"
      [32m+[0m[0m region                   = "ap-northeast-2"
      [32m+[0m[0m security_group_id        = (known after apply)
      [32m+[0m[0m security_group_rule_id   = (known after apply)
      [32m+[0m[0m self                     = false
      [32m+[0m[0m source_security_group_id = (known after apply)
      [32m+[0m[0m to_port                  = 5432
      [32m+[0m[0m type                     = "egress"
    }

[1m  # module.security_group.aws_security_group_rule.app_egress_to_rds["user"][0m will be created
[0m  [32m+[0m[0m resource "aws_security_group_rule" "app_egress_to_rds" {
      [32m+[0m[0m from_port                = 5432
      [32m+[0m[0m id                       = (known after apply)
      [32m+[0m[0m protocol                 = "tcp"
      [32m+[0m[0m region                   = "ap-northeast-2"
      [32m+[0m[0m security_group_id        = (known after apply)
      [32m+[0m[0m security_group_rule_id   = (known after apply)
      [32m+[0m[0m self                     = false
      [32m+[0m[0m source_security_group_id = (known after apply)
      [32m+[0m[0m to_port                  = 5432
      [32m+[0m[0m type                     = "egress"
    }

[1m  # module.security_group.aws_security_group_rule.app_egress_to_redis["order"][0m will be created
[0m  [32m+[0m[0m resource "aws_security_group_rule" "app_egress_to_redis" {
      [32m+[0m[0m from_port                = 6379
      [32m+[0m[0m id                       = (known after apply)
      [32m+[0m[0m protocol                 = "tcp"
      [32m+[0m[0m region                   = "ap-northeast-2"
      [32m+[0m[0m security_group_id        = (known after apply)
      [32m+[0m[0m security_group_rule_id   = (known after apply)
      [32m+[0m[0m self                     = false
      [32m+[0m[0m source_security_group_id = (known after apply)
      [32m+[0m[0m to_port                  = 6379
      [32m+[0m[0m type                     = "egress"
    }

[1m  # module.security_group.aws_security_group_rule.app_egress_to_redis["payment"][0m will be created
[0m  [32m+[0m[0m resource "aws_security_group_rule" "app_egress_to_redis" {
      [32m+[0m[0m from_port                = 6379
      [32m+[0m[0m id                       = (known after apply)
      [32m+[0m[0m protocol                 = "tcp"
      [32m+[0m[0m region                   = "ap-northeast-2"
      [32m+[0m[0m security_group_id        = (known after apply)
      [32m+[0m[0m security_group_rule_id   = (known after apply)
      [32m+[0m[0m self                     = false
      [32m+[0m[0m source_security_group_id = (known after apply)
      [32m+[0m[0m to_port                  = 6379
      [32m+[0m[0m type                     = "egress"
    }

[1m  # module.security_group.aws_security_group_rule.app_egress_to_redis["product"][0m will be created
[0m  [32m+[0m[0m resource "aws_security_group_rule" "app_egress_to_redis" {
      [32m+[0m[0m from_port                = 6379
      [32m+[0m[0m id                       = (known after apply)
      [32m+[0m[0m protocol                 = "tcp"
      [32m+[0m[0m region                   = "ap-northeast-2"
      [32m+[0m[0m security_group_id        = (known after apply)
      [32m+[0m[0m security_group_rule_id   = (known after apply)
      [32m+[0m[0m self                     = false
      [32m+[0m[0m source_security_group_id = (known after apply)
      [32m+[0m[0m to_port                  = 6379
      [32m+[0m[0m type                     = "egress"
    }

[1m  # module.security_group.aws_security_group_rule.app_egress_to_redis["trade"][0m will be created
[0m  [32m+[0m[0m resource "aws_security_group_rule" "app_egress_to_redis" {
      [32m+[0m[0m from_port                = 6379
      [32m+[0m[0m id                       = (known after apply)
      [32m+[0m[0m protocol                 = "tcp"
      [32m+[0m[0m region                   = "ap-northeast-2"
      [32m+[0m[0m security_group_id        = (known after apply)
      [32m+[0m[0m security_group_rule_id   = (known after apply)
      [32m+[0m[0m self                     = false
      [32m+[0m[0m source_security_group_id = (known after apply)
      [32m+[0m[0m to_port                  = 6379
      [32m+[0m[0m type                     = "egress"
    }

[1m  # module.security_group.aws_security_group_rule.app_egress_to_redis["user"][0m will be created
[0m  [32m+[0m[0m resource "aws_security_group_rule" "app_egress_to_redis" {
      [32m+[0m[0m from_port                = 6379
      [32m+[0m[0m id                       = (known after apply)
      [32m+[0m[0m protocol                 = "tcp"
      [32m+[0m[0m region                   = "ap-northeast-2"
      [32m+[0m[0m security_group_id        = (known after apply)
      [32m+[0m[0m security_group_rule_id   = (known after apply)
      [32m+[0m[0m self                     = false
      [32m+[0m[0m source_security_group_id = (known after apply)
      [32m+[0m[0m to_port                  = 6379
      [32m+[0m[0m type                     = "egress"
    }

[1m  # module.security_group.aws_security_group_rule.app_ingress_from_alb["order"][0m will be created
[0m  [32m+[0m[0m resource "aws_security_group_rule" "app_ingress_from_alb" {
      [32m+[0m[0m from_port                = 8084
      [32m+[0m[0m id                       = (known after apply)
      [32m+[0m[0m protocol                 = "tcp"
      [32m+[0m[0m region                   = "ap-northeast-2"
      [32m+[0m[0m security_group_id        = (known after apply)
      [32m+[0m[0m security_group_rule_id   = (known after apply)
      [32m+[0m[0m self                     = false
      [32m+[0m[0m source_security_group_id = (known after apply)
      [32m+[0m[0m to_port                  = 8084
      [32m+[0m[0m type                     = "ingress"
    }

[1m  # module.security_group.aws_security_group_rule.app_ingress_from_alb["payment"][0m will be created
[0m  [32m+[0m[0m resource "aws_security_group_rule" "app_ingress_from_alb" {
      [32m+[0m[0m from_port                = 8085
      [32m+[0m[0m id                       = (known after apply)
      [32m+[0m[0m protocol                 = "tcp"
      [32m+[0m[0m region                   = "ap-northeast-2"
      [32m+[0m[0m security_group_id        = (known after apply)
      [32m+[0m[0m security_group_rule_id   = (known after apply)
      [32m+[0m[0m self                     = false
      [32m+[0m[0m source_security_group_id = (known after apply)
      [32m+[0m[0m to_port                  = 8085
      [32m+[0m[0m type                     = "ingress"
    }

[1m  # module.security_group.aws_security_group_rule.app_ingress_from_alb["product"][0m will be created
[0m  [32m+[0m[0m resource "aws_security_group_rule" "app_ingress_from_alb" {
      [32m+[0m[0m from_port                = 8082
      [32m+[0m[0m id                       = (known after apply)
      [32m+[0m[0m protocol                 = "tcp"
      [32m+[0m[0m region                   = "ap-northeast-2"
      [32m+[0m[0m security_group_id        = (known after apply)
      [32m+[0m[0m security_group_rule_id   = (known after apply)
      [32m+[0m[0m self                     = false
      [32m+[0m[0m source_security_group_id = (known after apply)
      [32m+[0m[0m to_port                  = 8082
      [32m+[0m[0m type                     = "ingress"
    }

[1m  # module.security_group.aws_security_group_rule.app_ingress_from_alb["trade"][0m will be created
[0m  [32m+[0m[0m resource "aws_security_group_rule" "app_ingress_from_alb" {
      [32m+[0m[0m from_port                = 8083
      [32m+[0m[0m id                       = (known after apply)
      [32m+[0m[0m protocol                 = "tcp"
      [32m+[0m[0m region                   = "ap-northeast-2"
      [32m+[0m[0m security_group_id        = (known after apply)
      [32m+[0m[0m security_group_rule_id   = (known after apply)
      [32m+[0m[0m self                     = false
      [32m+[0m[0m source_security_group_id = (known after apply)
      [32m+[0m[0m to_port                  = 8083
      [32m+[0m[0m type                     = "ingress"
    }

[1m  # module.security_group.aws_security_group_rule.app_ingress_from_alb["user"][0m will be created
[0m  [32m+[0m[0m resource "aws_security_group_rule" "app_ingress_from_alb" {
      [32m+[0m[0m from_port                = 8081
      [32m+[0m[0m id                       = (known after apply)
      [32m+[0m[0m protocol                 = "tcp"
      [32m+[0m[0m region                   = "ap-northeast-2"
      [32m+[0m[0m security_group_id        = (known after apply)
      [32m+[0m[0m security_group_rule_id   = (known after apply)
      [32m+[0m[0m self                     = false
      [32m+[0m[0m source_security_group_id = (known after apply)
      [32m+[0m[0m to_port                  = 8081
      [32m+[0m[0m type                     = "ingress"
    }

[1m  # module.security_group.aws_security_group_rule.app_ingress_self["order"][0m will be created
[0m  [32m+[0m[0m resource "aws_security_group_rule" "app_ingress_self" {
      [32m+[0m[0m from_port                = 0
      [32m+[0m[0m id                       = (known after apply)
      [32m+[0m[0m protocol                 = "-1"
      [32m+[0m[0m region                   = "ap-northeast-2"
      [32m+[0m[0m security_group_id        = (known after apply)
      [32m+[0m[0m security_group_rule_id   = (known after apply)
      [32m+[0m[0m self                     = true
      [32m+[0m[0m source_security_group_id = (known after apply)
      [32m+[0m[0m to_port                  = 0
      [32m+[0m[0m type                     = "ingress"
    }

[1m  # module.security_group.aws_security_group_rule.app_ingress_self["payment"][0m will be created
[0m  [32m+[0m[0m resource "aws_security_group_rule" "app_ingress_self" {
      [32m+[0m[0m from_port                = 0
      [32m+[0m[0m id                       = (known after apply)
      [32m+[0m[0m protocol                 = "-1"
      [32m+[0m[0m region                   = "ap-northeast-2"
      [32m+[0m[0m security_group_id        = (known after apply)
      [32m+[0m[0m security_group_rule_id   = (known after apply)
      [32m+[0m[0m self                     = true
      [32m+[0m[0m source_security_group_id = (known after apply)
      [32m+[0m[0m to_port                  = 0
      [32m+[0m[0m type                     = "ingress"
    }

[1m  # module.security_group.aws_security_group_rule.app_ingress_self["product"][0m will be created
[0m  [32m+[0m[0m resource "aws_security_group_rule" "app_ingress_self" {
      [32m+[0m[0m from_port                = 0
      [32m+[0m[0m id                       = (known after apply)
      [32m+[0m[0m protocol                 = "-1"
      [32m+[0m[0m region                   = "ap-northeast-2"
      [32m+[0m[0m security_group_id        = (known after apply)
      [32m+[0m[0m security_group_rule_id   = (known after apply)
      [32m+[0m[0m self                     = true
      [32m+[0m[0m source_security_group_id = (known after apply)
      [32m+[0m[0m to_port                  = 0
      [32m+[0m[0m type                     = "ingress"
    }

[1m  # module.security_group.aws_security_group_rule.app_ingress_self["trade"][0m will be created
[0m  [32m+[0m[0m resource "aws_security_group_rule" "app_ingress_self" {
      [32m+[0m[0m from_port                = 0
      [32m+[0m[0m id                       = (known after apply)
      [32m+[0m[0m protocol                 = "-1"
      [32m+[0m[0m region                   = "ap-northeast-2"
      [32m+[0m[0m security_group_id        = (known after apply)
      [32m+[0m[0m security_group_rule_id   = (known after apply)
      [32m+[0m[0m self                     = true
      [32m+[0m[0m source_security_group_id = (known after apply)
      [32m+[0m[0m to_port                  = 0
      [32m+[0m[0m type                     = "ingress"
    }

[1m  # module.security_group.aws_security_group_rule.app_ingress_self["user"][0m will be created
[0m  [32m+[0m[0m resource "aws_security_group_rule" "app_ingress_self" {
      [32m+[0m[0m from_port                = 0
      [32m+[0m[0m id                       = (known after apply)
      [32m+[0m[0m protocol                 = "-1"
      [32m+[0m[0m region                   = "ap-northeast-2"
      [32m+[0m[0m security_group_id        = (known after apply)
      [32m+[0m[0m security_group_rule_id   = (known after apply)
      [32m+[0m[0m self                     = true
      [32m+[0m[0m source_security_group_id = (known after apply)
      [32m+[0m[0m to_port                  = 0
      [32m+[0m[0m type                     = "ingress"
    }

[1m  # module.security_group.aws_security_group_rule.msk_ingress_from_app["order"][0m will be created
[0m  [32m+[0m[0m resource "aws_security_group_rule" "msk_ingress_from_app" {
      [32m+[0m[0m from_port                = 9094
      [32m+[0m[0m id                       = (known after apply)
      [32m+[0m[0m protocol                 = "tcp"
      [32m+[0m[0m region                   = "ap-northeast-2"
      [32m+[0m[0m security_group_id        = (known after apply)
      [32m+[0m[0m security_group_rule_id   = (known after apply)
      [32m+[0m[0m self                     = false
      [32m+[0m[0m source_security_group_id = (known after apply)
      [32m+[0m[0m to_port                  = 9094
      [32m+[0m[0m type                     = "ingress"
    }

[1m  # module.security_group.aws_security_group_rule.msk_ingress_from_app["payment"][0m will be created
[0m  [32m+[0m[0m resource "aws_security_group_rule" "msk_ingress_from_app" {
      [32m+[0m[0m from_port                = 9094
      [32m+[0m[0m id                       = (known after apply)
      [32m+[0m[0m protocol                 = "tcp"
      [32m+[0m[0m region                   = "ap-northeast-2"
      [32m+[0m[0m security_group_id        = (known after apply)
      [32m+[0m[0m security_group_rule_id   = (known after apply)
      [32m+[0m[0m self                     = false
      [32m+[0m[0m source_security_group_id = (known after apply)
      [32m+[0m[0m to_port                  = 9094
      [32m+[0m[0m type                     = "ingress"
    }

[1m  # module.security_group.aws_security_group_rule.msk_ingress_from_app["product"][0m will be created
[0m  [32m+[0m[0m resource "aws_security_group_rule" "msk_ingress_from_app" {
      [32m+[0m[0m from_port                = 9094
      [32m+[0m[0m id                       = (known after apply)
      [32m+[0m[0m protocol                 = "tcp"
      [32m+[0m[0m region                   = "ap-northeast-2"
      [32m+[0m[0m security_group_id        = (known after apply)
      [32m+[0m[0m security_group_rule_id   = (known after apply)
      [32m+[0m[0m self                     = false
      [32m+[0m[0m source_security_group_id = (known after apply)
      [32m+[0m[0m to_port                  = 9094
      [32m+[0m[0m type                     = "ingress"
    }

[1m  # module.security_group.aws_security_group_rule.msk_ingress_from_app["trade"][0m will be created
[0m  [32m+[0m[0m resource "aws_security_group_rule" "msk_ingress_from_app" {
      [32m+[0m[0m from_port                = 9094
      [32m+[0m[0m id                       = (known after apply)
      [32m+[0m[0m protocol                 = "tcp"
      [32m+[0m[0m region                   = "ap-northeast-2"
      [32m+[0m[0m security_group_id        = (known after apply)
      [32m+[0m[0m security_group_rule_id   = (known after apply)
      [32m+[0m[0m self                     = false
      [32m+[0m[0m source_security_group_id = (known after apply)
      [32m+[0m[0m to_port                  = 9094
      [32m+[0m[0m type                     = "ingress"
    }

[1m  # module.security_group.aws_security_group_rule.msk_ingress_from_app["user"][0m will be created
[0m  [32m+[0m[0m resource "aws_security_group_rule" "msk_ingress_from_app" {
      [32m+[0m[0m from_port                = 9094
      [32m+[0m[0m id                       = (known after apply)
      [32m+[0m[0m protocol                 = "tcp"
      [32m+[0m[0m region                   = "ap-northeast-2"
      [32m+[0m[0m security_group_id        = (known after apply)
      [32m+[0m[0m security_group_rule_id   = (known after apply)
      [32m+[0m[0m self                     = false
      [32m+[0m[0m source_security_group_id = (known after apply)
      [32m+[0m[0m to_port                  = 9094
      [32m+[0m[0m type                     = "ingress"
    }

[1m  # module.security_group.aws_security_group_rule.rds_ingress_from_app["order"][0m will be created
[0m  [32m+[0m[0m resource "aws_security_group_rule" "rds_ingress_from_app" {
      [32m+[0m[0m from_port                = 5432
      [32m+[0m[0m id                       = (known after apply)
      [32m+[0m[0m protocol                 = "tcp"
      [32m+[0m[0m region                   = "ap-northeast-2"
      [32m+[0m[0m security_group_id        = (known after apply)
      [32m+[0m[0m security_group_rule_id   = (known after apply)
      [32m+[0m[0m self                     = false
      [32m+[0m[0m source_security_group_id = (known after apply)
      [32m+[0m[0m to_port                  = 5432
      [32m+[0m[0m type                     = "ingress"
    }

[1m  # module.security_group.aws_security_group_rule.rds_ingress_from_app["payment"][0m will be created
[0m  [32m+[0m[0m resource "aws_security_group_rule" "rds_ingress_from_app" {
      [32m+[0m[0m from_port                = 5432
      [32m+[0m[0m id                       = (known after apply)
      [32m+[0m[0m protocol                 = "tcp"
      [32m+[0m[0m region                   = "ap-northeast-2"
      [32m+[0m[0m security_group_id        = (known after apply)
      [32m+[0m[0m security_group_rule_id   = (known after apply)
      [32m+[0m[0m self                     = false
      [32m+[0m[0m source_security_group_id = (known after apply)
      [32m+[0m[0m to_port                  = 5432
      [32m+[0m[0m type                     = "ingress"
    }

[1m  # module.security_group.aws_security_group_rule.rds_ingress_from_app["product"][0m will be created
[0m  [32m+[0m[0m resource "aws_security_group_rule" "rds_ingress_from_app" {
      [32m+[0m[0m from_port                = 5432
      [32m+[0m[0m id                       = (known after apply)
      [32m+[0m[0m protocol                 = "tcp"
      [32m+[0m[0m region                   = "ap-northeast-2"
      [32m+[0m[0m security_group_id        = (known after apply)
      [32m+[0m[0m security_group_rule_id   = (known after apply)
      [32m+[0m[0m self                     = false
      [32m+[0m[0m source_security_group_id = (known after apply)
      [32m+[0m[0m to_port                  = 5432
      [32m+[0m[0m type                     = "ingress"
    }

[1m  # module.security_group.aws_security_group_rule.rds_ingress_from_app["trade"][0m will be created
[0m  [32m+[0m[0m resource "aws_security_group_rule" "rds_ingress_from_app" {
      [32m+[0m[0m from_port                = 5432
      [32m+[0m[0m id                       = (known after apply)
      [32m+[0m[0m protocol                 = "tcp"
      [32m+[0m[0m region                   = "ap-northeast-2"
      [32m+[0m[0m security_group_id        = (known after apply)
      [32m+[0m[0m security_group_rule_id   = (known after apply)
      [32m+[0m[0m self                     = false
      [32m+[0m[0m source_security_group_id = (known after apply)
      [32m+[0m[0m to_port                  = 5432
      [32m+[0m[0m type                     = "ingress"
    }

[1m  # module.security_group.aws_security_group_rule.rds_ingress_from_app["user"][0m will be created
[0m  [32m+[0m[0m resource "aws_security_group_rule" "rds_ingress_from_app" {
      [32m+[0m[0m from_port                = 5432
      [32m+[0m[0m id                       = (known after apply)
      [32m+[0m[0m protocol                 = "tcp"
      [32m+[0m[0m region                   = "ap-northeast-2"
      [32m+[0m[0m security_group_id        = (known after apply)
      [32m+[0m[0m security_group_rule_id   = (known after apply)
      [32m+[0m[0m self                     = false
      [32m+[0m[0m source_security_group_id = (known after apply)
      [32m+[0m[0m to_port                  = 5432
      [32m+[0m[0m type                     = "ingress"
    }

[1m  # module.security_group.aws_security_group_rule.redis_ingress_from_app["order"][0m will be created
[0m  [32m+[0m[0m resource "aws_security_group_rule" "redis_ingress_from_app" {
      [32m+[0m[0m from_port                = 6379
      [32m+[0m[0m id                       = (known after apply)
      [32m+[0m[0m protocol                 = "tcp"
      [32m+[0m[0m region                   = "ap-northeast-2"
      [32m+[0m[0m security_group_id        = (known after apply)
      [32m+[0m[0m security_group_rule_id   = (known after apply)
      [32m+[0m[0m self                     = false
      [32m+[0m[0m source_security_group_id = (known after apply)
      [32m+[0m[0m to_port                  = 6379
      [32m+[0m[0m type                     = "ingress"
    }

[1m  # module.security_group.aws_security_group_rule.redis_ingress_from_app["payment"][0m will be created
[0m  [32m+[0m[0m resource "aws_security_group_rule" "redis_ingress_from_app" {
      [32m+[0m[0m from_port                = 6379
      [32m+[0m[0m id                       = (known after apply)
      [32m+[0m[0m protocol                 = "tcp"
      [32m+[0m[0m region                   = "ap-northeast-2"
      [32m+[0m[0m security_group_id        = (known after apply)
      [32m+[0m[0m security_group_rule_id   = (known after apply)
      [32m+[0m[0m self                     = false
      [32m+[0m[0m source_security_group_id = (known after apply)
      [32m+[0m[0m to_port                  = 6379
      [32m+[0m[0m type                     = "ingress"
    }

[1m  # module.security_group.aws_security_group_rule.redis_ingress_from_app["product"][0m will be created
[0m  [32m+[0m[0m resource "aws_security_group_rule" "redis_ingress_from_app" {
      [32m+[0m[0m from_port                = 6379
      [32m+[0m[0m id                       = (known after apply)
      [32m+[0m[0m protocol                 = "tcp"
      [32m+[0m[0m region                   = "ap-northeast-2"
      [32m+[0m[0m security_group_id        = (known after apply)
      [32m+[0m[0m security_group_rule_id   = (known after apply)
      [32m+[0m[0m self                     = false
      [32m+[0m[0m source_security_group_id = (known after apply)
      [32m+[0m[0m to_port                  = 6379
      [32m+[0m[0m type                     = "ingress"
    }

[1m  # module.security_group.aws_security_group_rule.redis_ingress_from_app["trade"][0m will be created
[0m  [32m+[0m[0m resource "aws_security_group_rule" "redis_ingress_from_app" {
      [32m+[0m[0m from_port                = 6379
      [32m+[0m[0m id                       = (known after apply)
      [32m+[0m[0m protocol                 = "tcp"
      [32m+[0m[0m region                   = "ap-northeast-2"
      [32m+[0m[0m security_group_id        = (known after apply)
      [32m+[0m[0m security_group_rule_id   = (known after apply)
      [32m+[0m[0m self                     = false
      [32m+[0m[0m source_security_group_id = (known after apply)
      [32m+[0m[0m to_port                  = 6379
      [32m+[0m[0m type                     = "ingress"
    }

[1m  # module.security_group.aws_security_group_rule.redis_ingress_from_app["user"][0m will be created
[0m  [32m+[0m[0m resource "aws_security_group_rule" "redis_ingress_from_app" {
      [32m+[0m[0m from_port                = 6379
      [32m+[0m[0m id                       = (known after apply)
      [32m+[0m[0m protocol                 = "tcp"
      [32m+[0m[0m region                   = "ap-northeast-2"
      [32m+[0m[0m security_group_id        = (known after apply)
      [32m+[0m[0m security_group_rule_id   = (known after apply)
      [32m+[0m[0m self                     = false
      [32m+[0m[0m source_security_group_id = (known after apply)
      [32m+[0m[0m to_port                  = 6379
      [32m+[0m[0m type                     = "ingress"
    }

[1m  # module.vpc.aws_eip.nat[0][0m will be created
[0m  [32m+[0m[0m resource "aws_eip" "nat" {
      [32m+[0m[0m allocation_id        = (known after apply)
      [32m+[0m[0m arn                  = (known after apply)
      [32m+[0m[0m association_id       = (known after apply)
      [32m+[0m[0m carrier_ip           = (known after apply)
      [32m+[0m[0m customer_owned_ip    = (known after apply)
      [32m+[0m[0m domain               = "vpc"
      [32m+[0m[0m id                   = (known after apply)
      [32m+[0m[0m instance             = (known after apply)
      [32m+[0m[0m ipam_pool_id         = (known after apply)
      [32m+[0m[0m network_border_group = (known after apply)
      [32m+[0m[0m network_interface    = (known after apply)
      [32m+[0m[0m private_dns          = (known after apply)
      [32m+[0m[0m private_ip           = (known after apply)
      [32m+[0m[0m ptr_record           = (known after apply)
      [32m+[0m[0m public_dns           = (known after apply)
      [32m+[0m[0m public_ip            = (known after apply)
      [32m+[0m[0m public_ipv4_pool     = (known after apply)
      [32m+[0m[0m region               = "ap-northeast-2"
      [32m+[0m[0m tags                 = {
          [32m+[0m[0m "Name" = "prod-nat-eip"
        }
      [32m+[0m[0m tags_all             = {
          [32m+[0m[0m "Name" = "prod-nat-eip"
        }
    }

[1m  # module.vpc.aws_internet_gateway.igw[0m will be created
[0m  [32m+[0m[0m resource "aws_internet_gateway" "igw" {
      [32m+[0m[0m arn      = (known after apply)
      [32m+[0m[0m id       = (known after apply)
      [32m+[0m[0m owner_id = (known after apply)
      [32m+[0m[0m region   = "ap-northeast-2"
      [32m+[0m[0m tags     = {
          [32m+[0m[0m "Name" = "prod-igw"
        }
      [32m+[0m[0m tags_all = {
          [32m+[0m[0m "Name" = "prod-igw"
        }
      [32m+[0m[0m vpc_id   = (known after apply)
    }

[1m  # module.vpc.aws_nat_gateway.main[0][0m will be created
[0m  [32m+[0m[0m resource "aws_nat_gateway" "main" {
      [32m+[0m[0m allocation_id                      = (known after apply)
      [32m+[0m[0m association_id                     = (known after apply)
      [32m+[0m[0m auto_provision_zones               = (known after apply)
      [32m+[0m[0m auto_scaling_ips                   = (known after apply)
      [32m+[0m[0m availability_mode                  = (known after apply)
      [32m+[0m[0m connectivity_type                  = "public"
      [32m+[0m[0m id                                 = (known after apply)
      [32m+[0m[0m network_interface_id               = (known after apply)
      [32m+[0m[0m private_ip                         = (known after apply)
      [32m+[0m[0m public_ip                          = (known after apply)
      [32m+[0m[0m region                             = "ap-northeast-2"
      [32m+[0m[0m regional_nat_gateway_address       = (known after apply)
      [32m+[0m[0m regional_nat_gateway_auto_mode     = (known after apply)
      [32m+[0m[0m route_table_id                     = (known after apply)
      [32m+[0m[0m secondary_allocation_ids           = (known after apply)
      [32m+[0m[0m secondary_private_ip_address_count = (known after apply)
      [32m+[0m[0m secondary_private_ip_addresses     = (known after apply)
      [32m+[0m[0m subnet_id                          = (known after apply)
      [32m+[0m[0m tags                               = {
          [32m+[0m[0m "Name" = "prod-nat"
        }
      [32m+[0m[0m tags_all                           = {
          [32m+[0m[0m "Name" = "prod-nat"
        }
      [32m+[0m[0m vpc_id                             = (known after apply)
    }

[1m  # module.vpc.aws_route.private_to_nat_gw[0][0m will be created
[0m  [32m+[0m[0m resource "aws_route" "private_to_nat_gw" {
      [32m+[0m[0m destination_cidr_block = "0.0.0.0/0"
      [32m+[0m[0m id                     = (known after apply)
      [32m+[0m[0m instance_id            = (known after apply)
      [32m+[0m[0m instance_owner_id      = (known after apply)
      [32m+[0m[0m nat_gateway_id         = (known after apply)
      [32m+[0m[0m network_interface_id   = (known after apply)
      [32m+[0m[0m origin                 = (known after apply)
      [32m+[0m[0m region                 = "ap-northeast-2"
      [32m+[0m[0m route_table_id         = (known after apply)
      [32m+[0m[0m state                  = (known after apply)
    }

[1m  # module.vpc.aws_route_table.private[0m will be created
[0m  [32m+[0m[0m resource "aws_route_table" "private" {
      [32m+[0m[0m arn              = (known after apply)
      [32m+[0m[0m id               = (known after apply)
      [32m+[0m[0m owner_id         = (known after apply)
      [32m+[0m[0m propagating_vgws = (known after apply)
      [32m+[0m[0m region           = "ap-northeast-2"
      [32m+[0m[0m route            = (known after apply)
      [32m+[0m[0m tags             = {
          [32m+[0m[0m "Name" = "unbox-prod-private-rt"
        }
      [32m+[0m[0m tags_all         = {
          [32m+[0m[0m "Name" = "unbox-prod-private-rt"
        }
      [32m+[0m[0m vpc_id           = (known after apply)
    }

[1m  # module.vpc.aws_route_table.public[0m will be created
[0m  [32m+[0m[0m resource "aws_route_table" "public" {
      [32m+[0m[0m arn              = (known after apply)
      [32m+[0m[0m id               = (known after apply)
      [32m+[0m[0m owner_id         = (known after apply)
      [32m+[0m[0m propagating_vgws = (known after apply)
      [32m+[0m[0m region           = "ap-northeast-2"
      [32m+[0m[0m route            = [
          [32m+[0m[0m {
              [32m+[0m[0m carrier_gateway_id         = ""
              [32m+[0m[0m cidr_block                 = "0.0.0.0/0"
              [32m+[0m[0m core_network_arn           = ""
              [32m+[0m[0m destination_prefix_list_id = ""
              [32m+[0m[0m egress_only_gateway_id     = ""
              [32m+[0m[0m gateway_id                 = (known after apply)
              [32m+[0m[0m ipv6_cidr_block            = ""
              [32m+[0m[0m local_gateway_id           = ""
              [32m+[0m[0m nat_gateway_id             = ""
              [32m+[0m[0m network_interface_id       = ""
              [32m+[0m[0m transit_gateway_id         = ""
              [32m+[0m[0m vpc_endpoint_id            = ""
              [32m+[0m[0m vpc_peering_connection_id  = ""
            },
        ]
      [32m+[0m[0m tags             = {
          [32m+[0m[0m "Name" = "unbox-prod-public-rt"
        }
      [32m+[0m[0m tags_all         = {
          [32m+[0m[0m "Name" = "unbox-prod-public-rt"
        }
      [32m+[0m[0m vpc_id           = (known after apply)
    }

[1m  # module.vpc.aws_route_table_association.app[0][0m will be created
[0m  [32m+[0m[0m resource "aws_route_table_association" "app" {
      [32m+[0m[0m id             = (known after apply)
      [32m+[0m[0m region         = "ap-northeast-2"
      [32m+[0m[0m route_table_id = (known after apply)
      [32m+[0m[0m subnet_id      = (known after apply)
    }

[1m  # module.vpc.aws_route_table_association.app[1][0m will be created
[0m  [32m+[0m[0m resource "aws_route_table_association" "app" {
      [32m+[0m[0m id             = (known after apply)
      [32m+[0m[0m region         = "ap-northeast-2"
      [32m+[0m[0m route_table_id = (known after apply)
      [32m+[0m[0m subnet_id      = (known after apply)
    }

[1m  # module.vpc.aws_route_table_association.db[0][0m will be created
[0m  [32m+[0m[0m resource "aws_route_table_association" "db" {
      [32m+[0m[0m id             = (known after apply)
      [32m+[0m[0m region         = "ap-northeast-2"
      [32m+[0m[0m route_table_id = (known after apply)
      [32m+[0m[0m subnet_id      = (known after apply)
    }

[1m  # module.vpc.aws_route_table_association.db[1][0m will be created
[0m  [32m+[0m[0m resource "aws_route_table_association" "db" {
      [32m+[0m[0m id             = (known after apply)
      [32m+[0m[0m region         = "ap-northeast-2"
      [32m+[0m[0m route_table_id = (known after apply)
      [32m+[0m[0m subnet_id      = (known after apply)
    }

[1m  # module.vpc.aws_route_table_association.public[0][0m will be created
[0m  [32m+[0m[0m resource "aws_route_table_association" "public" {
      [32m+[0m[0m id             = (known after apply)
      [32m+[0m[0m region         = "ap-northeast-2"
      [32m+[0m[0m route_table_id = (known after apply)
      [32m+[0m[0m subnet_id      = (known after apply)
    }

[1m  # module.vpc.aws_route_table_association.public[1][0m will be created
[0m  [32m+[0m[0m resource "aws_route_table_association" "public" {
      [32m+[0m[0m id             = (known after apply)
      [32m+[0m[0m region         = "ap-northeast-2"
      [32m+[0m[0m route_table_id = (known after apply)
      [32m+[0m[0m subnet_id      = (known after apply)
    }

[1m  # module.vpc.aws_subnet.app[0][0m will be created
[0m  [32m+[0m[0m resource "aws_subnet" "app" {
      [32m+[0m[0m arn                                            = (known after apply)
      [32m+[0m[0m assign_ipv6_address_on_creation                = false
      [32m+[0m[0m availability_zone                              = "ap-northeast-2a"
      [32m+[0m[0m availability_zone_id                           = (known after apply)
      [32m+[0m[0m cidr_block                                     = "10.0.11.0/24"
      [32m+[0m[0m enable_dns64                                   = false
      [32m+[0m[0m enable_resource_name_dns_a_record_on_launch    = false
      [32m+[0m[0m enable_resource_name_dns_aaaa_record_on_launch = false
      [32m+[0m[0m id                                             = (known after apply)
      [32m+[0m[0m ipv6_cidr_block_association_id                 = (known after apply)
      [32m+[0m[0m ipv6_native                                    = false
      [32m+[0m[0m map_public_ip_on_launch                        = false
      [32m+[0m[0m owner_id                                       = (known after apply)
      [32m+[0m[0m private_dns_hostname_type_on_launch            = (known after apply)
      [32m+[0m[0m region                                         = "ap-northeast-2"
      [32m+[0m[0m tags                                           = {
          [32m+[0m[0m "Name" = "prod-app-ap-northeast-2a"
        }
      [32m+[0m[0m tags_all                                       = {
          [32m+[0m[0m "Name" = "prod-app-ap-northeast-2a"
        }
      [32m+[0m[0m vpc_id                                         = (known after apply)
    }

[1m  # module.vpc.aws_subnet.app[1][0m will be created
[0m  [32m+[0m[0m resource "aws_subnet" "app" {
      [32m+[0m[0m arn                                            = (known after apply)
      [32m+[0m[0m assign_ipv6_address_on_creation                = false
      [32m+[0m[0m availability_zone                              = "ap-northeast-2c"
      [32m+[0m[0m availability_zone_id                           = (known after apply)
      [32m+[0m[0m cidr_block                                     = "10.0.12.0/24"
      [32m+[0m[0m enable_dns64                                   = false
      [32m+[0m[0m enable_resource_name_dns_a_record_on_launch    = false
      [32m+[0m[0m enable_resource_name_dns_aaaa_record_on_launch = false
      [32m+[0m[0m id                                             = (known after apply)
      [32m+[0m[0m ipv6_cidr_block_association_id                 = (known after apply)
      [32m+[0m[0m ipv6_native                                    = false
      [32m+[0m[0m map_public_ip_on_launch                        = false
      [32m+[0m[0m owner_id                                       = (known after apply)
      [32m+[0m[0m private_dns_hostname_type_on_launch            = (known after apply)
      [32m+[0m[0m region                                         = "ap-northeast-2"
      [32m+[0m[0m tags                                           = {
          [32m+[0m[0m "Name" = "prod-app-ap-northeast-2c"
        }
      [32m+[0m[0m tags_all                                       = {
          [32m+[0m[0m "Name" = "prod-app-ap-northeast-2c"
        }
      [32m+[0m[0m vpc_id                                         = (known after apply)
    }

[1m  # module.vpc.aws_subnet.db[0][0m will be created
[0m  [32m+[0m[0m resource "aws_subnet" "db" {
      [32m+[0m[0m arn                                            = (known after apply)
      [32m+[0m[0m assign_ipv6_address_on_creation                = false
      [32m+[0m[0m availability_zone                              = "ap-northeast-2a"
      [32m+[0m[0m availability_zone_id                           = (known after apply)
      [32m+[0m[0m cidr_block                                     = "10.0.21.0/24"
      [32m+[0m[0m enable_dns64                                   = false
      [32m+[0m[0m enable_resource_name_dns_a_record_on_launch    = false
      [32m+[0m[0m enable_resource_name_dns_aaaa_record_on_launch = false
      [32m+[0m[0m id                                             = (known after apply)
      [32m+[0m[0m ipv6_cidr_block_association_id                 = (known after apply)
      [32m+[0m[0m ipv6_native                                    = false
      [32m+[0m[0m map_public_ip_on_launch                        = false
      [32m+[0m[0m owner_id                                       = (known after apply)
      [32m+[0m[0m private_dns_hostname_type_on_launch            = (known after apply)
      [32m+[0m[0m region                                         = "ap-northeast-2"
      [32m+[0m[0m tags                                           = {
          [32m+[0m[0m "Name" = "prod-db-ap-northeast-2a"
        }
      [32m+[0m[0m tags_all                                       = {
          [32m+[0m[0m "Name" = "prod-db-ap-northeast-2a"
        }
      [32m+[0m[0m vpc_id                                         = (known after apply)
    }

[1m  # module.vpc.aws_subnet.db[1][0m will be created
[0m  [32m+[0m[0m resource "aws_subnet" "db" {
      [32m+[0m[0m arn                                            = (known after apply)
      [32m+[0m[0m assign_ipv6_address_on_creation                = false
      [32m+[0m[0m availability_zone                              = "ap-northeast-2c"
      [32m+[0m[0m availability_zone_id                           = (known after apply)
      [32m+[0m[0m cidr_block                                     = "10.0.22.0/24"
      [32m+[0m[0m enable_dns64                                   = false
      [32m+[0m[0m enable_resource_name_dns_a_record_on_launch    = false
      [32m+[0m[0m enable_resource_name_dns_aaaa_record_on_launch = false
      [32m+[0m[0m id                                             = (known after apply)
      [32m+[0m[0m ipv6_cidr_block_association_id                 = (known after apply)
      [32m+[0m[0m ipv6_native                                    = false
      [32m+[0m[0m map_public_ip_on_launch                        = false
      [32m+[0m[0m owner_id                                       = (known after apply)
      [32m+[0m[0m private_dns_hostname_type_on_launch            = (known after apply)
      [32m+[0m[0m region                                         = "ap-northeast-2"
      [32m+[0m[0m tags                                           = {
          [32m+[0m[0m "Name" = "prod-db-ap-northeast-2c"
        }
      [32m+[0m[0m tags_all                                       = {
          [32m+[0m[0m "Name" = "prod-db-ap-northeast-2c"
        }
      [32m+[0m[0m vpc_id                                         = (known after apply)
    }

[1m  # module.vpc.aws_subnet.public[0][0m will be created
[0m  [32m+[0m[0m resource "aws_subnet" "public" {
      [32m+[0m[0m arn                                            = (known after apply)
      [32m+[0m[0m assign_ipv6_address_on_creation                = false
      [32m+[0m[0m availability_zone                              = "ap-northeast-2a"
      [32m+[0m[0m availability_zone_id                           = (known after apply)
      [32m+[0m[0m cidr_block                                     = "10.0.1.0/24"
      [32m+[0m[0m enable_dns64                                   = false
      [32m+[0m[0m enable_resource_name_dns_a_record_on_launch    = false
      [32m+[0m[0m enable_resource_name_dns_aaaa_record_on_launch = false
      [32m+[0m[0m id                                             = (known after apply)
      [32m+[0m[0m ipv6_cidr_block_association_id                 = (known after apply)
      [32m+[0m[0m ipv6_native                                    = false
      [32m+[0m[0m map_public_ip_on_launch                        = true
      [32m+[0m[0m owner_id                                       = (known after apply)
      [32m+[0m[0m private_dns_hostname_type_on_launch            = (known after apply)
      [32m+[0m[0m region                                         = "ap-northeast-2"
      [32m+[0m[0m tags                                           = {
          [32m+[0m[0m "Name" = "prod-public-ap-northeast-2a"
        }
      [32m+[0m[0m tags_all                                       = {
          [32m+[0m[0m "Name" = "prod-public-ap-northeast-2a"
        }
      [32m+[0m[0m vpc_id                                         = (known after apply)
    }

[1m  # module.vpc.aws_subnet.public[1][0m will be created
[0m  [32m+[0m[0m resource "aws_subnet" "public" {
      [32m+[0m[0m arn                                            = (known after apply)
      [32m+[0m[0m assign_ipv6_address_on_creation                = false
      [32m+[0m[0m availability_zone                              = "ap-northeast-2c"
      [32m+[0m[0m availability_zone_id                           = (known after apply)
      [32m+[0m[0m cidr_block                                     = "10.0.2.0/24"
      [32m+[0m[0m enable_dns64                                   = false
      [32m+[0m[0m enable_resource_name_dns_a_record_on_launch    = false
      [32m+[0m[0m enable_resource_name_dns_aaaa_record_on_launch = false
      [32m+[0m[0m id                                             = (known after apply)
      [32m+[0m[0m ipv6_cidr_block_association_id                 = (known after apply)
      [32m+[0m[0m ipv6_native                                    = false
      [32m+[0m[0m map_public_ip_on_launch                        = true
      [32m+[0m[0m owner_id                                       = (known after apply)
      [32m+[0m[0m private_dns_hostname_type_on_launch            = (known after apply)
      [32m+[0m[0m region                                         = "ap-northeast-2"
      [32m+[0m[0m tags                                           = {
          [32m+[0m[0m "Name" = "prod-public-ap-northeast-2c"
        }
      [32m+[0m[0m tags_all                                       = {
          [32m+[0m[0m "Name" = "prod-public-ap-northeast-2c"
        }
      [32m+[0m[0m vpc_id                                         = (known after apply)
    }

[1m  # module.vpc.aws_vpc.main[0m will be created
[0m  [32m+[0m[0m resource "aws_vpc" "main" {
      [32m+[0m[0m arn                                  = (known after apply)
      [32m+[0m[0m cidr_block                           = "10.0.0.0/16"
      [32m+[0m[0m default_network_acl_id               = (known after apply)
      [32m+[0m[0m default_route_table_id               = (known after apply)
      [32m+[0m[0m default_security_group_id            = (known after apply)
      [32m+[0m[0m dhcp_options_id                      = (known after apply)
      [32m+[0m[0m enable_dns_hostnames                 = true
      [32m+[0m[0m enable_dns_support                   = true
      [32m+[0m[0m enable_network_address_usage_metrics = (known after apply)
      [32m+[0m[0m id                                   = (known after apply)
      [32m+[0m[0m instance_tenancy                     = "default"
      [32m+[0m[0m ipv6_association_id                  = (known after apply)
      [32m+[0m[0m ipv6_cidr_block                      = (known after apply)
      [32m+[0m[0m ipv6_cidr_block_network_border_group = (known after apply)
      [32m+[0m[0m main_route_table_id                  = (known after apply)
      [32m+[0m[0m owner_id                             = (known after apply)
      [32m+[0m[0m region                               = "ap-northeast-2"
      [32m+[0m[0m tags                                 = {
          [32m+[0m[0m "Name" = "unbox-prod-vpc"
        }
      [32m+[0m[0m tags_all                             = {
          [32m+[0m[0m "Name" = "unbox-prod-vpc"
        }
    }

[1mPlan:[0m 200 to add, 0 to change, 0 to destroy.
[0m
Changes to Outputs:
  [32m+[0m[0m alb_address                 = (known after apply)
  [32m+[0m[0m ecs_task_execution_role_arn = (known after apply)
  [32m+[0m[0m ecs_task_role_arn           = (known after apply)
  [32m+[0m[0m kms_key_arn                 = "arn:aws:kms:ap-northeast-2:632941626317:key/5c877775-e0f7-40cd-998f-d27ae7eb28a7"
  [32m+[0m[0m msk_bootstrap_brokers       = (known after apply)
  [32m+[0m[0m rds_endpoints               = {
      [32m+[0m[0m order   = (known after apply)
      [32m+[0m[0m payment = (known after apply)
      [32m+[0m[0m product = (known after apply)
      [32m+[0m[0m trade   = (known after apply)
      [32m+[0m[0m user    = (known after apply)
    }
  [32m+[0m[0m redis_primary_endpoint      = (known after apply)
  [32m+[0m[0m vpc_id                      = (known after apply)
[90m
─────────────────────────────────────────────────────────────────────────────[0m

Note: You didn't use the -out option to save this plan, so Terraform can't
guarantee to take exactly these actions if you run "terraform apply" now.
